// !$*UTF8*$!
{
	archiveVersion = 1;
	classes = {
	};
	objectVersion = 56;
	objects = {

/* Begin PBXBuildFile section */
		0139160A8806B8F73DBEF86C /* Pods_RSAC.framework in Frameworks */ = {isa = PBXBuildFile; fileRef = 8348D075D9682BE578FF06DB /* Pods_RSAC.framework */; };
		82194AE62B5E8D68009FEF7D /* Observation.swift in Sources */ = {isa = PBXBuildFile; fileRef = 82194AE52B5E8D68009FEF7D /* Observation.swift */; };
		822BF9042B4C0B75003A141C /* viewSiteStage.swift in Sources */ = {isa = PBXBuildFile; fileRef = 822BF9032B4C0B75003A141C /* viewSiteStage.swift */; };
		82445D0A2B00FF7D00319605 /* createSiteData.swift in Sources */ = {isa = PBXBuildFile; fileRef = 82445D092B00FF7D00319605 /* createSiteData.swift */; };
		82445D0C2B0100A000319605 /* createSite.swift in Sources */ = {isa = PBXBuildFile; fileRef = 82445D0B2B0100A000319605 /* createSite.swift */; };
		827DFF4F2B0E185600029EDE /* PDFkit.swift in Sources */ = {isa = PBXBuildFile; fileRef = 827DFF4E2B0E185600029EDE /* PDFkit.swift */; };
		827DFF512B0E1BD300029EDE /* viewPDF.swift in Sources */ = {isa = PBXBuildFile; fileRef = 827DFF502B0E1BD300029EDE /* viewPDF.swift */; };
		8293110D2B0390CA006F4694 /* viewSiteSnaps.swift in Sources */ = {isa = PBXBuildFile; fileRef = 8293110C2B0390CA006F4694 /* viewSiteSnaps.swift */; };
		829311102B039128006F4694 /* viewSiteSnapsCell.swift in Sources */ = {isa = PBXBuildFile; fileRef = 8293110F2B039128006F4694 /* viewSiteSnapsCell.swift */; };
		8297CFFD2B6F594100450513 /* Road-audit.png in Resources */ = {isa = PBXBuildFile; fileRef = 8297CFFC2B6F594100450513 /* Road-audit.png */; };
		8297D0022B70F99700450513 /* iPhone 14 _ 15 Pro Max - 1 (19).png in Resources */ = {isa = PBXBuildFile; fileRef = 8297D0012B70F99700450513 /* iPhone 14 _ 15 Pro Max - 1 (19).png */; };
		8297D0042B70F9B500450513 /* iPhone-14-_-15-Pro-Max---1-(19).jpg in Resources */ = {isa = PBXBuildFile; fileRef = 8297D0032B70F9B500450513 /* iPhone-14-_-15-Pro-Max---1-(19).jpg */; };
		8297D0062B74F41100450513 /* signatureViewController.swift in Sources */ = {isa = PBXBuildFile; fileRef = 8297D0052B74F41100450513 /* signatureViewController.swift */; };
		82B023212B612AAE00DA87A3 /* addSiteDetails.swift in Sources */ = {isa = PBXBuildFile; fileRef = 82B023202B612AAE00DA87A3 /* addSiteDetails.swift */; };
		82BC45452B67BAA600FB2650 /* settingsPage.swift in Sources */ = {isa = PBXBuildFile; fileRef = 82BC45442B67BAA600FB2650 /* settingsPage.swift */; };
		82D527F32B7654D000A9655D /* whiteBackdrop.png in Resources */ = {isa = PBXBuildFile; fileRef = 82D527F22B7654D000A9655D /* whiteBackdrop.png */; };
		82D527F52B8ABB5C00A9655D /* versionControl.rtf in Resources */ = {isa = PBXBuildFile; fileRef = 82D527F42B8ABB5C00A9655D /* versionControl.rtf */; };
		82E4A82D2AFCE0A800BE1D8B /* AppDelegate.swift in Sources */ = {isa = PBXBuildFile; fileRef = 82E4A82C2AFCE0A800BE1D8B /* AppDelegate.swift */; };
		82E4A82F2AFCE0A800BE1D8B /* SceneDelegate.swift in Sources */ = {isa = PBXBuildFile; fileRef = 82E4A82E2AFCE0A800BE1D8B /* SceneDelegate.swift */; };
		82E4A8312AFCE0A800BE1D8B /* ViewController.swift in Sources */ = {isa = PBXBuildFile; fileRef = 82E4A8302AFCE0A800BE1D8B /* ViewController.swift */; };
		82E4A8342AFCE0A800BE1D8B /* Main.storyboard in Resources */ = {isa = PBXBuildFile; fileRef = 82E4A8322AFCE0A800BE1D8B /* Main.storyboard */; };
		82E4A8362AFCE0AA00BE1D8B /* Assets.xcassets in Resources */ = {isa = PBXBuildFile; fileRef = 82E4A8352AFCE0AA00BE1D8B /* Assets.xcassets */; };
		82E4A8392AFCE0AA00BE1D8B /* LaunchScreen.storyboard in Resources */ = {isa = PBXBuildFile; fileRef = 82E4A8372AFCE0AA00BE1D8B /* LaunchScreen.storyboard */; };
		82E4A8442AFCE0AA00BE1D8B /* RSACTests.swift in Sources */ = {isa = PBXBuildFile; fileRef = 82E4A8432AFCE0AA00BE1D8B /* RSACTests.swift */; };
		82E4A84E2AFCE0AA00BE1D8B /* RSACUITests.swift in Sources */ = {isa = PBXBuildFile; fileRef = 82E4A84D2AFCE0AA00BE1D8B /* RSACUITests.swift */; };
		82E4A8502AFCE0AA00BE1D8B /* RSACUITestsLaunchTests.swift in Sources */ = {isa = PBXBuildFile; fileRef = 82E4A84F2AFCE0AA00BE1D8B /* RSACUITestsLaunchTests.swift */; };
		82E4A8872AFCE54400BE1D8B /* Save.swift in Sources */ = {isa = PBXBuildFile; fileRef = 82E4A85F2AFCE54200BE1D8B /* Save.swift */; };
		82E4A8882AFCE54400BE1D8B /* Load.swift in Sources */ = {isa = PBXBuildFile; fileRef = 82E4A8602AFCE54200BE1D8B /* Load.swift */; };
		82E4A8892AFCE54400BE1D8B /* auditCell.swift in Sources */ = {isa = PBXBuildFile; fileRef = 82E4A8622AFCE54300BE1D8B /* auditCell.swift */; };
		82E4A88A2AFCE54400BE1D8B /* mainSearchView.swift in Sources */ = {isa = PBXBuildFile; fileRef = 82E4A8632AFCE54300BE1D8B /* mainSearchView.swift */; };
		82E4A88B2AFCE54400BE1D8B /* searchList.swift in Sources */ = {isa = PBXBuildFile; fileRef = 82E4A8642AFCE54300BE1D8B /* searchList.swift */; };
		82E4A88C2AFCE54400BE1D8B /* auditHeader.swift in Sources */ = {isa = PBXBuildFile; fileRef = 82E4A8652AFCE54300BE1D8B /* auditHeader.swift */; };
		82E4A88D2AFCE54400BE1D8B /* SignUpControllerItems.swift in Sources */ = {isa = PBXBuildFile; fileRef = 82E4A8682AFCE54300BE1D8B /* SignUpControllerItems.swift */; };
		82E4A88E2AFCE54400BE1D8B /* SignUpController.swift in Sources */ = {isa = PBXBuildFile; fileRef = 82E4A8692AFCE54300BE1D8B /* SignUpController.swift */; };
		82E4A88F2AFCE54400BE1D8B /* InitialSignUp.swift in Sources */ = {isa = PBXBuildFile; fileRef = 82E4A86A2AFCE54300BE1D8B /* InitialSignUp.swift */; };
		82E4A8902AFCE54400BE1D8B /* DP.swift in Sources */ = {isa = PBXBuildFile; fileRef = 82E4A86C2AFCE54300BE1D8B /* DP.swift */; };
		82E4A8912AFCE54400BE1D8B /* userData.swift in Sources */ = {isa = PBXBuildFile; fileRef = 82E4A86D2AFCE54300BE1D8B /* userData.swift */; };
		82E4A8922AFCE54400BE1D8B /* Alerts.swift in Sources */ = {isa = PBXBuildFile; fileRef = 82E4A86E2AFCE54300BE1D8B /* Alerts.swift */; };
		82E4A8932AFCE54400BE1D8B /* newUser.swift in Sources */ = {isa = PBXBuildFile; fileRef = 82E4A8702AFCE54300BE1D8B /* newUser.swift */; };
		82E4A8942AFCE54400BE1D8B /* fundsAvaliable.swift in Sources */ = {isa = PBXBuildFile; fileRef = 82E4A8712AFCE54300BE1D8B /* fundsAvaliable.swift */; };
		82E4A8952AFCE54400BE1D8B /* LogIn.swift in Sources */ = {isa = PBXBuildFile; fileRef = 82E4A8732AFCE54300BE1D8B /* LogIn.swift */; };
		82E4A8962AFCE54400BE1D8B /* locationExtension.swift in Sources */ = {isa = PBXBuildFile; fileRef = 82E4A8752AFCE54400BE1D8B /* locationExtension.swift */; };
		82E4A8972AFCE54400BE1D8B /* locationView.swift in Sources */ = {isa = PBXBuildFile; fileRef = 82E4A8762AFCE54400BE1D8B /* locationView.swift */; };
		82E4A8982AFCE54400BE1D8B /* scopeDecription.swift in Sources */ = {isa = PBXBuildFile; fileRef = 82E4A8772AFCE54400BE1D8B /* scopeDecription.swift */; };
		82E4A8992AFCE54400BE1D8B /* createAudit.swift in Sources */ = {isa = PBXBuildFile; fileRef = 82E4A8782AFCE54400BE1D8B /* createAudit.swift */; };
		82E4A89A2AFCE54400BE1D8B /* CategoryTableViewController.swift in Sources */ = {isa = PBXBuildFile; fileRef = 82E4A8792AFCE54400BE1D8B /* CategoryTableViewController.swift */; };
		82E4A89B2AFCE54400BE1D8B /* newAuditData.swift in Sources */ = {isa = PBXBuildFile; fileRef = 82E4A87B2AFCE54400BE1D8B /* newAuditData.swift */; };
		82E4A89C2AFCE54400BE1D8B /* addAuditSites.swift in Sources */ = {isa = PBXBuildFile; fileRef = 82E4A87D2AFCE54400BE1D8B /* addAuditSites.swift */; };
		82E4A89D2AFCE54400BE1D8B /* viewAuditHeaderMap.swift in Sources */ = {isa = PBXBuildFile; fileRef = 82E4A87F2AFCE54400BE1D8B /* viewAuditHeaderMap.swift */; };
		82E4A89E2AFCE54400BE1D8B /* viewAuditCell.swift in Sources */ = {isa = PBXBuildFile; fileRef = 82E4A8802AFCE54400BE1D8B /* viewAuditCell.swift */; };
		82E4A89F2AFCE54400BE1D8B /* viewAuditList.swift in Sources */ = {isa = PBXBuildFile; fileRef = 82E4A8812AFCE54400BE1D8B /* viewAuditList.swift */; };
		82E4A8A02AFCE54400BE1D8B /* addDescription.swift in Sources */ = {isa = PBXBuildFile; fileRef = 82E4A8822AFCE54400BE1D8B /* addDescription.swift */; };
		82E4A8A12AFCE54400BE1D8B /* detailsCell.swift in Sources */ = {isa = PBXBuildFile; fileRef = 82E4A8832AFCE54400BE1D8B /* detailsCell.swift */; };
		82E4A8A22AFCE54400BE1D8B /* addLocationExtension.swift in Sources */ = {isa = PBXBuildFile; fileRef = 82E4A8842AFCE54400BE1D8B /* addLocationExtension.swift */; };
		82E4A8A32AFCE54400BE1D8B /* auditSiteData.swift in Sources */ = {isa = PBXBuildFile; fileRef = 82E4A8862AFCE54400BE1D8B /* auditSiteData.swift */; };
		82E4A8A52AFCE54D00BE1D8B /* extensionFiles.swift in Sources */ = {isa = PBXBuildFile; fileRef = 82E4A8A42AFCE54D00BE1D8B /* extensionFiles.swift */; };
		82E4A8A82AFCE55500BE1D8B /* firebase_logo_icon_168209.png in Resources */ = {isa = PBXBuildFile; fileRef = 82E4A8A62AFCE55400BE1D8B /* firebase_logo_icon_168209.png */; };
		82E4A8A92AFCE55500BE1D8B /* man.png in Resources */ = {isa = PBXBuildFile; fileRef = 82E4A8A72AFCE55500BE1D8B /* man.png */; };
		82E4A8AB2AFCE7F600BE1D8B /* GoogleService-Info.plist in Resources */ = {isa = PBXBuildFile; fileRef = 82E4A8AA2AFCE7F600BE1D8B /* GoogleService-Info.plist */; };
		C131521118F6E218013AFD58 /* Pods_RSACTests.framework in Frameworks */ = {isa = PBXBuildFile; fileRef = 06A96D1B47885569966ABCA3 /* Pods_RSACTests.framework */; };
		FD89080BFE28FEE347FC28A9 /* Pods_RSAC_RSACUITests.framework in Frameworks */ = {isa = PBXBuildFile; fileRef = 9B6B5DF398EABFA7A5CB225F /* Pods_RSAC_RSACUITests.framework */; };
/* End PBXBuildFile section */

/* Begin PBXContainerItemProxy section */
		82E4A8402AFCE0AA00BE1D8B /* PBXContainerItemProxy */ = {
			isa = PBXContainerItemProxy;
			containerPortal = 82E4A8212AFCE0A800BE1D8B /* Project object */;
			proxyType = 1;
			remoteGlobalIDString = 82E4A8282AFCE0A800BE1D8B;
			remoteInfo = RSAC;
		};
		82E4A84A2AFCE0AA00BE1D8B /* PBXContainerItemProxy */ = {
			isa = PBXContainerItemProxy;
			containerPortal = 82E4A8212AFCE0A800BE1D8B /* Project object */;
			proxyType = 1;
			remoteGlobalIDString = 82E4A8282AFCE0A800BE1D8B;
			remoteInfo = RSAC;
		};
/* End PBXContainerItemProxy section */

/* Begin PBXFileReference section */
		06A96D1B47885569966ABCA3 /* Pods_RSACTests.framework */ = {isa = PBXFileReference; explicitFileType = wrapper.framework; includeInIndex = 0; path = Pods_RSACTests.framework; sourceTree = BUILT_PRODUCTS_DIR; };
		1B437F435A4512DCCFB7023B /* Pods-RSAC-RSACUITests.debug.xcconfig */ = {isa = PBXFileReference; includeInIndex = 1; lastKnownFileType = text.xcconfig; name = "Pods-RSAC-RSACUITests.debug.xcconfig"; path = "Target Support Files/Pods-RSAC-RSACUITests/Pods-RSAC-RSACUITests.debug.xcconfig"; sourceTree = "<group>"; };
		1E4E71F1426298B5A8EAD9D8 /* Pods-RSACTests.release.xcconfig */ = {isa = PBXFileReference; includeInIndex = 1; lastKnownFileType = text.xcconfig; name = "Pods-RSACTests.release.xcconfig"; path = "Target Support Files/Pods-RSACTests/Pods-RSACTests.release.xcconfig"; sourceTree = "<group>"; };
		82194AE52B5E8D68009FEF7D /* Observation.swift */ = {isa = PBXFileReference; lastKnownFileType = sourcecode.swift; path = Observation.swift; sourceTree = "<group>"; };
		822BF9032B4C0B75003A141C /* viewSiteStage.swift */ = {isa = PBXFileReference; lastKnownFileType = sourcecode.swift; path = viewSiteStage.swift; sourceTree = "<group>"; };
		82445D092B00FF7D00319605 /* createSiteData.swift */ = {isa = PBXFileReference; lastKnownFileType = sourcecode.swift; path = createSiteData.swift; sourceTree = "<group>"; };
		82445D0B2B0100A000319605 /* createSite.swift */ = {isa = PBXFileReference; lastKnownFileType = sourcecode.swift; path = createSite.swift; sourceTree = "<group>"; };
		827DFF4E2B0E185600029EDE /* PDFkit.swift */ = {isa = PBXFileReference; lastKnownFileType = sourcecode.swift; path = PDFkit.swift; sourceTree = "<group>"; };
		827DFF502B0E1BD300029EDE /* viewPDF.swift */ = {isa = PBXFileReference; lastKnownFileType = sourcecode.swift; path = viewPDF.swift; sourceTree = "<group>"; };
		8293110C2B0390CA006F4694 /* viewSiteSnaps.swift */ = {isa = PBXFileReference; lastKnownFileType = sourcecode.swift; path = viewSiteSnaps.swift; sourceTree = "<group>"; };
		8293110F2B039128006F4694 /* viewSiteSnapsCell.swift */ = {isa = PBXFileReference; fileEncoding = 4; lastKnownFileType = sourcecode.swift; path = viewSiteSnapsCell.swift; sourceTree = "<group>"; };
		8297CFFC2B6F594100450513 /* Road-audit.png */ = {isa = PBXFileReference; lastKnownFileType = image.png; path = "Road-audit.png"; sourceTree = "<group>"; };
		8297D0012B70F99700450513 /* iPhone 14 _ 15 Pro Max - 1 (19).png */ = {isa = PBXFileReference; lastKnownFileType = image.png; path = "iPhone 14 _ 15 Pro Max - 1 (19).png"; sourceTree = "<group>"; };
		8297D0032B70F9B500450513 /* iPhone-14-_-15-Pro-Max---1-(19).jpg */ = {isa = PBXFileReference; lastKnownFileType = image.jpeg; path = "iPhone-14-_-15-Pro-Max---1-(19).jpg"; sourceTree = "<group>"; };
		8297D0052B74F41100450513 /* signatureViewController.swift */ = {isa = PBXFileReference; lastKnownFileType = sourcecode.swift; path = signatureViewController.swift; sourceTree = "<group>"; };
		82B023202B612AAE00DA87A3 /* addSiteDetails.swift */ = {isa = PBXFileReference; lastKnownFileType = sourcecode.swift; path = addSiteDetails.swift; sourceTree = "<group>"; };
		82BC45442B67BAA600FB2650 /* settingsPage.swift */ = {isa = PBXFileReference; lastKnownFileType = sourcecode.swift; path = settingsPage.swift; sourceTree = "<group>"; };
		82D527F22B7654D000A9655D /* whiteBackdrop.png */ = {isa = PBXFileReference; lastKnownFileType = image.png; path = whiteBackdrop.png; sourceTree = "<group>"; };
		82D527F42B8ABB5C00A9655D /* versionControl.rtf */ = {isa = PBXFileReference; lastKnownFileType = text.rtf; path = versionControl.rtf; sourceTree = "<group>"; };
		82E4A8292AFCE0A800BE1D8B /* RSAC.app */ = {isa = PBXFileReference; explicitFileType = wrapper.application; includeInIndex = 0; path = RSAC.app; sourceTree = BUILT_PRODUCTS_DIR; };
		82E4A82C2AFCE0A800BE1D8B /* AppDelegate.swift */ = {isa = PBXFileReference; lastKnownFileType = sourcecode.swift; path = AppDelegate.swift; sourceTree = "<group>"; };
		82E4A82E2AFCE0A800BE1D8B /* SceneDelegate.swift */ = {isa = PBXFileReference; lastKnownFileType = sourcecode.swift; path = SceneDelegate.swift; sourceTree = "<group>"; };
		82E4A8302AFCE0A800BE1D8B /* ViewController.swift */ = {isa = PBXFileReference; lastKnownFileType = sourcecode.swift; path = ViewController.swift; sourceTree = "<group>"; };
		82E4A8332AFCE0A800BE1D8B /* Base */ = {isa = PBXFileReference; lastKnownFileType = file.storyboard; name = Base; path = Base.lproj/Main.storyboard; sourceTree = "<group>"; };
		82E4A8352AFCE0AA00BE1D8B /* Assets.xcassets */ = {isa = PBXFileReference; lastKnownFileType = folder.assetcatalog; path = Assets.xcassets; sourceTree = "<group>"; };
		82E4A8382AFCE0AA00BE1D8B /* Base */ = {isa = PBXFileReference; lastKnownFileType = file.storyboard; name = Base; path = Base.lproj/LaunchScreen.storyboard; sourceTree = "<group>"; };
		82E4A83A2AFCE0AA00BE1D8B /* Info.plist */ = {isa = PBXFileReference; lastKnownFileType = text.plist.xml; path = Info.plist; sourceTree = "<group>"; };
		82E4A83F2AFCE0AA00BE1D8B /* RSACTests.xctest */ = {isa = PBXFileReference; explicitFileType = wrapper.cfbundle; includeInIndex = 0; path = RSACTests.xctest; sourceTree = BUILT_PRODUCTS_DIR; };
		82E4A8432AFCE0AA00BE1D8B /* RSACTests.swift */ = {isa = PBXFileReference; lastKnownFileType = sourcecode.swift; path = RSACTests.swift; sourceTree = "<group>"; };
		82E4A8492AFCE0AA00BE1D8B /* RSACUITests.xctest */ = {isa = PBXFileReference; explicitFileType = wrapper.cfbundle; includeInIndex = 0; path = RSACUITests.xctest; sourceTree = BUILT_PRODUCTS_DIR; };
		82E4A84D2AFCE0AA00BE1D8B /* RSACUITests.swift */ = {isa = PBXFileReference; lastKnownFileType = sourcecode.swift; path = RSACUITests.swift; sourceTree = "<group>"; };
		82E4A84F2AFCE0AA00BE1D8B /* RSACUITestsLaunchTests.swift */ = {isa = PBXFileReference; lastKnownFileType = sourcecode.swift; path = RSACUITestsLaunchTests.swift; sourceTree = "<group>"; };
		82E4A85F2AFCE54200BE1D8B /* Save.swift */ = {isa = PBXFileReference; fileEncoding = 4; lastKnownFileType = sourcecode.swift; path = Save.swift; sourceTree = "<group>"; };
		82E4A8602AFCE54200BE1D8B /* Load.swift */ = {isa = PBXFileReference; fileEncoding = 4; lastKnownFileType = sourcecode.swift; path = Load.swift; sourceTree = "<group>"; };
		82E4A8622AFCE54300BE1D8B /* auditCell.swift */ = {isa = PBXFileReference; fileEncoding = 4; lastKnownFileType = sourcecode.swift; path = auditCell.swift; sourceTree = "<group>"; };
		82E4A8632AFCE54300BE1D8B /* mainSearchView.swift */ = {isa = PBXFileReference; fileEncoding = 4; lastKnownFileType = sourcecode.swift; path = mainSearchView.swift; sourceTree = "<group>"; };
		82E4A8642AFCE54300BE1D8B /* searchList.swift */ = {isa = PBXFileReference; fileEncoding = 4; lastKnownFileType = sourcecode.swift; path = searchList.swift; sourceTree = "<group>"; };
		82E4A8652AFCE54300BE1D8B /* auditHeader.swift */ = {isa = PBXFileReference; fileEncoding = 4; lastKnownFileType = sourcecode.swift; path = auditHeader.swift; sourceTree = "<group>"; };
		82E4A8682AFCE54300BE1D8B /* SignUpControllerItems.swift */ = {isa = PBXFileReference; fileEncoding = 4; lastKnownFileType = sourcecode.swift; path = SignUpControllerItems.swift; sourceTree = "<group>"; };
		82E4A8692AFCE54300BE1D8B /* SignUpController.swift */ = {isa = PBXFileReference; fileEncoding = 4; lastKnownFileType = sourcecode.swift; path = SignUpController.swift; sourceTree = "<group>"; };
		82E4A86A2AFCE54300BE1D8B /* InitialSignUp.swift */ = {isa = PBXFileReference; fileEncoding = 4; lastKnownFileType = sourcecode.swift; path = InitialSignUp.swift; sourceTree = "<group>"; };
		82E4A86C2AFCE54300BE1D8B /* DP.swift */ = {isa = PBXFileReference; fileEncoding = 4; lastKnownFileType = sourcecode.swift; path = DP.swift; sourceTree = "<group>"; };
		82E4A86D2AFCE54300BE1D8B /* userData.swift */ = {isa = PBXFileReference; fileEncoding = 4; lastKnownFileType = sourcecode.swift; path = userData.swift; sourceTree = "<group>"; };
		82E4A86E2AFCE54300BE1D8B /* Alerts.swift */ = {isa = PBXFileReference; fileEncoding = 4; lastKnownFileType = sourcecode.swift; path = Alerts.swift; sourceTree = "<group>"; };
		82E4A8702AFCE54300BE1D8B /* newUser.swift */ = {isa = PBXFileReference; fileEncoding = 4; lastKnownFileType = sourcecode.swift; path = newUser.swift; sourceTree = "<group>"; };
		82E4A8712AFCE54300BE1D8B /* fundsAvaliable.swift */ = {isa = PBXFileReference; fileEncoding = 4; lastKnownFileType = sourcecode.swift; path = fundsAvaliable.swift; sourceTree = "<group>"; };
		82E4A8732AFCE54300BE1D8B /* LogIn.swift */ = {isa = PBXFileReference; fileEncoding = 4; lastKnownFileType = sourcecode.swift; path = LogIn.swift; sourceTree = "<group>"; };
		82E4A8752AFCE54400BE1D8B /* locationExtension.swift */ = {isa = PBXFileReference; fileEncoding = 4; lastKnownFileType = sourcecode.swift; path = locationExtension.swift; sourceTree = "<group>"; };
		82E4A8762AFCE54400BE1D8B /* locationView.swift */ = {isa = PBXFileReference; fileEncoding = 4; lastKnownFileType = sourcecode.swift; path = locationView.swift; sourceTree = "<group>"; };
		82E4A8772AFCE54400BE1D8B /* scopeDecription.swift */ = {isa = PBXFileReference; fileEncoding = 4; lastKnownFileType = sourcecode.swift; path = scopeDecription.swift; sourceTree = "<group>"; };
		82E4A8782AFCE54400BE1D8B /* createAudit.swift */ = {isa = PBXFileReference; fileEncoding = 4; lastKnownFileType = sourcecode.swift; path = createAudit.swift; sourceTree = "<group>"; };
		82E4A8792AFCE54400BE1D8B /* CategoryTableViewController.swift */ = {isa = PBXFileReference; fileEncoding = 4; lastKnownFileType = sourcecode.swift; path = CategoryTableViewController.swift; sourceTree = "<group>"; };
		82E4A87B2AFCE54400BE1D8B /* newAuditData.swift */ = {isa = PBXFileReference; fileEncoding = 4; lastKnownFileType = sourcecode.swift; path = newAuditData.swift; sourceTree = "<group>"; };
		82E4A87D2AFCE54400BE1D8B /* addAuditSites.swift */ = {isa = PBXFileReference; fileEncoding = 4; lastKnownFileType = sourcecode.swift; path = addAuditSites.swift; sourceTree = "<group>"; };
		82E4A87F2AFCE54400BE1D8B /* viewAuditHeaderMap.swift */ = {isa = PBXFileReference; fileEncoding = 4; lastKnownFileType = sourcecode.swift; path = viewAuditHeaderMap.swift; sourceTree = "<group>"; };
		82E4A8802AFCE54400BE1D8B /* viewAuditCell.swift */ = {isa = PBXFileReference; fileEncoding = 4; lastKnownFileType = sourcecode.swift; path = viewAuditCell.swift; sourceTree = "<group>"; };
		82E4A8812AFCE54400BE1D8B /* viewAuditList.swift */ = {isa = PBXFileReference; fileEncoding = 4; lastKnownFileType = sourcecode.swift; path = viewAuditList.swift; sourceTree = "<group>"; };
		82E4A8822AFCE54400BE1D8B /* addDescription.swift */ = {isa = PBXFileReference; fileEncoding = 4; lastKnownFileType = sourcecode.swift; path = addDescription.swift; sourceTree = "<group>"; };
		82E4A8832AFCE54400BE1D8B /* detailsCell.swift */ = {isa = PBXFileReference; fileEncoding = 4; lastKnownFileType = sourcecode.swift; path = detailsCell.swift; sourceTree = "<group>"; };
		82E4A8842AFCE54400BE1D8B /* addLocationExtension.swift */ = {isa = PBXFileReference; fileEncoding = 4; lastKnownFileType = sourcecode.swift; path = addLocationExtension.swift; sourceTree = "<group>"; };
		82E4A8862AFCE54400BE1D8B /* auditSiteData.swift */ = {isa = PBXFileReference; fileEncoding = 4; lastKnownFileType = sourcecode.swift; path = auditSiteData.swift; sourceTree = "<group>"; };
		82E4A8A42AFCE54D00BE1D8B /* extensionFiles.swift */ = {isa = PBXFileReference; fileEncoding = 4; lastKnownFileType = sourcecode.swift; path = extensionFiles.swift; sourceTree = "<group>"; };
		82E4A8A62AFCE55400BE1D8B /* firebase_logo_icon_168209.png */ = {isa = PBXFileReference; lastKnownFileType = image.png; path = firebase_logo_icon_168209.png; sourceTree = "<group>"; };
		82E4A8A72AFCE55500BE1D8B /* man.png */ = {isa = PBXFileReference; lastKnownFileType = image.png; path = man.png; sourceTree = "<group>"; };
		82E4A8AA2AFCE7F600BE1D8B /* GoogleService-Info.plist */ = {isa = PBXFileReference; fileEncoding = 4; lastKnownFileType = text.plist.xml; path = "GoogleService-Info.plist"; sourceTree = "<group>"; };
		8348D075D9682BE578FF06DB /* Pods_RSAC.framework */ = {isa = PBXFileReference; explicitFileType = wrapper.framework; includeInIndex = 0; path = Pods_RSAC.framework; sourceTree = BUILT_PRODUCTS_DIR; };
		8B3CB19F07F73A3520EB373C /* Pods-RSACTests.debug.xcconfig */ = {isa = PBXFileReference; includeInIndex = 1; lastKnownFileType = text.xcconfig; name = "Pods-RSACTests.debug.xcconfig"; path = "Target Support Files/Pods-RSACTests/Pods-RSACTests.debug.xcconfig"; sourceTree = "<group>"; };
		9B6B5DF398EABFA7A5CB225F /* Pods_RSAC_RSACUITests.framework */ = {isa = PBXFileReference; explicitFileType = wrapper.framework; includeInIndex = 0; path = Pods_RSAC_RSACUITests.framework; sourceTree = BUILT_PRODUCTS_DIR; };
		B1B3F03198D34AEB3C0EBD33 /* Pods-RSAC.debug.xcconfig */ = {isa = PBXFileReference; includeInIndex = 1; lastKnownFileType = text.xcconfig; name = "Pods-RSAC.debug.xcconfig"; path = "Target Support Files/Pods-RSAC/Pods-RSAC.debug.xcconfig"; sourceTree = "<group>"; };
		CAEC0380A10636FCA183EF30 /* Pods-RSAC-RSACUITests.release.xcconfig */ = {isa = PBXFileReference; includeInIndex = 1; lastKnownFileType = text.xcconfig; name = "Pods-RSAC-RSACUITests.release.xcconfig"; path = "Target Support Files/Pods-RSAC-RSACUITests/Pods-RSAC-RSACUITests.release.xcconfig"; sourceTree = "<group>"; };
		E6DF1304E96678E61F26514B /* Pods-RSAC.release.xcconfig */ = {isa = PBXFileReference; includeInIndex = 1; lastKnownFileType = text.xcconfig; name = "Pods-RSAC.release.xcconfig"; path = "Target Support Files/Pods-RSAC/Pods-RSAC.release.xcconfig"; sourceTree = "<group>"; };
/* End PBXFileReference section */

/* Begin PBXFrameworksBuildPhase section */
		82E4A8262AFCE0A800BE1D8B /* Frameworks */ = {
			isa = PBXFrameworksBuildPhase;
			buildActionMask = 2147483647;
			files = (
				0139160A8806B8F73DBEF86C /* Pods_RSAC.framework in Frameworks */,
			);
			runOnlyForDeploymentPostprocessing = 0;
		};
		82E4A83C2AFCE0AA00BE1D8B /* Frameworks */ = {
			isa = PBXFrameworksBuildPhase;
			buildActionMask = 2147483647;
			files = (
				C131521118F6E218013AFD58 /* Pods_RSACTests.framework in Frameworks */,
			);
			runOnlyForDeploymentPostprocessing = 0;
		};
		82E4A8462AFCE0AA00BE1D8B /* Frameworks */ = {
			isa = PBXFrameworksBuildPhase;
			buildActionMask = 2147483647;
			files = (
				FD89080BFE28FEE347FC28A9 /* Pods_RSAC_RSACUITests.framework in Frameworks */,
			);
			runOnlyForDeploymentPostprocessing = 0;
		};
/* End PBXFrameworksBuildPhase section */

/* Begin PBXGroup section */
		71A566996DE2FD7BBBE95C14 /* Pods */ = {
			isa = PBXGroup;
			children = (
				B1B3F03198D34AEB3C0EBD33 /* Pods-RSAC.debug.xcconfig */,
				E6DF1304E96678E61F26514B /* Pods-RSAC.release.xcconfig */,
				1B437F435A4512DCCFB7023B /* Pods-RSAC-RSACUITests.debug.xcconfig */,
				CAEC0380A10636FCA183EF30 /* Pods-RSAC-RSACUITests.release.xcconfig */,
				8B3CB19F07F73A3520EB373C /* Pods-RSACTests.debug.xcconfig */,
				1E4E71F1426298B5A8EAD9D8 /* Pods-RSACTests.release.xcconfig */,
			);
			path = Pods;
			sourceTree = "<group>";
		};
		82194AE72B5FA606009FEF7D /* ss - Observation as a Collection */ = {
			isa = PBXGroup;
			children = (
				8293110C2B0390CA006F4694 /* viewSiteSnaps.swift */,
				8293110F2B039128006F4694 /* viewSiteSnapsCell.swift */,
			);
			path = "ss - Observation as a Collection";
			sourceTree = "<group>";
		};
		82445D082B00FF6400319605 /* addSite */ = {
			isa = PBXGroup;
			children = (
				82445D0B2B0100A000319605 /* createSite.swift */,
				82445D0D2B0242D000319605 /* createSite Data Model */,
				82E4A87D2AFCE54400BE1D8B /* addAuditSites.swift */,
				82B023202B612AAE00DA87A3 /* addSiteDetails.swift */,
				82E4A8852AFCE54400BE1D8B /* addAuditSites Data Model */,
				82194AE52B5E8D68009FEF7D /* Observation.swift */,
				827DFF4E2B0E185600029EDE /* PDFkit.swift */,
				827DFF502B0E1BD300029EDE /* viewPDF.swift */,
				82194AE72B5FA606009FEF7D /* ss - Observation as a Collection */,
				82445D0E2B0242E000319605 /* support */,
			);
			path = addSite;
			sourceTree = "<group>";
		};
		82445D0D2B0242D000319605 /* createSite Data Model */ = {
			isa = PBXGroup;
			children = (
				82445D092B00FF7D00319605 /* createSiteData.swift */,
			);
			path = "createSite Data Model";
			sourceTree = "<group>";
		};
		82445D0E2B0242E000319605 /* support */ = {
			isa = PBXGroup;
			children = (
				82E4A8822AFCE54400BE1D8B /* addDescription.swift */,
				82E4A8842AFCE54400BE1D8B /* addLocationExtension.swift */,
				82E4A8832AFCE54400BE1D8B /* detailsCell.swift */,
			);
			path = support;
			sourceTree = "<group>";
		};
		82BC45432B67BA7300FB2650 /* settings */ = {
			isa = PBXGroup;
			children = (
				82BC45442B67BAA600FB2650 /* settingsPage.swift */,
				8297D0052B74F41100450513 /* signatureViewController.swift */,
			);
			path = settings;
			sourceTree = "<group>";
		};
		82E4A8202AFCE0A800BE1D8B = {
			isa = PBXGroup;
			children = (
				82D527F42B8ABB5C00A9655D /* versionControl.rtf */,
				82E4A8A42AFCE54D00BE1D8B /* extensionFiles.swift */,
				82E4A82B2AFCE0A800BE1D8B /* RSAC */,
				82E4A8422AFCE0AA00BE1D8B /* RSACTests */,
				82E4A84C2AFCE0AA00BE1D8B /* RSACUITests */,
				82E4A82A2AFCE0A800BE1D8B /* Products */,
				71A566996DE2FD7BBBE95C14 /* Pods */,
				AF1B16C85FC1FF2B880782BF /* Frameworks */,
			);
			sourceTree = "<group>";
		};
		82E4A82A2AFCE0A800BE1D8B /* Products */ = {
			isa = PBXGroup;
			children = (
				82E4A8292AFCE0A800BE1D8B /* RSAC.app */,
				82E4A83F2AFCE0AA00BE1D8B /* RSACTests.xctest */,
				82E4A8492AFCE0AA00BE1D8B /* RSACUITests.xctest */,
			);
			name = Products;
			sourceTree = "<group>";
		};
		82E4A82B2AFCE0A800BE1D8B /* RSAC */ = {
			isa = PBXGroup;
			children = (
				82BC45432B67BA7300FB2650 /* settings */,
				82E4A85E2AFCE54200BE1D8B /* Firebase */,
				82E4A8662AFCE54300BE1D8B /* InitalView */,
				82E4A8612AFCE54300BE1D8B /* auditList */,
				82E4A8742AFCE54400BE1D8B /* createNewAudit */,
				82E4A87C2AFCE54400BE1D8B /* viewAudit */,
				82E4A82C2AFCE0A800BE1D8B /* AppDelegate.swift */,
				82E4A82E2AFCE0A800BE1D8B /* SceneDelegate.swift */,
				82E4A8302AFCE0A800BE1D8B /* ViewController.swift */,
				82E4A8322AFCE0A800BE1D8B /* Main.storyboard */,
				82E4A8352AFCE0AA00BE1D8B /* Assets.xcassets */,
				82E4A8372AFCE0AA00BE1D8B /* LaunchScreen.storyboard */,
				82E4A8A62AFCE55400BE1D8B /* firebase_logo_icon_168209.png */,
				82E4A8A72AFCE55500BE1D8B /* man.png */,
				82E4A83A2AFCE0AA00BE1D8B /* Info.plist */,
				82E4A8AA2AFCE7F600BE1D8B /* GoogleService-Info.plist */,
				82D527F22B7654D000A9655D /* whiteBackdrop.png */,
				8297CFFC2B6F594100450513 /* Road-audit.png */,
				8297D0032B70F9B500450513 /* iPhone-14-_-15-Pro-Max---1-(19).jpg */,
				8297D0012B70F99700450513 /* iPhone 14 _ 15 Pro Max - 1 (19).png */,
			);
			path = RSAC;
			sourceTree = "<group>";
		};
		82E4A8422AFCE0AA00BE1D8B /* RSACTests */ = {
			isa = PBXGroup;
			children = (
				82E4A8432AFCE0AA00BE1D8B /* RSACTests.swift */,
			);
			path = RSACTests;
			sourceTree = "<group>";
		};
		82E4A84C2AFCE0AA00BE1D8B /* RSACUITests */ = {
			isa = PBXGroup;
			children = (
				82E4A84D2AFCE0AA00BE1D8B /* RSACUITests.swift */,
				82E4A84F2AFCE0AA00BE1D8B /* RSACUITestsLaunchTests.swift */,
			);
			path = RSACUITests;
			sourceTree = "<group>";
		};
		82E4A85E2AFCE54200BE1D8B /* Firebase */ = {
			isa = PBXGroup;
			children = (
				82E4A85F2AFCE54200BE1D8B /* Save.swift */,
				82E4A8602AFCE54200BE1D8B /* Load.swift */,
			);
			path = Firebase;
			sourceTree = "<group>";
		};
		82E4A8612AFCE54300BE1D8B /* auditList */ = {
			isa = PBXGroup;
			children = (
				82E4A8622AFCE54300BE1D8B /* auditCell.swift */,
				82E4A8632AFCE54300BE1D8B /* mainSearchView.swift */,
				82E4A8642AFCE54300BE1D8B /* searchList.swift */,
				82E4A8652AFCE54300BE1D8B /* auditHeader.swift */,
			);
			path = auditList;
			sourceTree = "<group>";
		};
		82E4A8662AFCE54300BE1D8B /* InitalView */ = {
			isa = PBXGroup;
			children = (
				82E4A8672AFCE54300BE1D8B /* SignUp */,
				82E4A8722AFCE54300BE1D8B /* LogIn */,
			);
			path = InitalView;
			sourceTree = "<group>";
		};
		82E4A8672AFCE54300BE1D8B /* SignUp */ = {
			isa = PBXGroup;
			children = (
				82E4A8682AFCE54300BE1D8B /* SignUpControllerItems.swift */,
				82E4A8692AFCE54300BE1D8B /* SignUpController.swift */,
				82E4A86A2AFCE54300BE1D8B /* InitialSignUp.swift */,
				82E4A86B2AFCE54300BE1D8B /* functions */,
				82E4A86F2AFCE54300BE1D8B /* dataModel */,
			);
			path = SignUp;
			sourceTree = "<group>";
		};
		82E4A86B2AFCE54300BE1D8B /* functions */ = {
			isa = PBXGroup;
			children = (
				82E4A86C2AFCE54300BE1D8B /* DP.swift */,
				82E4A86D2AFCE54300BE1D8B /* userData.swift */,
				82E4A86E2AFCE54300BE1D8B /* Alerts.swift */,
			);
			path = functions;
			sourceTree = "<group>";
		};
		82E4A86F2AFCE54300BE1D8B /* dataModel */ = {
			isa = PBXGroup;
			children = (
				82E4A8702AFCE54300BE1D8B /* newUser.swift */,
				82E4A8712AFCE54300BE1D8B /* fundsAvaliable.swift */,
			);
			path = dataModel;
			sourceTree = "<group>";
		};
		82E4A8722AFCE54300BE1D8B /* LogIn */ = {
			isa = PBXGroup;
			children = (
				82E4A8732AFCE54300BE1D8B /* LogIn.swift */,
			);
			path = LogIn;
			sourceTree = "<group>";
		};
		82E4A8742AFCE54400BE1D8B /* createNewAudit */ = {
			isa = PBXGroup;
			children = (
				82E4A8752AFCE54400BE1D8B /* locationExtension.swift */,
				82E4A8762AFCE54400BE1D8B /* locationView.swift */,
				82E4A8772AFCE54400BE1D8B /* scopeDecription.swift */,
				82E4A8782AFCE54400BE1D8B /* createAudit.swift */,
				82E4A8792AFCE54400BE1D8B /* CategoryTableViewController.swift */,
				82E4A87A2AFCE54400BE1D8B /* data model */,
			);
			path = createNewAudit;
			sourceTree = "<group>";
		};
		82E4A87A2AFCE54400BE1D8B /* data model */ = {
			isa = PBXGroup;
			children = (
				82E4A87B2AFCE54400BE1D8B /* newAuditData.swift */,
			);
			path = "data model";
			sourceTree = "<group>";
		};
		82E4A87C2AFCE54400BE1D8B /* viewAudit */ = {
			isa = PBXGroup;
			children = (
				82E4A87E2AFCE54400BE1D8B /* viewAudit */,
				82445D082B00FF6400319605 /* addSite */,
			);
			path = viewAudit;
			sourceTree = "<group>";
		};
		82E4A87E2AFCE54400BE1D8B /* viewAudit */ = {
			isa = PBXGroup;
			children = (
				82E4A87F2AFCE54400BE1D8B /* viewAuditHeaderMap.swift */,
				82E4A8802AFCE54400BE1D8B /* viewAuditCell.swift */,
				822BF9032B4C0B75003A141C /* viewSiteStage.swift */,
				82E4A8812AFCE54400BE1D8B /* viewAuditList.swift */,
			);
			path = viewAudit;
			sourceTree = "<group>";
		};
		82E4A8852AFCE54400BE1D8B /* addAuditSites Data Model */ = {
			isa = PBXGroup;
			children = (
				82E4A8862AFCE54400BE1D8B /* auditSiteData.swift */,
			);
			path = "addAuditSites Data Model";
			sourceTree = "<group>";
		};
		AF1B16C85FC1FF2B880782BF /* Frameworks */ = {
			isa = PBXGroup;
			children = (
				8348D075D9682BE578FF06DB /* Pods_RSAC.framework */,
				9B6B5DF398EABFA7A5CB225F /* Pods_RSAC_RSACUITests.framework */,
				06A96D1B47885569966ABCA3 /* Pods_RSACTests.framework */,
			);
			name = Frameworks;
			sourceTree = "<group>";
		};
/* End PBXGroup section */

/* Begin PBXNativeTarget section */
		82E4A8282AFCE0A800BE1D8B /* RSAC */ = {
			isa = PBXNativeTarget;
			buildConfigurationList = 82E4A8532AFCE0AA00BE1D8B /* Build configuration list for PBXNativeTarget "RSAC" */;
			buildPhases = (
				6F251B64A103F90B9B8BCC1F /* [CP] Check Pods Manifest.lock */,
				82E4A8252AFCE0A800BE1D8B /* Sources */,
				82E4A8262AFCE0A800BE1D8B /* Frameworks */,
				82E4A8272AFCE0A800BE1D8B /* Resources */,
				8297CFFE2B6F5A9800450513 /* ShellScript */,
				C69D5393A8596B2294D094F9 /* [CP] Embed Pods Frameworks */,
			);
			buildRules = (
			);
			dependencies = (
			);
			name = RSAC;
			productName = RSAC;
			productReference = 82E4A8292AFCE0A800BE1D8B /* RSAC.app */;
			productType = "com.apple.product-type.application";
		};
		82E4A83E2AFCE0AA00BE1D8B /* RSACTests */ = {
			isa = PBXNativeTarget;
			buildConfigurationList = 82E4A8562AFCE0AA00BE1D8B /* Build configuration list for PBXNativeTarget "RSACTests" */;
			buildPhases = (
				A58A929423FBAD0D5C995A6B /* [CP] Check Pods Manifest.lock */,
				82E4A83B2AFCE0AA00BE1D8B /* Sources */,
				82E4A83C2AFCE0AA00BE1D8B /* Frameworks */,
				82E4A83D2AFCE0AA00BE1D8B /* Resources */,
			);
			buildRules = (
			);
			dependencies = (
				82E4A8412AFCE0AA00BE1D8B /* PBXTargetDependency */,
			);
			name = RSACTests;
			productName = RSACTests;
			productReference = 82E4A83F2AFCE0AA00BE1D8B /* RSACTests.xctest */;
			productType = "com.apple.product-type.bundle.unit-test";
		};
		82E4A8482AFCE0AA00BE1D8B /* RSACUITests */ = {
			isa = PBXNativeTarget;
			buildConfigurationList = 82E4A8592AFCE0AA00BE1D8B /* Build configuration list for PBXNativeTarget "RSACUITests" */;
			buildPhases = (
				13A1A3AF4D1C3C92D89C17CB /* [CP] Check Pods Manifest.lock */,
				82E4A8452AFCE0AA00BE1D8B /* Sources */,
				82E4A8462AFCE0AA00BE1D8B /* Frameworks */,
				82E4A8472AFCE0AA00BE1D8B /* Resources */,
				A33064743ACAFABFC024C58E /* [CP] Embed Pods Frameworks */,
			);
			buildRules = (
			);
			dependencies = (
				82E4A84B2AFCE0AA00BE1D8B /* PBXTargetDependency */,
			);
			name = RSACUITests;
			productName = RSACUITests;
			productReference = 82E4A8492AFCE0AA00BE1D8B /* RSACUITests.xctest */;
			productType = "com.apple.product-type.bundle.ui-testing";
		};
/* End PBXNativeTarget section */

/* Begin PBXProject section */
		82E4A8212AFCE0A800BE1D8B /* Project object */ = {
			isa = PBXProject;
			attributes = {
				BuildIndependentTargetsInParallel = 1;
				LastSwiftUpdateCheck = 1430;
				LastUpgradeCheck = 1430;
				TargetAttributes = {
					82E4A8282AFCE0A800BE1D8B = {
						CreatedOnToolsVersion = 14.3.1;
					};
					82E4A83E2AFCE0AA00BE1D8B = {
						CreatedOnToolsVersion = 14.3.1;
						TestTargetID = 82E4A8282AFCE0A800BE1D8B;
					};
					82E4A8482AFCE0AA00BE1D8B = {
						CreatedOnToolsVersion = 14.3.1;
						TestTargetID = 82E4A8282AFCE0A800BE1D8B;
					};
				};
			};
			buildConfigurationList = 82E4A8242AFCE0A800BE1D8B /* Build configuration list for PBXProject "RSAC" */;
			compatibilityVersion = "Xcode 14.0";
			developmentRegion = en;
			hasScannedForEncodings = 0;
			knownRegions = (
				en,
				Base,
			);
			mainGroup = 82E4A8202AFCE0A800BE1D8B;
			productRefGroup = 82E4A82A2AFCE0A800BE1D8B /* Products */;
			projectDirPath = "";
			projectRoot = "";
			targets = (
				82E4A8282AFCE0A800BE1D8B /* RSAC */,
				82E4A83E2AFCE0AA00BE1D8B /* RSACTests */,
				82E4A8482AFCE0AA00BE1D8B /* RSACUITests */,
			);
		};
/* End PBXProject section */

/* Begin PBXResourcesBuildPhase section */
		82E4A8272AFCE0A800BE1D8B /* Resources */ = {
			isa = PBXResourcesBuildPhase;
			buildActionMask = 2147483647;
			files = (
				82D527F52B8ABB5C00A9655D /* versionControl.rtf in Resources */,
				82E4A8A92AFCE55500BE1D8B /* man.png in Resources */,
				82D527F32B7654D000A9655D /* whiteBackdrop.png in Resources */,
				8297D0042B70F9B500450513 /* iPhone-14-_-15-Pro-Max---1-(19).jpg in Resources */,
				8297CFFD2B6F594100450513 /* Road-audit.png in Resources */,
				82E4A8392AFCE0AA00BE1D8B /* LaunchScreen.storyboard in Resources */,
				82E4A8362AFCE0AA00BE1D8B /* Assets.xcassets in Resources */,
				82E4A8AB2AFCE7F600BE1D8B /* GoogleService-Info.plist in Resources */,
				8297D0022B70F99700450513 /* iPhone 14 _ 15 Pro Max - 1 (19).png in Resources */,
				82E4A8342AFCE0A800BE1D8B /* Main.storyboard in Resources */,
				82E4A8A82AFCE55500BE1D8B /* firebase_logo_icon_168209.png in Resources */,
			);
			runOnlyForDeploymentPostprocessing = 0;
		};
		82E4A83D2AFCE0AA00BE1D8B /* Resources */ = {
			isa = PBXResourcesBuildPhase;
			buildActionMask = 2147483647;
			files = (
			);
			runOnlyForDeploymentPostprocessing = 0;
		};
		82E4A8472AFCE0AA00BE1D8B /* Resources */ = {
			isa = PBXResourcesBuildPhase;
			buildActionMask = 2147483647;
			files = (
			);
			runOnlyForDeploymentPostprocessing = 0;
		};
/* End PBXResourcesBuildPhase section */

/* Begin PBXShellScriptBuildPhase section */
		13A1A3AF4D1C3C92D89C17CB /* [CP] Check Pods Manifest.lock */ = {
			isa = PBXShellScriptBuildPhase;
			buildActionMask = 2147483647;
			files = (
			);
			inputFileListPaths = (
			);
			inputPaths = (
				"${PODS_PODFILE_DIR_PATH}/Podfile.lock",
				"${PODS_ROOT}/Manifest.lock",
			);
			name = "[CP] Check Pods Manifest.lock";
			outputFileListPaths = (
			);
			outputPaths = (
				"$(DERIVED_FILE_DIR)/Pods-RSAC-RSACUITests-checkManifestLockResult.txt",
			);
			runOnlyForDeploymentPostprocessing = 0;
			shellPath = /bin/sh;
			shellScript = "diff \"${PODS_PODFILE_DIR_PATH}/Podfile.lock\" \"${PODS_ROOT}/Manifest.lock\" > /dev/null\nif [ $? != 0 ] ; then\n    # print error to STDERR\n    echo \"error: The sandbox is not in sync with the Podfile.lock. Run 'pod install' or update your CocoaPods installation.\" >&2\n    exit 1\nfi\n# This output is used by Xcode 'outputs' to avoid re-running this script phase.\necho \"SUCCESS\" > \"${SCRIPT_OUTPUT_FILE_0}\"\n";
			showEnvVarsInLog = 0;
		};
		6F251B64A103F90B9B8BCC1F /* [CP] Check Pods Manifest.lock */ = {
			isa = PBXShellScriptBuildPhase;
			buildActionMask = 2147483647;
			files = (
			);
			inputFileListPaths = (
			);
			inputPaths = (
				"${PODS_PODFILE_DIR_PATH}/Podfile.lock",
				"${PODS_ROOT}/Manifest.lock",
			);
			name = "[CP] Check Pods Manifest.lock";
			outputFileListPaths = (
			);
			outputPaths = (
				"$(DERIVED_FILE_DIR)/Pods-RSAC-checkManifestLockResult.txt",
			);
			runOnlyForDeploymentPostprocessing = 0;
			shellPath = /bin/sh;
			shellScript = "diff \"${PODS_PODFILE_DIR_PATH}/Podfile.lock\" \"${PODS_ROOT}/Manifest.lock\" > /dev/null\nif [ $? != 0 ] ; then\n    # print error to STDERR\n    echo \"error: The sandbox is not in sync with the Podfile.lock. Run 'pod install' or update your CocoaPods installation.\" >&2\n    exit 1\nfi\n# This output is used by Xcode 'outputs' to avoid re-running this script phase.\necho \"SUCCESS\" > \"${SCRIPT_OUTPUT_FILE_0}\"\n";
			showEnvVarsInLog = 0;
		};
		8297CFFE2B6F5A9800450513 /* ShellScript */ = {
			isa = PBXShellScriptBuildPhase;
			buildActionMask = 8;
			files = (
			);
			inputFileListPaths = (
			);
			inputPaths = (
			);
			outputFileListPaths = (
			);
			outputPaths = (
			);
			runOnlyForDeploymentPostprocessing = 1;
			shellPath = /bin/bash;
			shellScript = "buildNumber=$(/usr/libexec/PlistBuddy -c \"Print CFBundleVersion\" \"$INFOPLIST_FILE\")\nbuildNumber=$(($buildNumber + 1))\n/usr/libexec/PlistBuddy -c \"Set :CFBundleVersion $buildNumber\" \"$INFOPLIST_FILE\"\n";
		};
		A33064743ACAFABFC024C58E /* [CP] Embed Pods Frameworks */ = {
			isa = PBXShellScriptBuildPhase;
			buildActionMask = 2147483647;
			files = (
			);
			inputFileListPaths = (
				"${PODS_ROOT}/Target Support Files/Pods-RSAC-RSACUITests/Pods-RSAC-RSACUITests-frameworks-${CONFIGURATION}-input-files.xcfilelist",
			);
			name = "[CP] Embed Pods Frameworks";
			outputFileListPaths = (
				"${PODS_ROOT}/Target Support Files/Pods-RSAC-RSACUITests/Pods-RSAC-RSACUITests-frameworks-${CONFIGURATION}-output-files.xcfilelist",
			);
			runOnlyForDeploymentPostprocessing = 0;
			shellPath = /bin/sh;
			shellScript = "\"${PODS_ROOT}/Target Support Files/Pods-RSAC-RSACUITests/Pods-RSAC-RSACUITests-frameworks.sh\"\n";
			showEnvVarsInLog = 0;
		};
		A58A929423FBAD0D5C995A6B /* [CP] Check Pods Manifest.lock */ = {
			isa = PBXShellScriptBuildPhase;
			buildActionMask = 2147483647;
			files = (
			);
			inputFileListPaths = (
			);
			inputPaths = (
				"${PODS_PODFILE_DIR_PATH}/Podfile.lock",
				"${PODS_ROOT}/Manifest.lock",
			);
			name = "[CP] Check Pods Manifest.lock";
			outputFileListPaths = (
			);
			outputPaths = (
				"$(DERIVED_FILE_DIR)/Pods-RSACTests-checkManifestLockResult.txt",
			);
			runOnlyForDeploymentPostprocessing = 0;
			shellPath = /bin/sh;
			shellScript = "diff \"${PODS_PODFILE_DIR_PATH}/Podfile.lock\" \"${PODS_ROOT}/Manifest.lock\" > /dev/null\nif [ $? != 0 ] ; then\n    # print error to STDERR\n    echo \"error: The sandbox is not in sync with the Podfile.lock. Run 'pod install' or update your CocoaPods installation.\" >&2\n    exit 1\nfi\n# This output is used by Xcode 'outputs' to avoid re-running this script phase.\necho \"SUCCESS\" > \"${SCRIPT_OUTPUT_FILE_0}\"\n";
			showEnvVarsInLog = 0;
		};
		C69D5393A8596B2294D094F9 /* [CP] Embed Pods Frameworks */ = {
			isa = PBXShellScriptBuildPhase;
			buildActionMask = 2147483647;
			files = (
			);
			inputFileListPaths = (
				"${PODS_ROOT}/Target Support Files/Pods-RSAC/Pods-RSAC-frameworks-${CONFIGURATION}-input-files.xcfilelist",
			);
			name = "[CP] Embed Pods Frameworks";
			outputFileListPaths = (
				"${PODS_ROOT}/Target Support Files/Pods-RSAC/Pods-RSAC-frameworks-${CONFIGURATION}-output-files.xcfilelist",
			);
			runOnlyForDeploymentPostprocessing = 0;
			shellPath = /bin/sh;
			shellScript = "\"${PODS_ROOT}/Target Support Files/Pods-RSAC/Pods-RSAC-frameworks.sh\"\n";
			showEnvVarsInLog = 0;
		};
/* End PBXShellScriptBuildPhase section */

/* Begin PBXSourcesBuildPhase section */
		82E4A8252AFCE0A800BE1D8B /* Sources */ = {
			isa = PBXSourcesBuildPhase;
			buildActionMask = 2147483647;
			files = (
				82E4A8982AFCE54400BE1D8B /* scopeDecription.swift in Sources */,
				82E4A8872AFCE54400BE1D8B /* Save.swift in Sources */,
				822BF9042B4C0B75003A141C /* viewSiteStage.swift in Sources */,
				82E4A8932AFCE54400BE1D8B /* newUser.swift in Sources */,
				8293110D2B0390CA006F4694 /* viewSiteSnaps.swift in Sources */,
				82E4A8922AFCE54400BE1D8B /* Alerts.swift in Sources */,
				82E4A8882AFCE54400BE1D8B /* Load.swift in Sources */,
				82E4A88F2AFCE54400BE1D8B /* InitialSignUp.swift in Sources */,
				82E4A8A52AFCE54D00BE1D8B /* extensionFiles.swift in Sources */,
				82E4A8A02AFCE54400BE1D8B /* addDescription.swift in Sources */,
				827DFF4F2B0E185600029EDE /* PDFkit.swift in Sources */,
				82445D0A2B00FF7D00319605 /* createSiteData.swift in Sources */,
				82E4A8312AFCE0A800BE1D8B /* ViewController.swift in Sources */,
				82194AE62B5E8D68009FEF7D /* Observation.swift in Sources */,
				82E4A89C2AFCE54400BE1D8B /* addAuditSites.swift in Sources */,
				82E4A88A2AFCE54400BE1D8B /* mainSearchView.swift in Sources */,
				82E4A89B2AFCE54400BE1D8B /* newAuditData.swift in Sources */,
				82E4A8952AFCE54400BE1D8B /* LogIn.swift in Sources */,
				82E4A82D2AFCE0A800BE1D8B /* AppDelegate.swift in Sources */,
				82E4A8902AFCE54400BE1D8B /* DP.swift in Sources */,
				82BC45452B67BAA600FB2650 /* settingsPage.swift in Sources */,
				82E4A8A22AFCE54400BE1D8B /* addLocationExtension.swift in Sources */,
				82E4A88B2AFCE54400BE1D8B /* searchList.swift in Sources */,
				82E4A82F2AFCE0A800BE1D8B /* SceneDelegate.swift in Sources */,
				82B023212B612AAE00DA87A3 /* addSiteDetails.swift in Sources */,
				82E4A8992AFCE54400BE1D8B /* createAudit.swift in Sources */,
				827DFF512B0E1BD300029EDE /* viewPDF.swift in Sources */,
				82445D0C2B0100A000319605 /* createSite.swift in Sources */,
				82E4A8962AFCE54400BE1D8B /* locationExtension.swift in Sources */,
				8297D0062B74F41100450513 /* signatureViewController.swift in Sources */,
				82E4A89A2AFCE54400BE1D8B /* CategoryTableViewController.swift in Sources */,
				829311102B039128006F4694 /* viewSiteSnapsCell.swift in Sources */,
				82E4A89E2AFCE54400BE1D8B /* viewAuditCell.swift in Sources */,
				82E4A8892AFCE54400BE1D8B /* auditCell.swift in Sources */,
				82E4A89F2AFCE54400BE1D8B /* viewAuditList.swift in Sources */,
				82E4A8A12AFCE54400BE1D8B /* detailsCell.swift in Sources */,
				82E4A8942AFCE54400BE1D8B /* fundsAvaliable.swift in Sources */,
				82E4A89D2AFCE54400BE1D8B /* viewAuditHeaderMap.swift in Sources */,
				82E4A8912AFCE54400BE1D8B /* userData.swift in Sources */,
				82E4A8A32AFCE54400BE1D8B /* auditSiteData.swift in Sources */,
				82E4A88D2AFCE54400BE1D8B /* SignUpControllerItems.swift in Sources */,
				82E4A8972AFCE54400BE1D8B /* locationView.swift in Sources */,
				82E4A88E2AFCE54400BE1D8B /* SignUpController.swift in Sources */,
				82E4A88C2AFCE54400BE1D8B /* auditHeader.swift in Sources */,
			);
			runOnlyForDeploymentPostprocessing = 0;
		};
		82E4A83B2AFCE0AA00BE1D8B /* Sources */ = {
			isa = PBXSourcesBuildPhase;
			buildActionMask = 2147483647;
			files = (
				82E4A8442AFCE0AA00BE1D8B /* RSACTests.swift in Sources */,
			);
			runOnlyForDeploymentPostprocessing = 0;
		};
		82E4A8452AFCE0AA00BE1D8B /* Sources */ = {
			isa = PBXSourcesBuildPhase;
			buildActionMask = 2147483647;
			files = (
				82E4A84E2AFCE0AA00BE1D8B /* RSACUITests.swift in Sources */,
				82E4A8502AFCE0AA00BE1D8B /* RSACUITestsLaunchTests.swift in Sources */,
			);
			runOnlyForDeploymentPostprocessing = 0;
		};
/* End PBXSourcesBuildPhase section */

/* Begin PBXTargetDependency section */
		82E4A8412AFCE0AA00BE1D8B /* PBXTargetDependency */ = {
			isa = PBXTargetDependency;
			target = 82E4A8282AFCE0A800BE1D8B /* RSAC */;
			targetProxy = 82E4A8402AFCE0AA00BE1D8B /* PBXContainerItemProxy */;
		};
		82E4A84B2AFCE0AA00BE1D8B /* PBXTargetDependency */ = {
			isa = PBXTargetDependency;
			target = 82E4A8282AFCE0A800BE1D8B /* RSAC */;
			targetProxy = 82E4A84A2AFCE0AA00BE1D8B /* PBXContainerItemProxy */;
		};
/* End PBXTargetDependency section */

/* Begin PBXVariantGroup section */
		82E4A8322AFCE0A800BE1D8B /* Main.storyboard */ = {
			isa = PBXVariantGroup;
			children = (
				82E4A8332AFCE0A800BE1D8B /* Base */,
			);
			name = Main.storyboard;
			sourceTree = "<group>";
		};
		82E4A8372AFCE0AA00BE1D8B /* LaunchScreen.storyboard */ = {
			isa = PBXVariantGroup;
			children = (
				82E4A8382AFCE0AA00BE1D8B /* Base */,
			);
			name = LaunchScreen.storyboard;
			sourceTree = "<group>";
		};
/* End PBXVariantGroup section */

/* Begin XCBuildConfiguration section */
		82E4A8512AFCE0AA00BE1D8B /* Debug */ = {
			isa = XCBuildConfiguration;
			buildSettings = {
				ALWAYS_SEARCH_USER_PATHS = NO;
				CLANG_ANALYZER_NONNULL = YES;
				CLANG_ANALYZER_NUMBER_OBJECT_CONVERSION = YES_AGGRESSIVE;
				CLANG_CXX_LANGUAGE_STANDARD = "gnu++20";
				CLANG_ENABLE_MODULES = YES;
				CLANG_ENABLE_OBJC_ARC = YES;
				CLANG_ENABLE_OBJC_WEAK = YES;
				CLANG_WARN_BLOCK_CAPTURE_AUTORELEASING = YES;
				CLANG_WARN_BOOL_CONVERSION = YES;
				CLANG_WARN_COMMA = YES;
				CLANG_WARN_CONSTANT_CONVERSION = YES;
				CLANG_WARN_DEPRECATED_OBJC_IMPLEMENTATIONS = YES;
				CLANG_WARN_DIRECT_OBJC_ISA_USAGE = YES_ERROR;
				CLANG_WARN_DOCUMENTATION_COMMENTS = YES;
				CLANG_WARN_EMPTY_BODY = YES;
				CLANG_WARN_ENUM_CONVERSION = YES;
				CLANG_WARN_INFINITE_RECURSION = YES;
				CLANG_WARN_INT_CONVERSION = YES;
				CLANG_WARN_NON_LITERAL_NULL_CONVERSION = YES;
				CLANG_WARN_OBJC_IMPLICIT_RETAIN_SELF = YES;
				CLANG_WARN_OBJC_LITERAL_CONVERSION = YES;
				CLANG_WARN_OBJC_ROOT_CLASS = YES_ERROR;
				CLANG_WARN_QUOTED_INCLUDE_IN_FRAMEWORK_HEADER = YES;
				CLANG_WARN_RANGE_LOOP_ANALYSIS = YES;
				CLANG_WARN_STRICT_PROTOTYPES = YES;
				CLANG_WARN_SUSPICIOUS_MOVE = YES;
				CLANG_WARN_UNGUARDED_AVAILABILITY = YES_AGGRESSIVE;
				CLANG_WARN_UNREACHABLE_CODE = YES;
				CLANG_WARN__DUPLICATE_METHOD_MATCH = YES;
				COPY_PHASE_STRIP = NO;
				DEBUG_INFORMATION_FORMAT = dwarf;
				ENABLE_STRICT_OBJC_MSGSEND = YES;
				ENABLE_TESTABILITY = YES;
				GCC_C_LANGUAGE_STANDARD = gnu11;
				GCC_DYNAMIC_NO_PIC = NO;
				GCC_NO_COMMON_BLOCKS = YES;
				GCC_OPTIMIZATION_LEVEL = 0;
				GCC_PREPROCESSOR_DEFINITIONS = (
					"DEBUG=1",
					"$(inherited)",
				);
				GCC_WARN_64_TO_32_BIT_CONVERSION = YES;
				GCC_WARN_ABOUT_RETURN_TYPE = YES_ERROR;
				GCC_WARN_UNDECLARED_SELECTOR = YES;
				GCC_WARN_UNINITIALIZED_AUTOS = YES_AGGRESSIVE;
				GCC_WARN_UNUSED_FUNCTION = YES;
				GCC_WARN_UNUSED_VARIABLE = YES;
				IPHONEOS_DEPLOYMENT_TARGET = 15.0;
				MTL_ENABLE_DEBUG_INFO = INCLUDE_SOURCE;
				MTL_FAST_MATH = YES;
				ONLY_ACTIVE_ARCH = YES;
				SDKROOT = iphoneos;
				SWIFT_ACTIVE_COMPILATION_CONDITIONS = DEBUG;
				SWIFT_OPTIMIZATION_LEVEL = "-Onone";
			};
			name = Debug;
		};
		82E4A8522AFCE0AA00BE1D8B /* Release */ = {
			isa = XCBuildConfiguration;
			buildSettings = {
				ALWAYS_SEARCH_USER_PATHS = NO;
				CLANG_ANALYZER_NONNULL = YES;
				CLANG_ANALYZER_NUMBER_OBJECT_CONVERSION = YES_AGGRESSIVE;
				CLANG_CXX_LANGUAGE_STANDARD = "gnu++20";
				CLANG_ENABLE_MODULES = YES;
				CLANG_ENABLE_OBJC_ARC = YES;
				CLANG_ENABLE_OBJC_WEAK = YES;
				CLANG_WARN_BLOCK_CAPTURE_AUTORELEASING = YES;
				CLANG_WARN_BOOL_CONVERSION = YES;
				CLANG_WARN_COMMA = YES;
				CLANG_WARN_CONSTANT_CONVERSION = YES;
				CLANG_WARN_DEPRECATED_OBJC_IMPLEMENTATIONS = YES;
				CLANG_WARN_DIRECT_OBJC_ISA_USAGE = YES_ERROR;
				CLANG_WARN_DOCUMENTATION_COMMENTS = YES;
				CLANG_WARN_EMPTY_BODY = YES;
				CLANG_WARN_ENUM_CONVERSION = YES;
				CLANG_WARN_INFINITE_RECURSION = YES;
				CLANG_WARN_INT_CONVERSION = YES;
				CLANG_WARN_NON_LITERAL_NULL_CONVERSION = YES;
				CLANG_WARN_OBJC_IMPLICIT_RETAIN_SELF = YES;
				CLANG_WARN_OBJC_LITERAL_CONVERSION = YES;
				CLANG_WARN_OBJC_ROOT_CLASS = YES_ERROR;
				CLANG_WARN_QUOTED_INCLUDE_IN_FRAMEWORK_HEADER = YES;
				CLANG_WARN_RANGE_LOOP_ANALYSIS = YES;
				CLANG_WARN_STRICT_PROTOTYPES = YES;
				CLANG_WARN_SUSPICIOUS_MOVE = YES;
				CLANG_WARN_UNGUARDED_AVAILABILITY = YES_AGGRESSIVE;
				CLANG_WARN_UNREACHABLE_CODE = YES;
				CLANG_WARN__DUPLICATE_METHOD_MATCH = YES;
				COPY_PHASE_STRIP = NO;
				DEBUG_INFORMATION_FORMAT = "dwarf-with-dsym";
				ENABLE_NS_ASSERTIONS = NO;
				ENABLE_STRICT_OBJC_MSGSEND = YES;
				GCC_C_LANGUAGE_STANDARD = gnu11;
				GCC_NO_COMMON_BLOCKS = YES;
				GCC_WARN_64_TO_32_BIT_CONVERSION = YES;
				GCC_WARN_ABOUT_RETURN_TYPE = YES_ERROR;
				GCC_WARN_UNDECLARED_SELECTOR = YES;
				GCC_WARN_UNINITIALIZED_AUTOS = YES_AGGRESSIVE;
				GCC_WARN_UNUSED_FUNCTION = YES;
				GCC_WARN_UNUSED_VARIABLE = YES;
				IPHONEOS_DEPLOYMENT_TARGET = 15.0;
				MTL_ENABLE_DEBUG_INFO = NO;
				MTL_FAST_MATH = YES;
				SDKROOT = iphoneos;
				SWIFT_COMPILATION_MODE = wholemodule;
				SWIFT_OPTIMIZATION_LEVEL = "-O";
				VALIDATE_PRODUCT = YES;
			};
			name = Release;
		};
		82E4A8542AFCE0AA00BE1D8B /* Debug */ = {
			isa = XCBuildConfiguration;
			baseConfigurationReference = B1B3F03198D34AEB3C0EBD33 /* Pods-RSAC.debug.xcconfig */;
			buildSettings = {
				ASSETCATALOG_COMPILER_APPICON_NAME = AppIcon;
				ASSETCATALOG_COMPILER_GLOBAL_ACCENT_COLOR_NAME = AccentColor;
				CODE_SIGN_STYLE = Automatic;
				CURRENT_PROJECT_VERSION = 1;
				DEVELOPMENT_TEAM = 2NLMXJ7CVV;
				GENERATE_INFOPLIST_FILE = YES;
				INFOPLIST_FILE = RSAC/Info.plist;
				INFOPLIST_KEY_CFBundleDisplayName = AllRoads;
				INFOPLIST_KEY_LSApplicationCategoryType = "public.app-category.utilities";
				INFOPLIST_KEY_UIApplicationSupportsIndirectInputEvents = YES;
				INFOPLIST_KEY_UILaunchStoryboardName = LaunchScreen;
				INFOPLIST_KEY_UIMainStoryboardFile = Main;
				INFOPLIST_KEY_UISupportedInterfaceOrientations_iPad = "UIInterfaceOrientationPortrait UIInterfaceOrientationPortraitUpsideDown UIInterfaceOrientationLandscapeLeft UIInterfaceOrientationLandscapeRight";
				INFOPLIST_KEY_UISupportedInterfaceOrientations_iPhone = "UIInterfaceOrientationPortrait UIInterfaceOrientationLandscapeLeft UIInterfaceOrientationLandscapeRight";
				IPHONEOS_DEPLOYMENT_TARGET = 15.0;
				LD_RUNPATH_SEARCH_PATHS = (
					"$(inherited)",
					"@executable_path/Frameworks",
				);
				MARKETING_VERSION = 1.0.1;
				PRODUCT_BUNDLE_IDENTIFIER = RSAC.RSAC;
				PRODUCT_NAME = "$(TARGET_NAME)";
				SWIFT_EMIT_LOC_STRINGS = YES;
				SWIFT_VERSION = 5.0;
				TARGETED_DEVICE_FAMILY = "1,2";
			};
			name = Debug;
		};
		82E4A8552AFCE0AA00BE1D8B /* Release */ = {
			isa = XCBuildConfiguration;
			baseConfigurationReference = E6DF1304E96678E61F26514B /* Pods-RSAC.release.xcconfig */;
			buildSettings = {
				ASSETCATALOG_COMPILER_APPICON_NAME = AppIcon;
				ASSETCATALOG_COMPILER_GLOBAL_ACCENT_COLOR_NAME = AccentColor;
				CODE_SIGN_STYLE = Automatic;
				CURRENT_PROJECT_VERSION = 1;
				DEVELOPMENT_TEAM = 2NLMXJ7CVV;
				GENERATE_INFOPLIST_FILE = YES;
				INFOPLIST_FILE = RSAC/Info.plist;
				INFOPLIST_KEY_CFBundleDisplayName = AllRoads;
				INFOPLIST_KEY_LSApplicationCategoryType = "public.app-category.utilities";
				INFOPLIST_KEY_UIApplicationSupportsIndirectInputEvents = YES;
				INFOPLIST_KEY_UILaunchStoryboardName = LaunchScreen;
				INFOPLIST_KEY_UIMainStoryboardFile = Main;
				INFOPLIST_KEY_UISupportedInterfaceOrientations_iPad = "UIInterfaceOrientationPortrait UIInterfaceOrientationPortraitUpsideDown UIInterfaceOrientationLandscapeLeft UIInterfaceOrientationLandscapeRight";
				INFOPLIST_KEY_UISupportedInterfaceOrientations_iPhone = "UIInterfaceOrientationPortrait UIInterfaceOrientationLandscapeLeft UIInterfaceOrientationLandscapeRight";
				IPHONEOS_DEPLOYMENT_TARGET = 15.0;
				LD_RUNPATH_SEARCH_PATHS = (
					"$(inherited)",
					"@executable_path/Frameworks",
				);
				MARKETING_VERSION = 1.0.1;
				PRODUCT_BUNDLE_IDENTIFIER = RSAC.RSAC;
				PRODUCT_NAME = "$(TARGET_NAME)";
				SWIFT_EMIT_LOC_STRINGS = YES;
				SWIFT_VERSION = 5.0;
				TARGETED_DEVICE_FAMILY = "1,2";
			};
			name = Release;
		};
		82E4A8572AFCE0AA00BE1D8B /* Debug */ = {
			isa = XCBuildConfiguration;
			baseConfigurationReference = 8B3CB19F07F73A3520EB373C /* Pods-RSACTests.debug.xcconfig */;
			buildSettings = {
				ALWAYS_EMBED_SWIFT_STANDARD_LIBRARIES = YES;
				BUNDLE_LOADER = "$(TEST_HOST)";
				CODE_SIGN_STYLE = Automatic;
				CURRENT_PROJECT_VERSION = 1;
				DEVELOPMENT_TEAM = 2NLMXJ7CVV;
				GENERATE_INFOPLIST_FILE = YES;
				IPHONEOS_DEPLOYMENT_TARGET = 16.4;
				MARKETING_VERSION = 1.0;
				PRODUCT_BUNDLE_IDENTIFIER = RSAC.RSACTests;
				PRODUCT_NAME = "$(TARGET_NAME)";
				SWIFT_EMIT_LOC_STRINGS = NO;
				SWIFT_VERSION = 5.0;
				TARGETED_DEVICE_FAMILY = "1,2";
				TEST_HOST = "$(BUILT_PRODUCTS_DIR)/RSAC.app/$(BUNDLE_EXECUTABLE_FOLDER_PATH)/RSAC";
			};
			name = Debug;
		};
		82E4A8582AFCE0AA00BE1D8B /* Release */ = {
			isa = XCBuildConfiguration;
			baseConfigurationReference = 1E4E71F1426298B5A8EAD9D8 /* Pods-RSACTests.release.xcconfig */;
			buildSettings = {
				ALWAYS_EMBED_SWIFT_STANDARD_LIBRARIES = YES;
				BUNDLE_LOADER = "$(TEST_HOST)";
				CODE_SIGN_STYLE = Automatic;
				CURRENT_PROJECT_VERSION = 1;
				DEVELOPMENT_TEAM = 2NLMXJ7CVV;
				GENERATE_INFOPLIST_FILE = YES;
				IPHONEOS_DEPLOYMENT_TARGET = 16.4;
				MARKETING_VERSION = 1.0;
				PRODUCT_BUNDLE_IDENTIFIER = RSAC.RSACTests;
				PRODUCT_NAME = "$(TARGET_NAME)";
				SWIFT_EMIT_LOC_STRINGS = NO;
				SWIFT_VERSION = 5.0;
				TARGETED_DEVICE_FAMILY = "1,2";
				TEST_HOST = "$(BUILT_PRODUCTS_DIR)/RSAC.app/$(BUNDLE_EXECUTABLE_FOLDER_PATH)/RSAC";
			};
			name = Release;
		};
		82E4A85A2AFCE0AA00BE1D8B /* Debug */ = {
			isa = XCBuildConfiguration;
			baseConfigurationReference = 1B437F435A4512DCCFB7023B /* Pods-RSAC-RSACUITests.debug.xcconfig */;
			buildSettings = {
				ALWAYS_EMBED_SWIFT_STANDARD_LIBRARIES = YES;
				CODE_SIGN_STYLE = Automatic;
				CURRENT_PROJECT_VERSION = 1;
				DEVELOPMENT_TEAM = 2NLMXJ7CVV;
				GENERATE_INFOPLIST_FILE = YES;
				MARKETING_VERSION = 1.0;
				PRODUCT_BUNDLE_IDENTIFIER = RSAC.RSACUITests;
				PRODUCT_NAME = "$(TARGET_NAME)";
				SWIFT_EMIT_LOC_STRINGS = NO;
				SWIFT_VERSION = 5.0;
				TARGETED_DEVICE_FAMILY = "1,2";
				TEST_TARGET_NAME = RSAC;
			};
			name = Debug;
		};
		82E4A85B2AFCE0AA00BE1D8B /* Release */ = {
			isa = XCBuildConfiguration;
			baseConfigurationReference = CAEC0380A10636FCA183EF30 /* Pods-RSAC-RSACUITests.release.xcconfig */;
			buildSettings = {
				ALWAYS_EMBED_SWIFT_STANDARD_LIBRARIES = YES;
				CODE_SIGN_STYLE = Automatic;
				CURRENT_PROJECT_VERSION = 1;
				DEVELOPMENT_TEAM = 2NLMXJ7CVV;
				GENERATE_INFOPLIST_FILE = YES;
				MARKETING_VERSION = 1.0;
				PRODUCT_BUNDLE_IDENTIFIER = RSAC.RSACUITests;
				PRODUCT_NAME = "$(TARGET_NAME)";
				SWIFT_EMIT_LOC_STRINGS = NO;
				SWIFT_VERSION = 5.0;
				TARGETED_DEVICE_FAMILY = "1,2";
				TEST_TARGET_NAME = RSAC;
			};
			name = Release;
		};
/* End XCBuildConfiguration section */

/* Begin XCConfigurationList section */
		82E4A8242AFCE0A800BE1D8B /* Build configuration list for PBXProject "RSAC" */ = {
			isa = XCConfigurationList;
			buildConfigurations = (
				82E4A8512AFCE0AA00BE1D8B /* Debug */,
				82E4A8522AFCE0AA00BE1D8B /* Release */,
			);
			defaultConfigurationIsVisible = 0;
			defaultConfigurationName = Release;
		};
		82E4A8532AFCE0AA00BE1D8B /* Build configuration list for PBXNativeTarget "RSAC" */ = {
			isa = XCConfigurationList;
			buildConfigurations = (
				82E4A8542AFCE0AA00BE1D8B /* Debug */,
				82E4A8552AFCE0AA00BE1D8B /* Release */,
			);
			defaultConfigurationIsVisible = 0;
			defaultConfigurationName = Release;
		};
		82E4A8562AFCE0AA00BE1D8B /* Build configuration list for PBXNativeTarget "RSACTests" */ = {
			isa = XCConfigurationList;
			buildConfigurations = (
				82E4A8572AFCE0AA00BE1D8B /* Debug */,
				82E4A8582AFCE0AA00BE1D8B /* Release */,
			);
			defaultConfigurationIsVisible = 0;
			defaultConfigurationName = Release;
		};
		82E4A8592AFCE0AA00BE1D8B /* Build configuration list for PBXNativeTarget "RSACUITests" */ = {
			isa = XCConfigurationList;
			buildConfigurations = (
				82E4A85A2AFCE0AA00BE1D8B /* Debug */,
				82E4A85B2AFCE0AA00BE1D8B /* Release */,
			);
			defaultConfigurationIsVisible = 0;
			defaultConfigurationName = Release;
		};
/* End XCConfigurationList section */
	};
	rootObject = 82E4A8212AFCE0A800BE1D8B /* Project object */;
}
