// !$*UTF8*$!
{
	archiveVersion = 1;
	classes = {
	};
	objectVersion = 56;
	objects = {

/* Begin PBXBuildFile section */
		82E4A82D2AFCE0A800BE1D8B /* AppDelegate.swift in Sources */ = {isa = PBXBuildFile; fileRef = 82E4A82C2AFCE0A800BE1D8B /* AppDelegate.swift */; };
		82E4A82F2AFCE0A800BE1D8B /* SceneDelegate.swift in Sources */ = {isa = PBXBuildFile; fileRef = 82E4A82E2AFCE0A800BE1D8B /* SceneDelegate.swift */; };
		82E4A8312AFCE0A800BE1D8B /* ViewController.swift in Sources */ = {isa = PBXBuildFile; fileRef = 82E4A8302AFCE0A800BE1D8B /* ViewController.swift */; };
		82E4A8342AFCE0A800BE1D8B /* Main.storyboard in Resources */ = {isa = PBXBuildFile; fileRef = 82E4A8322AFCE0A800BE1D8B /* Main.storyboard */; };
		82E4A8362AFCE0AA00BE1D8B /* Assets.xcassets in Resources */ = {isa = PBXBuildFile; fileRef = 82E4A8352AFCE0AA00BE1D8B /* Assets.xcassets */; };
		82E4A8392AFCE0AA00BE1D8B /* LaunchScreen.storyboard in Resources */ = {isa = PBXBuildFile; fileRef = 82E4A8372AFCE0AA00BE1D8B /* LaunchScreen.storyboard */; };
		82E4A8442AFCE0AA00BE1D8B /* RSACTests.swift in Sources */ = {isa = PBXBuildFile; fileRef = 82E4A8432AFCE0AA00BE1D8B /* RSACTests.swift */; };
		82E4A84E2AFCE0AA00BE1D8B /* RSACUITests.swift in Sources */ = {isa = PBXBuildFile; fileRef = 82E4A84D2AFCE0AA00BE1D8B /* RSACUITests.swift */; };
		82E4A8502AFCE0AA00BE1D8B /* RSACUITestsLaunchTests.swift in Sources */ = {isa = PBXBuildFile; fileRef = 82E4A84F2AFCE0AA00BE1D8B /* RSACUITestsLaunchTests.swift */; };
/* End PBXBuildFile section */

/* Begin PBXContainerItemProxy section */
		82E4A8402AFCE0AA00BE1D8B /* PBXContainerItemProxy */ = {
			isa = PBXContainerItemProxy;
			containerPortal = 82E4A8212AFCE0A800BE1D8B /* Project object */;
			proxyType = 1;
			remoteGlobalIDString = 82E4A8282AFCE0A800BE1D8B;
			remoteInfo = RSAC;
		};
		82E4A84A2AFCE0AA00BE1D8B /* PBXContainerItemProxy */ = {
			isa = PBXContainerItemProxy;
			containerPortal = 82E4A8212AFCE0A800BE1D8B /* Project object */;
			proxyType = 1;
			remoteGlobalIDString = 82E4A8282AFCE0A800BE1D8B;
			remoteInfo = RSAC;
		};
/* End PBXContainerItemProxy section */

/* Begin PBXFileReference section */
		82E4A8292AFCE0A800BE1D8B /* RSAC.app */ = {isa = PBXFileReference; explicitFileType = wrapper.application; includeInIndex = 0; path = RSAC.app; sourceTree = BUILT_PRODUCTS_DIR; };
		82E4A82C2AFCE0A800BE1D8B /* AppDelegate.swift */ = {isa = PBXFileReference; lastKnownFileType = sourcecode.swift; path = AppDelegate.swift; sourceTree = "<group>"; };
		82E4A82E2AFCE0A800BE1D8B /* SceneDelegate.swift */ = {isa = PBXFileReference; lastKnownFileType = sourcecode.swift; path = SceneDelegate.swift; sourceTree = "<group>"; };
		82E4A8302AFCE0A800BE1D8B /* ViewController.swift */ = {isa = PBXFileReference; lastKnownFileType = sourcecode.swift; path = ViewController.swift; sourceTree = "<group>"; };
		82E4A8332AFCE0A800BE1D8B /* Base */ = {isa = PBXFileReference; lastKnownFileType = file.storyboard; name = Base; path = Base.lproj/Main.storyboard; sourceTree = "<group>"; };
		82E4A8352AFCE0AA00BE1D8B /* Assets.xcassets */ = {isa = PBXFileReference; lastKnownFileType = folder.assetcatalog; path = Assets.xcassets; sourceTree = "<group>"; };
		82E4A8382AFCE0AA00BE1D8B /* Base */ = {isa = PBXFileReference; lastKnownFileType = file.storyboard; name = Base; path = Base.lproj/LaunchScreen.storyboard; sourceTree = "<group>"; };
		82E4A83A2AFCE0AA00BE1D8B /* Info.plist */ = {isa = PBXFileReference; lastKnownFileType = text.plist.xml; path = Info.plist; sourceTree = "<group>"; };
		82E4A83F2AFCE0AA00BE1D8B /* RSACTests.xctest */ = {isa = PBXFileReference; explicitFileType = wrapper.cfbundle; includeInIndex = 0; path = RSACTests.xctest; sourceTree = BUILT_PRODUCTS_DIR; };
		82E4A8432AFCE0AA00BE1D8B /* RSACTests.swift */ = {isa = PBXFileReference; lastKnownFileType = sourcecode.swift; path = RSACTests.swift; sourceTree = "<group>"; };
		82E4A8492AFCE0AA00BE1D8B /* RSACUITests.xctest */ = {isa = PBXFileReference; explicitFileType = wrapper.cfbundle; includeInIndex = 0; path = RSACUITests.xctest; sourceTree = BUILT_PRODUCTS_DIR; };
		82E4A84D2AFCE0AA00BE1D8B /* RSACUITests.swift */ = {isa = PBXFileReference; lastKnownFileType = sourcecode.swift; path = RSACUITests.swift; sourceTree = "<group>"; };
		82E4A84F2AFCE0AA00BE1D8B /* RSACUITestsLaunchTests.swift */ = {isa = PBXFileReference; lastKnownFileType = sourcecode.swift; path = RSACUITestsLaunchTests.swift; sourceTree = "<group>"; };
/* End PBXFileReference section */

/* Begin PBXFrameworksBuildPhase section */
		82E4A8262AFCE0A800BE1D8B /* Frameworks */ = {
			isa = PBXFrameworksBuildPhase;
			buildActionMask = 2147483647;
			files = (
			);
			runOnlyForDeploymentPostprocessing = 0;
		};
		82E4A83C2AFCE0AA00BE1D8B /* Frameworks */ = {
			isa = PBXFrameworksBuildPhase;
			buildActionMask = 2147483647;
			files = (
			);
			runOnlyForDeploymentPostprocessing = 0;
		};
		82E4A8462AFCE0AA00BE1D8B /* Frameworks */ = {
			isa = PBXFrameworksBuildPhase;
			buildActionMask = 2147483647;
			files = (
			);
			runOnlyForDeploymentPostprocessing = 0;
		};
/* End PBXFrameworksBuildPhase section */

/* Begin PBXGroup section */
		82E4A8202AFCE0A800BE1D8B = {
			isa = PBXGroup;
			children = (
				82E4A82B2AFCE0A800BE1D8B /* RSAC */,
				82E4A8422AFCE0AA00BE1D8B /* RSACTests */,
				82E4A84C2AFCE0AA00BE1D8B /* RSACUITests */,
				82E4A82A2AFCE0A800BE1D8B /* Products */,
			);
			sourceTree = "<group>";
		};
		82E4A82A2AFCE0A800BE1D8B /* Products */ = {
			isa = PBXGroup;
			children = (
				82E4A8292AFCE0A800BE1D8B /* RSAC.app */,
				82E4A83F2AFCE0AA00BE1D8B /* RSACTests.xctest */,
				82E4A8492AFCE0AA00BE1D8B /* RSACUITests.xctest */,
			);
			name = Products;
			sourceTree = "<group>";
		};
		82E4A82B2AFCE0A800BE1D8B /* RSAC */ = {
			isa = PBXGroup;
			children = (
				82E4A82C2AFCE0A800BE1D8B /* AppDelegate.swift */,
				82E4A82E2AFCE0A800BE1D8B /* SceneDelegate.swift */,
				82E4A8302AFCE0A800BE1D8B /* ViewController.swift */,
				82E4A8322AFCE0A800BE1D8B /* Main.storyboard */,
				82E4A8352AFCE0AA00BE1D8B /* Assets.xcassets */,
				82E4A8372AFCE0AA00BE1D8B /* LaunchScreen.storyboard */,
				82E4A83A2AFCE0AA00BE1D8B /* Info.plist */,
			);
			path = RSAC;
			sourceTree = "<group>";
		};
		82E4A8422AFCE0AA00BE1D8B /* RSACTests */ = {
			isa = PBXGroup;
			children = (
				82E4A8432AFCE0AA00BE1D8B /* RSACTests.swift */,
			);
			path = RSACTests;
			sourceTree = "<group>";
		};
		82E4A84C2AFCE0AA00BE1D8B /* RSACUITests */ = {
			isa = PBXGroup;
			children = (
				82E4A84D2AFCE0AA00BE1D8B /* RSACUITests.swift */,
				82E4A84F2AFCE0AA00BE1D8B /* RSACUITestsLaunchTests.swift */,
			);
			path = RSACUITests;
			sourceTree = "<group>";
		};
/* End PBXGroup section */

/* Begin PBXNativeTarget section */
		82E4A8282AFCE0A800BE1D8B /* RSAC */ = {
			isa = PBXNativeTarget;
			buildConfigurationList = 82E4A8532AFCE0AA00BE1D8B /* Build configuration list for PBXNativeTarget "RSAC" */;
			buildPhases = (
				82E4A8252AFCE0A800BE1D8B /* Sources */,
				82E4A8262AFCE0A800BE1D8B /* Frameworks */,
				82E4A8272AFCE0A800BE1D8B /* Resources */,
			);
			buildRules = (
			);
			dependencies = (
			);
			name = RSAC;
			productName = RSAC;
			productReference = 82E4A8292AFCE0A800BE1D8B /* RSAC.app */;
			productType = "com.apple.product-type.application";
		};
		82E4A83E2AFCE0AA00BE1D8B /* RSACTests */ = {
			isa = PBXNativeTarget;
			buildConfigurationList = 82E4A8562AFCE0AA00BE1D8B /* Build configuration list for PBXNativeTarget "RSACTests" */;
			buildPhases = (
				82E4A83B2AFCE0AA00BE1D8B /* Sources */,
				82E4A83C2AFCE0AA00BE1D8B /* Frameworks */,
				82E4A83D2AFCE0AA00BE1D8B /* Resources */,
			);
			buildRules = (
			);
			dependencies = (
				82E4A8412AFCE0AA00BE1D8B /* PBXTargetDependency */,
			);
			name = RSACTests;
			productName = RSACTests;
			productReference = 82E4A83F2AFCE0AA00BE1D8B /* RSACTests.xctest */;
			productType = "com.apple.product-type.bundle.unit-test";
		};
		82E4A8482AFCE0AA00BE1D8B /* RSACUITests */ = {
			isa = PBXNativeTarget;
			buildConfigurationList = 82E4A8592AFCE0AA00BE1D8B /* Build configuration list for PBXNativeTarget "RSACUITests" */;
			buildPhases = (
				82E4A8452AFCE0AA00BE1D8B /* Sources */,
				82E4A8462AFCE0AA00BE1D8B /* Frameworks */,
				82E4A8472AFCE0AA00BE1D8B /* Resources */,
			);
			buildRules = (
			);
			dependencies = (
				82E4A84B2AFCE0AA00BE1D8B /* PBXTargetDependency */,
			);
			name = RSACUITests;
			productName = RSACUITests;
			productReference = 82E4A8492AFCE0AA00BE1D8B /* RSACUITests.xctest */;
			productType = "com.apple.product-type.bundle.ui-testing";
		};
/* End PBXNativeTarget section */

/* Begin PBXProject section */
		82E4A8212AFCE0A800BE1D8B /* Project object */ = {
			isa = PBXProject;
			attributes = {
				BuildIndependentTargetsInParallel = 1;
				LastSwiftUpdateCheck = 1430;
				LastUpgradeCheck = 1430;
				TargetAttributes = {
					82E4A8282AFCE0A800BE1D8B = {
						CreatedOnToolsVersion = 14.3.1;
					};
					82E4A83E2AFCE0AA00BE1D8B = {
						CreatedOnToolsVersion = 14.3.1;
						TestTargetID = 82E4A8282AFCE0A800BE1D8B;
					};
					82E4A8482AFCE0AA00BE1D8B = {
						CreatedOnToolsVersion = 14.3.1;
						TestTargetID = 82E4A8282AFCE0A800BE1D8B;
					};
				};
			};
			buildConfigurationList = 82E4A8242AFCE0A800BE1D8B /* Build configuration list for PBXProject "RSAC" */;
			compatibilityVersion = "Xcode 14.0";
			developmentRegion = en;
			hasScannedForEncodings = 0;
			knownRegions = (
				en,
				Base,
			);
			mainGroup = 82E4A8202AFCE0A800BE1D8B;
			productRefGroup = 82E4A82A2AFCE0A800BE1D8B /* Products */;
			projectDirPath = "";
			projectRoot = "";
			targets = (
				82E4A8282AFCE0A800BE1D8B /* RSAC */,
				82E4A83E2AFCE0AA00BE1D8B /* RSACTests */,
				82E4A8482AFCE0AA00BE1D8B /* RSACUITests */,
			);
		};
/* End PBXProject section */

/* Begin PBXResourcesBuildPhase section */
		82E4A8272AFCE0A800BE1D8B /* Resources */ = {
			isa = PBXResourcesBuildPhase;
			buildActionMask = 2147483647;
			files = (
				82E4A8392AFCE0AA00BE1D8B /* LaunchScreen.storyboard in Resources */,
				82E4A8362AFCE0AA00BE1D8B /* Assets.xcassets in Resources */,
				82E4A8342AFCE0A800BE1D8B /* Main.storyboard in Resources */,
			);
			runOnlyForDeploymentPostprocessing = 0;
		};
		82E4A83D2AFCE0AA00BE1D8B /* Resources */ = {
			isa = PBXResourcesBuildPhase;
			buildActionMask = 2147483647;
			files = (
			);
			runOnlyForDeploymentPostprocessing = 0;
		};
		82E4A8472AFCE0AA00BE1D8B /* Resources */ = {
			isa = PBXResourcesBuildPhase;
			buildActionMask = 2147483647;
			files = (
			);
			runOnlyForDeploymentPostprocessing = 0;
		};
/* End PBXResourcesBuildPhase section */

/* Begin PBXSourcesBuildPhase section */
		82E4A8252AFCE0A800BE1D8B /* Sources */ = {
			isa = PBXSourcesBuildPhase;
			buildActionMask = 2147483647;
			files = (
				82E4A8312AFCE0A800BE1D8B /* ViewController.swift in Sources */,
				82E4A82D2AFCE0A800BE1D8B /* AppDelegate.swift in Sources */,
				82E4A82F2AFCE0A800BE1D8B /* SceneDelegate.swift in Sources */,
			);
			runOnlyForDeploymentPostprocessing = 0;
		};
		82E4A83B2AFCE0AA00BE1D8B /* Sources */ = {
			isa = PBXSourcesBuildPhase;
			buildActionMask = 2147483647;
			files = (
				82E4A8442AFCE0AA00BE1D8B /* RSACTests.swift in Sources */,
			);
			runOnlyForDeploymentPostprocessing = 0;
		};
		82E4A8452AFCE0AA00BE1D8B /* Sources */ = {
			isa = PBXSourcesBuildPhase;
			buildActionMask = 2147483647;
			files = (
				82E4A84E2AFCE0AA00BE1D8B /* RSACUITests.swift in Sources */,
				82E4A8502AFCE0AA00BE1D8B /* RSACUITestsLaunchTests.swift in Sources */,
			);
			runOnlyForDeploymentPostprocessing = 0;
		};
/* End PBXSourcesBuildPhase section */

/* Begin PBXTargetDependency section */
		82E4A8412AFCE0AA00BE1D8B /* PBXTargetDependency */ = {
			isa = PBXTargetDependency;
			target = 82E4A8282AFCE0A800BE1D8B /* RSAC */;
			targetProxy = 82E4A8402AFCE0AA00BE1D8B /* PBXContainerItemProxy */;
		};
		82E4A84B2AFCE0AA00BE1D8B /* PBXTargetDependency */ = {
			isa = PBXTargetDependency;
			target = 82E4A8282AFCE0A800BE1D8B /* RSAC */;
			targetProxy = 82E4A84A2AFCE0AA00BE1D8B /* PBXContainerItemProxy */;
		};
/* End PBXTargetDependency section */

/* Begin PBXVariantGroup section */
		82E4A8322AFCE0A800BE1D8B /* Main.storyboard */ = {
			isa = PBXVariantGroup;
			children = (
				82E4A8332AFCE0A800BE1D8B /* Base */,
			);
			name = Main.storyboard;
			sourceTree = "<group>";
		};
		82E4A8372AFCE0AA00BE1D8B /* LaunchScreen.storyboard */ = {
			isa = PBXVariantGroup;
			children = (
				82E4A8382AFCE0AA00BE1D8B /* Base */,
			);
			name = LaunchScreen.storyboard;
			sourceTree = "<group>";
		};
/* End PBXVariantGroup section */

/* Begin XCBuildConfiguration section */
		82E4A8512AFCE0AA00BE1D8B /* Debug */ = {
			isa = XCBuildConfiguration;
			buildSettings = {
				ALWAYS_SEARCH_USER_PATHS = NO;
				CLANG_ANALYZER_NONNULL = YES;
				CLANG_ANALYZER_NUMBER_OBJECT_CONVERSION = YES_AGGRESSIVE;
				CLANG_CXX_LANGUAGE_STANDARD = "gnu++20";
				CLANG_ENABLE_MODULES = YES;
				CLANG_ENABLE_OBJC_ARC = YES;
				CLANG_ENABLE_OBJC_WEAK = YES;
				CLANG_WARN_BLOCK_CAPTURE_AUTORELEASING = YES;
				CLANG_WARN_BOOL_CONVERSION = YES;
				CLANG_WARN_COMMA = YES;
				CLANG_WARN_CONSTANT_CONVERSION = YES;
				CLANG_WARN_DEPRECATED_OBJC_IMPLEMENTATIONS = YES;
				CLANG_WARN_DIRECT_OBJC_ISA_USAGE = YES_ERROR;
				CLANG_WARN_DOCUMENTATION_COMMENTS = YES;
				CLANG_WARN_EMPTY_BODY = YES;
				CLANG_WARN_ENUM_CONVERSION = YES;
				CLANG_WARN_INFINITE_RECURSION = YES;
				CLANG_WARN_INT_CONVERSION = YES;
				CLANG_WARN_NON_LITERAL_NULL_CONVERSION = YES;
				CLANG_WARN_OBJC_IMPLICIT_RETAIN_SELF = YES;
				CLANG_WARN_OBJC_LITERAL_CONVERSION = YES;
				CLANG_WARN_OBJC_ROOT_CLASS = YES_ERROR;
				CLANG_WARN_QUOTED_INCLUDE_IN_FRAMEWORK_HEADER = YES;
				CLANG_WARN_RANGE_LOOP_ANALYSIS = YES;
				CLANG_WARN_STRICT_PROTOTYPES = YES;
				CLANG_WARN_SUSPICIOUS_MOVE = YES;
				CLANG_WARN_UNGUARDED_AVAILABILITY = YES_AGGRESSIVE;
				CLANG_WARN_UNREACHABLE_CODE = YES;
				CLANG_WARN__DUPLICATE_METHOD_MATCH = YES;
				COPY_PHASE_STRIP = NO;
				DEBUG_INFORMATION_FORMAT = dwarf;
				ENABLE_STRICT_OBJC_MSGSEND = YES;
				ENABLE_TESTABILITY = YES;
				GCC_C_LANGUAGE_STANDARD = gnu11;
				GCC_DYNAMIC_NO_PIC = NO;
				GCC_NO_COMMON_BLOCKS = YES;
				GCC_OPTIMIZATION_LEVEL = 0;
				GCC_PREPROCESSOR_DEFINITIONS = (
					"DEBUG=1",
					"$(inherited)",
				);
				GCC_WARN_64_TO_32_BIT_CONVERSION = YES;
				GCC_WARN_ABOUT_RETURN_TYPE = YES_ERROR;
				GCC_WARN_UNDECLARED_SELECTOR = YES;
				GCC_WARN_UNINITIALIZED_AUTOS = YES_AGGRESSIVE;
				GCC_WARN_UNUSED_FUNCTION = YES;
				GCC_WARN_UNUSED_VARIABLE = YES;
				IPHONEOS_DEPLOYMENT_TARGET = 16.4;
				MTL_ENABLE_DEBUG_INFO = INCLUDE_SOURCE;
				MTL_FAST_MATH = YES;
				ONLY_ACTIVE_ARCH = YES;
				SDKROOT = iphoneos;
				SWIFT_ACTIVE_COMPILATION_CONDITIONS = DEBUG;
				SWIFT_OPTIMIZATION_LEVEL = "-Onone";
			};
			name = Debug;
		};
		82E4A8522AFCE0AA00BE1D8B /* Release */ = {
			isa = XCBuildConfiguration;
			buildSettings = {
				ALWAYS_SEARCH_USER_PATHS = NO;
				CLANG_ANALYZER_NONNULL = YES;
				CLANG_ANALYZER_NUMBER_OBJECT_CONVERSION = YES_AGGRESSIVE;
				CLANG_CXX_LANGUAGE_STANDARD = "gnu++20";
				CLANG_ENABLE_MODULES = YES;
				CLANG_ENABLE_OBJC_ARC = YES;
				CLANG_ENABLE_OBJC_WEAK = YES;
				CLANG_WARN_BLOCK_CAPTURE_AUTORELEASING = YES;
				CLANG_WARN_BOOL_CONVERSION = YES;
				CLANG_WARN_COMMA = YES;
				CLANG_WARN_CONSTANT_CONVERSION = YES;
				CLANG_WARN_DEPRECATED_OBJC_IMPLEMENTATIONS = YES;
				CLANG_WARN_DIRECT_OBJC_ISA_USAGE = YES_ERROR;
				CLANG_WARN_DOCUMENTATION_COMMENTS = YES;
				CLANG_WARN_EMPTY_BODY = YES;
				CLANG_WARN_ENUM_CONVERSION = YES;
				CLANG_WARN_INFINITE_RECURSION = YES;
				CLANG_WARN_INT_CONVERSION = YES;
				CLANG_WARN_NON_LITERAL_NULL_CONVERSION = YES;
				CLANG_WARN_OBJC_IMPLICIT_RETAIN_SELF = YES;
				CLANG_WARN_OBJC_LITERAL_CONVERSION = YES;
				CLANG_WARN_OBJC_ROOT_CLASS = YES_ERROR;
				CLANG_WARN_QUOTED_INCLUDE_IN_FRAMEWORK_HEADER = YES;
				CLANG_WARN_RANGE_LOOP_ANALYSIS = YES;
				CLANG_WARN_STRICT_PROTOTYPES = YES;
				CLANG_WARN_SUSPICIOUS_MOVE = YES;
				CLANG_WARN_UNGUARDED_AVAILABILITY = YES_AGGRESSIVE;
				CLANG_WARN_UNREACHABLE_CODE = YES;
				CLANG_WARN__DUPLICATE_METHOD_MATCH = YES;
				COPY_PHASE_STRIP = NO;
				DEBUG_INFORMATION_FORMAT = "dwarf-with-dsym";
				ENABLE_NS_ASSERTIONS = NO;
				ENABLE_STRICT_OBJC_MSGSEND = YES;
				GCC_C_LANGUAGE_STANDARD = gnu11;
				GCC_NO_COMMON_BLOCKS = YES;
				GCC_WARN_64_TO_32_BIT_CONVERSION = YES;
				GCC_WARN_ABOUT_RETURN_TYPE = YES_ERROR;
				GCC_WARN_UNDECLARED_SELECTOR = YES;
				GCC_WARN_UNINITIALIZED_AUTOS = YES_AGGRESSIVE;
				GCC_WARN_UNUSED_FUNCTION = YES;
				GCC_WARN_UNUSED_VARIABLE = YES;
				IPHONEOS_DEPLOYMENT_TARGET = 16.4;
				MTL_ENABLE_DEBUG_INFO = NO;
				MTL_FAST_MATH = YES;
				SDKROOT = iphoneos;
				SWIFT_COMPILATION_MODE = wholemodule;
				SWIFT_OPTIMIZATION_LEVEL = "-O";
				VALIDATE_PRODUCT = YES;
			};
			name = Release;
		};
		82E4A8542AFCE0AA00BE1D8B /* Debug */ = {
			isa = XCBuildConfiguration;
			buildSettings = {
				ASSETCATALOG_COMPILER_APPICON_NAME = AppIcon;
				ASSETCATALOG_COMPILER_GLOBAL_ACCENT_COLOR_NAME = AccentColor;
				CODE_SIGN_STYLE = Automatic;
				CURRENT_PROJECT_VERSION = 1;
				DEVELOPMENT_TEAM = 2NLMXJ7CVV;
				GENERATE_INFOPLIST_FILE = YES;
				INFOPLIST_FILE = RSAC/Info.plist;
				INFOPLIST_KEY_UIApplicationSupportsIndirectInputEvents = YES;
				INFOPLIST_KEY_UILaunchStoryboardName = LaunchScreen;
				INFOPLIST_KEY_UIMainStoryboardFile = Main;
				INFOPLIST_KEY_UISupportedInterfaceOrientations_iPad = "UIInterfaceOrientationPortrait UIInterfaceOrientationPortraitUpsideDown UIInterfaceOrientationLandscapeLeft UIInterfaceOrientationLandscapeRight";
				INFOPLIST_KEY_UISupportedInterfaceOrientations_iPhone = "UIInterfaceOrientationPortrait UIInterfaceOrientationLandscapeLeft UIInterfaceOrientationLandscapeRight";
				LD_RUNPATH_SEARCH_PATHS = (
					"$(inherited)",
					"@executable_path/Frameworks",
				);
				MARKETING_VERSION = 1.0;
				PRODUCT_BUNDLE_IDENTIFIER = RSAC.RSAC;
				PRODUCT_NAME = "$(TARGET_NAME)";
				SWIFT_EMIT_LOC_STRINGS = YES;
				SWIFT_VERSION = 5.0;
				TARGETED_DEVICE_FAMILY = "1,2";
			};
			name = Debug;
		};
		82E4A8552AFCE0AA00BE1D8B /* Release */ = {
			isa = XCBuildConfiguration;
			buildSettings = {
				ASSETCATALOG_COMPILER_APPICON_NAME = AppIcon;
				ASSETCATALOG_COMPILER_GLOBAL_ACCENT_COLOR_NAME = AccentColor;
				CODE_SIGN_STYLE = Automatic;
				CURRENT_PROJECT_VERSION = 1;
				DEVELOPMENT_TEAM = 2NLMXJ7CVV;
				GENERATE_INFOPLIST_FILE = YES;
				INFOPLIST_FILE = RSAC/Info.plist;
				INFOPLIST_KEY_UIApplicationSupportsIndirectInputEvents = YES;
				INFOPLIST_KEY_UILaunchStoryboardName = LaunchScreen;
				INFOPLIST_KEY_UIMainStoryboardFile = Main;
				INFOPLIST_KEY_UISupportedInterfaceOrientations_iPad = "UIInterfaceOrientationPortrait UIInterfaceOrientationPortraitUpsideDown UIInterfaceOrientationLandscapeLeft UIInterfaceOrientationLandscapeRight";
				INFOPLIST_KEY_UISupportedInterfaceOrientations_iPhone = "UIInterfaceOrientationPortrait UIInterfaceOrientationLandscapeLeft UIInterfaceOrientationLandscapeRight";
				LD_RUNPATH_SEARCH_PATHS = (
					"$(inherited)",
					"@executable_path/Frameworks",
				);
				MARKETING_VERSION = 1.0;
				PRODUCT_BUNDLE_IDENTIFIER = RSAC.RSAC;
				PRODUCT_NAME = "$(TARGET_NAME)";
				SWIFT_EMIT_LOC_STRINGS = YES;
				SWIFT_VERSION = 5.0;
				TARGETED_DEVICE_FAMILY = "1,2";
			};
			name = Release;
		};
		82E4A8572AFCE0AA00BE1D8B /* Debug */ = {
			isa = XCBuildConfiguration;
			buildSettings = {
				ALWAYS_EMBED_SWIFT_STANDARD_LIBRARIES = YES;
				BUNDLE_LOADER = "$(TEST_HOST)";
				CODE_SIGN_STYLE = Automatic;
				CURRENT_PROJECT_VERSION = 1;
				DEVELOPMENT_TEAM = 2NLMXJ7CVV;
				GENERATE_INFOPLIST_FILE = YES;
				IPHONEOS_DEPLOYMENT_TARGET = 16.4;
				MARKETING_VERSION = 1.0;
				PRODUCT_BUNDLE_IDENTIFIER = RSAC.RSACTests;
				PRODUCT_NAME = "$(TARGET_NAME)";
				SWIFT_EMIT_LOC_STRINGS = NO;
				SWIFT_VERSION = 5.0;
				TARGETED_DEVICE_FAMILY = "1,2";
				TEST_HOST = "$(BUILT_PRODUCTS_DIR)/RSAC.app/$(BUNDLE_EXECUTABLE_FOLDER_PATH)/RSAC";
			};
			name = Debug;
		};
		82E4A8582AFCE0AA00BE1D8B /* Release */ = {
			isa = XCBuildConfiguration;
			buildSettings = {
				ALWAYS_EMBED_SWIFT_STANDARD_LIBRARIES = YES;
				BUNDLE_LOADER = "$(TEST_HOST)";
				CODE_SIGN_STYLE = Automatic;
				CURRENT_PROJECT_VERSION = 1;
				DEVELOPMENT_TEAM = 2NLMXJ7CVV;
				GENERATE_INFOPLIST_FILE = YES;
				IPHONEOS_DEPLOYMENT_TARGET = 16.4;
				MARKETING_VERSION = 1.0;
				PRODUCT_BUNDLE_IDENTIFIER = RSAC.RSACTests;
				PRODUCT_NAME = "$(TARGET_NAME)";
				SWIFT_EMIT_LOC_STRINGS = NO;
				SWIFT_VERSION = 5.0;
				TARGETED_DEVICE_FAMILY = "1,2";
				TEST_HOST = "$(BUILT_PRODUCTS_DIR)/RSAC.app/$(BUNDLE_EXECUTABLE_FOLDER_PATH)/RSAC";
			};
			name = Release;
		};
		82E4A85A2AFCE0AA00BE1D8B /* Debug */ = {
			isa = XCBuildConfiguration;
			buildSettings = {
				ALWAYS_EMBED_SWIFT_STANDARD_LIBRARIES = YES;
				CODE_SIGN_STYLE = Automatic;
				CURRENT_PROJECT_VERSION = 1;
				DEVELOPMENT_TEAM = 2NLMXJ7CVV;
				GENERATE_INFOPLIST_FILE = YES;
				MARKETING_VERSION = 1.0;
				PRODUCT_BUNDLE_IDENTIFIER = RSAC.RSACUITests;
				PRODUCT_NAME = "$(TARGET_NAME)";
				SWIFT_EMIT_LOC_STRINGS = NO;
				SWIFT_VERSION = 5.0;
				TARGETED_DEVICE_FAMILY = "1,2";
				TEST_TARGET_NAME = RSAC;
			};
			name = Debug;
		};
		82E4A85B2AFCE0AA00BE1D8B /* Release */ = {
			isa = XCBuildConfiguration;
			buildSettings = {
				ALWAYS_EMBED_SWIFT_STANDARD_LIBRARIES = YES;
				CODE_SIGN_STYLE = Automatic;
				CURRENT_PROJECT_VERSION = 1;
				DEVELOPMENT_TEAM = 2NLMXJ7CVV;
				GENERATE_INFOPLIST_FILE = YES;
				MARKETING_VERSION = 1.0;
				PRODUCT_BUNDLE_IDENTIFIER = RSAC.RSACUITests;
				PRODUCT_NAME = "$(TARGET_NAME)";
				SWIFT_EMIT_LOC_STRINGS = NO;
				SWIFT_VERSION = 5.0;
				TARGETED_DEVICE_FAMILY = "1,2";
				TEST_TARGET_NAME = RSAC;
			};
			name = Release;
		};
/* End XCBuildConfiguration section */

/* Begin XCConfigurationList section */
		82E4A8242AFCE0A800BE1D8B /* Build configuration list for PBXProject "RSAC" */ = {
			isa = XCConfigurationList;
			buildConfigurations = (
				82E4A8512AFCE0AA00BE1D8B /* Debug */,
				82E4A8522AFCE0AA00BE1D8B /* Release */,
			);
			defaultConfigurationIsVisible = 0;
			defaultConfigurationName = Release;
		};
		82E4A8532AFCE0AA00BE1D8B /* Build configuration list for PBXNativeTarget "RSAC" */ = {
			isa = XCConfigurationList;
			buildConfigurations = (
				82E4A8542AFCE0AA00BE1D8B /* Debug */,
				82E4A8552AFCE0AA00BE1D8B /* Release */,
			);
			defaultConfigurationIsVisible = 0;
			defaultConfigurationName = Release;
		};
		82E4A8562AFCE0AA00BE1D8B /* Build configuration list for PBXNativeTarget "RSACTests" */ = {
			isa = XCConfigurationList;
			buildConfigurations = (
				82E4A8572AFCE0AA00BE1D8B /* Debug */,
				82E4A8582AFCE0AA00BE1D8B /* Release */,
			);
			defaultConfigurationIsVisible = 0;
			defaultConfigurationName = Release;
		};
		82E4A8592AFCE0AA00BE1D8B /* Build configuration list for PBXNativeTarget "RSACUITests" */ = {
			isa = XCConfigurationList;
			buildConfigurations = (
				82E4A85A2AFCE0AA00BE1D8B /* Debug */,
				82E4A85B2AFCE0AA00BE1D8B /* Release */,
			);
			defaultConfigurationIsVisible = 0;
			defaultConfigurationName = Release;
		};
/* End XCConfigurationList section */
	};
	rootObject = 82E4A8212AFCE0A800BE1D8B /* Project object */;
}
