// !$*UTF8*$!
{
	archiveVersion = 1;
	classes = {
	};
	objectVersion = 56;
	objects = {

/* Begin PBXBuildFile section */
		4E7E2B45B02535DAF5B6D7EB /* Pods_RSAC.framework in Frameworks */ = {isa = PBXBuildFile; fileRef = AB26AE6A025F1FAECD22B81D /* Pods_RSAC.framework */; };
		606ECF7B2210083BFF58FB4E /* Pods_RSACTests.framework in Frameworks */ = {isa = PBXBuildFile; fileRef = 8A0CE8BAC64BC986E81712A2 /* Pods_RSACTests.framework */; };
		82194AE62B5E8D68009FEF7D /* Observation.swift in Sources */ = {isa = PBXBuildFile; fileRef = 82194AE52B5E8D68009FEF7D /* Observation.swift */; };
		822BF9042B4C0B75003A141C /* viewSiteStage.swift in Sources */ = {isa = PBXBuildFile; fileRef = 822BF9032B4C0B75003A141C /* viewSiteStage.swift */; };
		82369D4A2BD4A90300B98749 /* reportConfig.swift in Sources */ = {isa = PBXBuildFile; fileRef = 82369D492BD4A90300B98749 /* reportConfig.swift */; };
		82369D4C2BD4B54D00B98749 /* reportConfigData.swift in Sources */ = {isa = PBXBuildFile; fileRef = 82369D4B2BD4B54D00B98749 /* reportConfigData.swift */; };
		8236DD632B935EFA00630F76 /* image1.png in Resources */ = {isa = PBXBuildFile; fileRef = 8236DD622B935EFA00630F76 /* image1.png */; };
		8236DD672B936F7300630F76 /* image2.png in Resources */ = {isa = PBXBuildFile; fileRef = 8236DD662B936F7300630F76 /* image2.png */; };
		8236DD692B93704900630F76 /* image3.png in Resources */ = {isa = PBXBuildFile; fileRef = 8236DD682B93704900630F76 /* image3.png */; };
		8236DD6B2B93720E00630F76 /* image4.png in Resources */ = {isa = PBXBuildFile; fileRef = 8236DD6A2B93720E00630F76 /* image4.png */; };
		8236DD6D2B93724700630F76 /* image5.png in Resources */ = {isa = PBXBuildFile; fileRef = 8236DD6C2B93724700630F76 /* image5.png */; };
		8236DD6F2B94684900630F76 /* QRReader.swift in Sources */ = {isa = PBXBuildFile; fileRef = 8236DD6E2B94684900630F76 /* QRReader.swift */; };
		8236DD722BACED3500630F76 /* listOfUsers.swift in Sources */ = {isa = PBXBuildFile; fileRef = 8236DD712BACED3500630F76 /* listOfUsers.swift */; };
		8236DD742BAD02E400630F76 /* listOfUsersCell.swift in Sources */ = {isa = PBXBuildFile; fileRef = 8236DD732BAD02E400630F76 /* listOfUsersCell.swift */; };
		82445D0A2B00FF7D00319605 /* createSiteData.swift in Sources */ = {isa = PBXBuildFile; fileRef = 82445D092B00FF7D00319605 /* createSiteData.swift */; };
		82445D0C2B0100A000319605 /* createSite.swift in Sources */ = {isa = PBXBuildFile; fileRef = 82445D0B2B0100A000319605 /* createSite.swift */; };
		824D559B2B8ACDC700197638 /* GoogleService-Info.plist in Resources */ = {isa = PBXBuildFile; fileRef = 824D559A2B8ACDC600197638 /* GoogleService-Info.plist */; };
		826577812B8B1D0E000FB612 /* Road-auditIcon.jpg in Resources */ = {isa = PBXBuildFile; fileRef = 826577802B8B1D0E000FB612 /* Road-auditIcon.jpg */; };
		826577862B91A85C000FB612 /* collaborationView.swift in Sources */ = {isa = PBXBuildFile; fileRef = 826577852B91A85C000FB612 /* collaborationView.swift */; };
		826577892B91AB65000FB612 /* collaborationData.swift in Sources */ = {isa = PBXBuildFile; fileRef = 826577882B91AB65000FB612 /* collaborationData.swift */; };
		8265778B2B92A18B000FB612 /* collaborationAPI.swift in Sources */ = {isa = PBXBuildFile; fileRef = 8265778A2B92A18A000FB612 /* collaborationAPI.swift */; };
		827DFF4F2B0E185600029EDE /* PDFkit.swift in Sources */ = {isa = PBXBuildFile; fileRef = 827DFF4E2B0E185600029EDE /* PDFkit.swift */; };
		827DFF512B0E1BD300029EDE /* viewPDF.swift in Sources */ = {isa = PBXBuildFile; fileRef = 827DFF502B0E1BD300029EDE /* viewPDF.swift */; };
		8293110D2B0390CA006F4694 /* viewSiteSnaps.swift in Sources */ = {isa = PBXBuildFile; fileRef = 8293110C2B0390CA006F4694 /* viewSiteSnaps.swift */; };
		829311102B039128006F4694 /* viewSiteSnapsCell.swift in Sources */ = {isa = PBXBuildFile; fileRef = 8293110F2B039128006F4694 /* viewSiteSnapsCell.swift */; };
		8297CFFD2B6F594100450513 /* Road-audit.png in Resources */ = {isa = PBXBuildFile; fileRef = 8297CFFC2B6F594100450513 /* Road-audit.png */; };
		8297D0022B70F99700450513 /* iPhone 14 _ 15 Pro Max - 1 (19).png in Resources */ = {isa = PBXBuildFile; fileRef = 8297D0012B70F99700450513 /* iPhone 14 _ 15 Pro Max - 1 (19).png */; };
		8297D0042B70F9B500450513 /* iPhone-14-_-15-Pro-Max---1-(19).jpg in Resources */ = {isa = PBXBuildFile; fileRef = 8297D0032B70F9B500450513 /* iPhone-14-_-15-Pro-Max---1-(19).jpg */; };
		8297D0062B74F41100450513 /* signatureViewController.swift in Sources */ = {isa = PBXBuildFile; fileRef = 8297D0052B74F41100450513 /* signatureViewController.swift */; };
		829B945D2C8D70DF008207E5 /* addObservation.swift in Sources */ = {isa = PBXBuildFile; fileRef = 829B945C2C8D70DF008207E5 /* addObservation.swift */; };
		829B945F2C985712008207E5 /* editImage.swift in Sources */ = {isa = PBXBuildFile; fileRef = 829B945E2C985712008207E5 /* editImage.swift */; };
		829EBB442BF8464B00783BB9 /* AGRS03-21_Guide_to_Road_Safety_Part_3_Safe_Speed.pdf in Resources */ = {isa = PBXBuildFile; fileRef = 829EBB3D2BF8464900783BB9 /* AGRS03-21_Guide_to_Road_Safety_Part_3_Safe_Speed.pdf */; };
		829EBB452BF8464B00783BB9 /* AGRS05-21_Guide_to_Road_Safety_Part_5_Safe_Vehicles.pdf in Resources */ = {isa = PBXBuildFile; fileRef = 829EBB3E2BF8464900783BB9 /* AGRS05-21_Guide_to_Road_Safety_Part_5_Safe_Vehicles.pdf */; };
		829EBB462BF8464B00783BB9 /* AGRS02-21_Guide_to_Road_Safety_Part_2_Safe_Roads.pdf in Resources */ = {isa = PBXBuildFile; fileRef = 829EBB3F2BF8464A00783BB9 /* AGRS02-21_Guide_to_Road_Safety_Part_2_Safe_Roads.pdf */; };
		829EBB472BF8464B00783BB9 /* AGRS07-21_Guide_to_Road_Safety_Part_7_Road_Safety_Strategy_and_Management.pdf in Resources */ = {isa = PBXBuildFile; fileRef = 829EBB402BF8464A00783BB9 /* AGRS07-21_Guide_to_Road_Safety_Part_7_Road_Safety_Strategy_and_Management.pdf */; };
		829EBB482BF8464B00783BB9 /* AGRS01-21_Guide_to_Road_Safety_Part_1_Introduction_Safe_System.pdf in Resources */ = {isa = PBXBuildFile; fileRef = 829EBB412BF8464B00783BB9 /* AGRS01-21_Guide_to_Road_Safety_Part_1_Introduction_Safe_System.pdf */; };
		829EBB492BF8464B00783BB9 /* AGRS04-21_Guide_to_Road_Safety_Part_4_Safe_People.pdf in Resources */ = {isa = PBXBuildFile; fileRef = 829EBB422BF8464B00783BB9 /* AGRS04-21_Guide_to_Road_Safety_Part_4_Safe_People.pdf */; };
		829EBB4A2BF8464B00783BB9 /* AGRS06-22_Guide_to_Road_Safety_Part-6_Road_Safety_Audit.pdf in Resources */ = {isa = PBXBuildFile; fileRef = 829EBB432BF8464B00783BB9 /* AGRS06-22_Guide_to_Road_Safety_Part-6_Road_Safety_Audit.pdf */; };
		82B023212B612AAE00DA87A3 /* addSiteDetails.swift in Sources */ = {isa = PBXBuildFile; fileRef = 82B023202B612AAE00DA87A3 /* addSiteDetails.swift */; };
		82B95F5E2BF8471A00EA706A /* ausroadGuidelineCollection.swift in Sources */ = {isa = PBXBuildFile; fileRef = 82B95F5D2BF8471A00EA706A /* ausroadGuidelineCollection.swift */; };
		82B95F662BF8482400EA706A /* 6.jpeg in Resources */ = {isa = PBXBuildFile; fileRef = 82B95F5F2BF8482200EA706A /* 6.jpeg */; };
		82B95F672BF8482400EA706A /* 5.jpeg in Resources */ = {isa = PBXBuildFile; fileRef = 82B95F602BF8482200EA706A /* 5.jpeg */; };
		82B95F682BF8482400EA706A /* 3.jpeg in Resources */ = {isa = PBXBuildFile; fileRef = 82B95F612BF8482300EA706A /* 3.jpeg */; };
		82B95F692BF8482400EA706A /* 7.jpeg in Resources */ = {isa = PBXBuildFile; fileRef = 82B95F622BF8482300EA706A /* 7.jpeg */; };
		82B95F6A2BF8482400EA706A /* 2.jpeg in Resources */ = {isa = PBXBuildFile; fileRef = 82B95F632BF8482300EA706A /* 2.jpeg */; };
		82B95F6B2BF8482400EA706A /* 4.jpeg in Resources */ = {isa = PBXBuildFile; fileRef = 82B95F642BF8482300EA706A /* 4.jpeg */; };
		82B95F6C2BF8482400EA706A /* 1.jpeg in Resources */ = {isa = PBXBuildFile; fileRef = 82B95F652BF8482300EA706A /* 1.jpeg */; };
		82B95F6E2BF8BF0800EA706A /* headerFiles.swift in Sources */ = {isa = PBXBuildFile; fileRef = 82B95F6D2BF8BF0800EA706A /* headerFiles.swift */; };
		82B95F702BF8E4A000EA706A /* viewGuidelinesPDF.swift in Sources */ = {isa = PBXBuildFile; fileRef = 82B95F6F2BF8E49F00EA706A /* viewGuidelinesPDF.swift */; };
		82B95F722C0AD5BD00EA706A /* buildReport.swift in Sources */ = {isa = PBXBuildFile; fileRef = 82B95F712C0AD5BD00EA706A /* buildReport.swift */; };
		82B95F742C0DDCE300EA706A /* buildReportContentPage.swift in Sources */ = {isa = PBXBuildFile; fileRef = 82B95F732C0DDCE300EA706A /* buildReportContentPage.swift */; };
		82B95F762C0F278600EA706A /* reportContentsdataModel.swift in Sources */ = {isa = PBXBuildFile; fileRef = 82B95F752C0F278600EA706A /* reportContentsdataModel.swift */; };
		82BC45452B67BAA600FB2650 /* settingsPage.swift in Sources */ = {isa = PBXBuildFile; fileRef = 82BC45442B67BAA600FB2650 /* settingsPage.swift */; };
		82CC3A6E2C65AF1C00E346D2 /* crashTypes.swift in Sources */ = {isa = PBXBuildFile; fileRef = 82CC3A6D2C65AF1C00E346D2 /* crashTypes.swift */; };
		82D527F32B7654D000A9655D /* whiteBackdrop.png in Resources */ = {isa = PBXBuildFile; fileRef = 82D527F22B7654D000A9655D /* whiteBackdrop.png */; };
		82D527F52B8ABB5C00A9655D /* versionControl.rtf in Resources */ = {isa = PBXBuildFile; fileRef = 82D527F42B8ABB5C00A9655D /* versionControl.rtf */; };
		82D9FB6F2C85650100A6513B /* previewDetailsViewController.swift in Sources */ = {isa = PBXBuildFile; fileRef = 82D9FB6E2C85650100A6513B /* previewDetailsViewController.swift */; };
		82E4A82D2AFCE0A800BE1D8B /* AppDelegate.swift in Sources */ = {isa = PBXBuildFile; fileRef = 82E4A82C2AFCE0A800BE1D8B /* AppDelegate.swift */; };
		82E4A82F2AFCE0A800BE1D8B /* SceneDelegate.swift in Sources */ = {isa = PBXBuildFile; fileRef = 82E4A82E2AFCE0A800BE1D8B /* SceneDelegate.swift */; };
		82E4A8312AFCE0A800BE1D8B /* ViewController.swift in Sources */ = {isa = PBXBuildFile; fileRef = 82E4A8302AFCE0A800BE1D8B /* ViewController.swift */; };
		82E4A8342AFCE0A800BE1D8B /* Main.storyboard in Resources */ = {isa = PBXBuildFile; fileRef = 82E4A8322AFCE0A800BE1D8B /* Main.storyboard */; };
		82E4A8362AFCE0AA00BE1D8B /* Assets.xcassets in Resources */ = {isa = PBXBuildFile; fileRef = 82E4A8352AFCE0AA00BE1D8B /* Assets.xcassets */; };
		82E4A8392AFCE0AA00BE1D8B /* LaunchScreen.storyboard in Resources */ = {isa = PBXBuildFile; fileRef = 82E4A8372AFCE0AA00BE1D8B /* LaunchScreen.storyboard */; };
		82E4A8442AFCE0AA00BE1D8B /* RSACTests.swift in Sources */ = {isa = PBXBuildFile; fileRef = 82E4A8432AFCE0AA00BE1D8B /* RSACTests.swift */; };
		82E4A84E2AFCE0AA00BE1D8B /* RSACUITests.swift in Sources */ = {isa = PBXBuildFile; fileRef = 82E4A84D2AFCE0AA00BE1D8B /* RSACUITests.swift */; };
		82E4A8502AFCE0AA00BE1D8B /* RSACUITestsLaunchTests.swift in Sources */ = {isa = PBXBuildFile; fileRef = 82E4A84F2AFCE0AA00BE1D8B /* RSACUITestsLaunchTests.swift */; };
		82E4A8872AFCE54400BE1D8B /* Save.swift in Sources */ = {isa = PBXBuildFile; fileRef = 82E4A85F2AFCE54200BE1D8B /* Save.swift */; };
		82E4A8882AFCE54400BE1D8B /* Load.swift in Sources */ = {isa = PBXBuildFile; fileRef = 82E4A8602AFCE54200BE1D8B /* Load.swift */; };
		82E4A8892AFCE54400BE1D8B /* auditCell.swift in Sources */ = {isa = PBXBuildFile; fileRef = 82E4A8622AFCE54300BE1D8B /* auditCell.swift */; };
		82E4A88A2AFCE54400BE1D8B /* mainSearchView.swift in Sources */ = {isa = PBXBuildFile; fileRef = 82E4A8632AFCE54300BE1D8B /* mainSearchView.swift */; };
		82E4A88B2AFCE54400BE1D8B /* searchList.swift in Sources */ = {isa = PBXBuildFile; fileRef = 82E4A8642AFCE54300BE1D8B /* searchList.swift */; };
		82E4A88C2AFCE54400BE1D8B /* auditHeader.swift in Sources */ = {isa = PBXBuildFile; fileRef = 82E4A8652AFCE54300BE1D8B /* auditHeader.swift */; };
		82E4A88D2AFCE54400BE1D8B /* SignUpControllerItems.swift in Sources */ = {isa = PBXBuildFile; fileRef = 82E4A8682AFCE54300BE1D8B /* SignUpControllerItems.swift */; };
		82E4A88E2AFCE54400BE1D8B /* SignUpController.swift in Sources */ = {isa = PBXBuildFile; fileRef = 82E4A8692AFCE54300BE1D8B /* SignUpController.swift */; };
		82E4A88F2AFCE54400BE1D8B /* InitialSignUp.swift in Sources */ = {isa = PBXBuildFile; fileRef = 82E4A86A2AFCE54300BE1D8B /* InitialSignUp.swift */; };
		82E4A8902AFCE54400BE1D8B /* DP.swift in Sources */ = {isa = PBXBuildFile; fileRef = 82E4A86C2AFCE54300BE1D8B /* DP.swift */; };
		82E4A8912AFCE54400BE1D8B /* userData.swift in Sources */ = {isa = PBXBuildFile; fileRef = 82E4A86D2AFCE54300BE1D8B /* userData.swift */; };
		82E4A8922AFCE54400BE1D8B /* Alerts.swift in Sources */ = {isa = PBXBuildFile; fileRef = 82E4A86E2AFCE54300BE1D8B /* Alerts.swift */; };
		82E4A8932AFCE54400BE1D8B /* newUser.swift in Sources */ = {isa = PBXBuildFile; fileRef = 82E4A8702AFCE54300BE1D8B /* newUser.swift */; };
		82E4A8942AFCE54400BE1D8B /* fundsAvaliable.swift in Sources */ = {isa = PBXBuildFile; fileRef = 82E4A8712AFCE54300BE1D8B /* fundsAvaliable.swift */; };
		82E4A8952AFCE54400BE1D8B /* LogIn.swift in Sources */ = {isa = PBXBuildFile; fileRef = 82E4A8732AFCE54300BE1D8B /* LogIn.swift */; };
		82E4A8962AFCE54400BE1D8B /* locationExtension.swift in Sources */ = {isa = PBXBuildFile; fileRef = 82E4A8752AFCE54400BE1D8B /* locationExtension.swift */; };
		82E4A8972AFCE54400BE1D8B /* locationView.swift in Sources */ = {isa = PBXBuildFile; fileRef = 82E4A8762AFCE54400BE1D8B /* locationView.swift */; };
		82E4A8982AFCE54400BE1D8B /* scopeDecription.swift in Sources */ = {isa = PBXBuildFile; fileRef = 82E4A8772AFCE54400BE1D8B /* scopeDecription.swift */; };
		82E4A8992AFCE54400BE1D8B /* createAudit.swift in Sources */ = {isa = PBXBuildFile; fileRef = 82E4A8782AFCE54400BE1D8B /* createAudit.swift */; };
		82E4A89A2AFCE54400BE1D8B /* CategoryTableViewController.swift in Sources */ = {isa = PBXBuildFile; fileRef = 82E4A8792AFCE54400BE1D8B /* CategoryTableViewController.swift */; };
		82E4A89B2AFCE54400BE1D8B /* newAuditData.swift in Sources */ = {isa = PBXBuildFile; fileRef = 82E4A87B2AFCE54400BE1D8B /* newAuditData.swift */; };
		82E4A89C2AFCE54400BE1D8B /* addAuditSites.swift in Sources */ = {isa = PBXBuildFile; fileRef = 82E4A87D2AFCE54400BE1D8B /* addAuditSites.swift */; };
		82E4A89D2AFCE54400BE1D8B /* viewAuditHeaderMap.swift in Sources */ = {isa = PBXBuildFile; fileRef = 82E4A87F2AFCE54400BE1D8B /* viewAuditHeaderMap.swift */; };
		82E4A89E2AFCE54400BE1D8B /* viewAuditCell.swift in Sources */ = {isa = PBXBuildFile; fileRef = 82E4A8802AFCE54400BE1D8B /* viewAuditCell.swift */; };
		82E4A89F2AFCE54400BE1D8B /* viewAuditList.swift in Sources */ = {isa = PBXBuildFile; fileRef = 82E4A8812AFCE54400BE1D8B /* viewAuditList.swift */; };
		82E4A8A02AFCE54400BE1D8B /* addDescription.swift in Sources */ = {isa = PBXBuildFile; fileRef = 82E4A8822AFCE54400BE1D8B /* addDescription.swift */; };
		82E4A8A12AFCE54400BE1D8B /* detailsCell.swift in Sources */ = {isa = PBXBuildFile; fileRef = 82E4A8832AFCE54400BE1D8B /* detailsCell.swift */; };
		82E4A8A22AFCE54400BE1D8B /* addLocationExtension.swift in Sources */ = {isa = PBXBuildFile; fileRef = 82E4A8842AFCE54400BE1D8B /* addLocationExtension.swift */; };
		82E4A8A32AFCE54400BE1D8B /* auditSiteData.swift in Sources */ = {isa = PBXBuildFile; fileRef = 82E4A8862AFCE54400BE1D8B /* auditSiteData.swift */; };
		82E4A8A52AFCE54D00BE1D8B /* extensionFiles.swift in Sources */ = {isa = PBXBuildFile; fileRef = 82E4A8A42AFCE54D00BE1D8B /* extensionFiles.swift */; };
		82E4A8A82AFCE55500BE1D8B /* firebase_logo_icon_168209.png in Resources */ = {isa = PBXBuildFile; fileRef = 82E4A8A62AFCE55400BE1D8B /* firebase_logo_icon_168209.png */; };
		82E4A8A92AFCE55500BE1D8B /* man.png in Resources */ = {isa = PBXBuildFile; fileRef = 82E4A8A72AFCE55500BE1D8B /* man.png */; };
		AAABB02867C38E3E28A46E59 /* Pods_RSAC_RSACUITests.framework in Frameworks */ = {isa = PBXBuildFile; fileRef = 6A079439DF94C0F3899492E6 /* Pods_RSAC_RSACUITests.framework */; };
/* End PBXBuildFile section */

/* Begin PBXContainerItemProxy section */
		82E4A8402AFCE0AA00BE1D8B /* PBXContainerItemProxy */ = {
			isa = PBXContainerItemProxy;
			containerPortal = 82E4A8212AFCE0A800BE1D8B /* Project object */;
			proxyType = 1;
			remoteGlobalIDString = 82E4A8282AFCE0A800BE1D8B;
			remoteInfo = RSAC;
		};
		82E4A84A2AFCE0AA00BE1D8B /* PBXContainerItemProxy */ = {
			isa = PBXContainerItemProxy;
			containerPortal = 82E4A8212AFCE0A800BE1D8B /* Project object */;
			proxyType = 1;
			remoteGlobalIDString = 82E4A8282AFCE0A800BE1D8B;
			remoteInfo = RSAC;
		};
/* End PBXContainerItemProxy section */

/* Begin PBXFileReference section */
		2404DB0C6C558D9EFD3A2E85 /* Pods-RSAC.debug.xcconfig */ = {isa = PBXFileReference; includeInIndex = 1; lastKnownFileType = text.xcconfig; name = "Pods-RSAC.debug.xcconfig"; path = "Target Support Files/Pods-RSAC/Pods-RSAC.debug.xcconfig"; sourceTree = "<group>"; };
		32F2BD6ADC8A04D017CFF902 /* Pods-RSAC-RSACUITests.debug.xcconfig */ = {isa = PBXFileReference; includeInIndex = 1; lastKnownFileType = text.xcconfig; name = "Pods-RSAC-RSACUITests.debug.xcconfig"; path = "Target Support Files/Pods-RSAC-RSACUITests/Pods-RSAC-RSACUITests.debug.xcconfig"; sourceTree = "<group>"; };
		341624F7B473709BB6D19D7D /* Pods-RSAC-RSACUITests.release.xcconfig */ = {isa = PBXFileReference; includeInIndex = 1; lastKnownFileType = text.xcconfig; name = "Pods-RSAC-RSACUITests.release.xcconfig"; path = "Target Support Files/Pods-RSAC-RSACUITests/Pods-RSAC-RSACUITests.release.xcconfig"; sourceTree = "<group>"; };
		6A079439DF94C0F3899492E6 /* Pods_RSAC_RSACUITests.framework */ = {isa = PBXFileReference; explicitFileType = wrapper.framework; includeInIndex = 0; path = Pods_RSAC_RSACUITests.framework; sourceTree = BUILT_PRODUCTS_DIR; };
		82194AE52B5E8D68009FEF7D /* Observation.swift */ = {isa = PBXFileReference; lastKnownFileType = sourcecode.swift; path = Observation.swift; sourceTree = "<group>"; };
		822BF9032B4C0B75003A141C /* viewSiteStage.swift */ = {isa = PBXFileReference; lastKnownFileType = sourcecode.swift; path = viewSiteStage.swift; sourceTree = "<group>"; };
		82369D492BD4A90300B98749 /* reportConfig.swift */ = {isa = PBXFileReference; lastKnownFileType = sourcecode.swift; path = reportConfig.swift; sourceTree = "<group>"; };
		82369D4B2BD4B54D00B98749 /* reportConfigData.swift */ = {isa = PBXFileReference; lastKnownFileType = sourcecode.swift; path = reportConfigData.swift; sourceTree = "<group>"; };
		8236DD622B935EFA00630F76 /* image1.png */ = {isa = PBXFileReference; lastKnownFileType = image.png; path = image1.png; sourceTree = "<group>"; };
		8236DD662B936F7300630F76 /* image2.png */ = {isa = PBXFileReference; lastKnownFileType = image.png; path = image2.png; sourceTree = "<group>"; };
		8236DD682B93704900630F76 /* image3.png */ = {isa = PBXFileReference; lastKnownFileType = image.png; path = image3.png; sourceTree = "<group>"; };
		8236DD6A2B93720E00630F76 /* image4.png */ = {isa = PBXFileReference; lastKnownFileType = image.png; path = image4.png; sourceTree = "<group>"; };
		8236DD6C2B93724700630F76 /* image5.png */ = {isa = PBXFileReference; lastKnownFileType = image.png; path = image5.png; sourceTree = "<group>"; };
		8236DD6E2B94684900630F76 /* QRReader.swift */ = {isa = PBXFileReference; lastKnownFileType = sourcecode.swift; path = QRReader.swift; sourceTree = "<group>"; };
		8236DD712BACED3500630F76 /* listOfUsers.swift */ = {isa = PBXFileReference; lastKnownFileType = sourcecode.swift; path = listOfUsers.swift; sourceTree = "<group>"; };
		8236DD732BAD02E400630F76 /* listOfUsersCell.swift */ = {isa = PBXFileReference; lastKnownFileType = sourcecode.swift; path = listOfUsersCell.swift; sourceTree = "<group>"; };
		82445D092B00FF7D00319605 /* createSiteData.swift */ = {isa = PBXFileReference; lastKnownFileType = sourcecode.swift; path = createSiteData.swift; sourceTree = "<group>"; };
		82445D0B2B0100A000319605 /* createSite.swift */ = {isa = PBXFileReference; lastKnownFileType = sourcecode.swift; path = createSite.swift; sourceTree = "<group>"; };
		824D559A2B8ACDC600197638 /* GoogleService-Info.plist */ = {isa = PBXFileReference; fileEncoding = 4; lastKnownFileType = text.plist.xml; path = "GoogleService-Info.plist"; sourceTree = "<group>"; };
		826577802B8B1D0E000FB612 /* Road-auditIcon.jpg */ = {isa = PBXFileReference; lastKnownFileType = image.jpeg; path = "Road-auditIcon.jpg"; sourceTree = "<group>"; };
		826577852B91A85C000FB612 /* collaborationView.swift */ = {isa = PBXFileReference; lastKnownFileType = sourcecode.swift; path = collaborationView.swift; sourceTree = "<group>"; };
		826577882B91AB65000FB612 /* collaborationData.swift */ = {isa = PBXFileReference; lastKnownFileType = sourcecode.swift; path = collaborationData.swift; sourceTree = "<group>"; };
		8265778A2B92A18A000FB612 /* collaborationAPI.swift */ = {isa = PBXFileReference; lastKnownFileType = sourcecode.swift; path = collaborationAPI.swift; sourceTree = "<group>"; };
		827DFF4E2B0E185600029EDE /* PDFkit.swift */ = {isa = PBXFileReference; lastKnownFileType = sourcecode.swift; path = PDFkit.swift; sourceTree = "<group>"; };
		827DFF502B0E1BD300029EDE /* viewPDF.swift */ = {isa = PBXFileReference; lastKnownFileType = sourcecode.swift; path = viewPDF.swift; sourceTree = "<group>"; };
		8293110C2B0390CA006F4694 /* viewSiteSnaps.swift */ = {isa = PBXFileReference; lastKnownFileType = sourcecode.swift; path = viewSiteSnaps.swift; sourceTree = "<group>"; };
		8293110F2B039128006F4694 /* viewSiteSnapsCell.swift */ = {isa = PBXFileReference; fileEncoding = 4; lastKnownFileType = sourcecode.swift; path = viewSiteSnapsCell.swift; sourceTree = "<group>"; };
		8297CFFC2B6F594100450513 /* Road-audit.png */ = {isa = PBXFileReference; lastKnownFileType = image.png; path = "Road-audit.png"; sourceTree = "<group>"; };
		8297D0012B70F99700450513 /* iPhone 14 _ 15 Pro Max - 1 (19).png */ = {isa = PBXFileReference; lastKnownFileType = image.png; path = "iPhone 14 _ 15 Pro Max - 1 (19).png"; sourceTree = "<group>"; };
		8297D0032B70F9B500450513 /* iPhone-14-_-15-Pro-Max---1-(19).jpg */ = {isa = PBXFileReference; lastKnownFileType = image.jpeg; path = "iPhone-14-_-15-Pro-Max---1-(19).jpg"; sourceTree = "<group>"; };
		8297D0052B74F41100450513 /* signatureViewController.swift */ = {isa = PBXFileReference; lastKnownFileType = sourcecode.swift; path = signatureViewController.swift; sourceTree = "<group>"; };
		829B945C2C8D70DF008207E5 /* addObservation.swift */ = {isa = PBXFileReference; lastKnownFileType = sourcecode.swift; path = addObservation.swift; sourceTree = "<group>"; };
		829B945E2C985712008207E5 /* editImage.swift */ = {isa = PBXFileReference; lastKnownFileType = sourcecode.swift; path = editImage.swift; sourceTree = "<group>"; };
		829EBB3D2BF8464900783BB9 /* AGRS03-21_Guide_to_Road_Safety_Part_3_Safe_Speed.pdf */ = {isa = PBXFileReference; lastKnownFileType = image.pdf; path = "AGRS03-21_Guide_to_Road_Safety_Part_3_Safe_Speed.pdf"; sourceTree = "<group>"; };
		829EBB3E2BF8464900783BB9 /* AGRS05-21_Guide_to_Road_Safety_Part_5_Safe_Vehicles.pdf */ = {isa = PBXFileReference; lastKnownFileType = image.pdf; path = "AGRS05-21_Guide_to_Road_Safety_Part_5_Safe_Vehicles.pdf"; sourceTree = "<group>"; };
		829EBB3F2BF8464A00783BB9 /* AGRS02-21_Guide_to_Road_Safety_Part_2_Safe_Roads.pdf */ = {isa = PBXFileReference; lastKnownFileType = image.pdf; path = "AGRS02-21_Guide_to_Road_Safety_Part_2_Safe_Roads.pdf"; sourceTree = "<group>"; };
		829EBB402BF8464A00783BB9 /* AGRS07-21_Guide_to_Road_Safety_Part_7_Road_Safety_Strategy_and_Management.pdf */ = {isa = PBXFileReference; lastKnownFileType = image.pdf; path = "AGRS07-21_Guide_to_Road_Safety_Part_7_Road_Safety_Strategy_and_Management.pdf"; sourceTree = "<group>"; };
		829EBB412BF8464B00783BB9 /* AGRS01-21_Guide_to_Road_Safety_Part_1_Introduction_Safe_System.pdf */ = {isa = PBXFileReference; lastKnownFileType = image.pdf; path = "AGRS01-21_Guide_to_Road_Safety_Part_1_Introduction_Safe_System.pdf"; sourceTree = "<group>"; };
		829EBB422BF8464B00783BB9 /* AGRS04-21_Guide_to_Road_Safety_Part_4_Safe_People.pdf */ = {isa = PBXFileReference; lastKnownFileType = image.pdf; path = "AGRS04-21_Guide_to_Road_Safety_Part_4_Safe_People.pdf"; sourceTree = "<group>"; };
		829EBB432BF8464B00783BB9 /* AGRS06-22_Guide_to_Road_Safety_Part-6_Road_Safety_Audit.pdf */ = {isa = PBXFileReference; lastKnownFileType = image.pdf; path = "AGRS06-22_Guide_to_Road_Safety_Part-6_Road_Safety_Audit.pdf"; sourceTree = "<group>"; };
		82B023202B612AAE00DA87A3 /* addSiteDetails.swift */ = {isa = PBXFileReference; lastKnownFileType = sourcecode.swift; path = addSiteDetails.swift; sourceTree = "<group>"; };
		82B95F5D2BF8471A00EA706A /* ausroadGuidelineCollection.swift */ = {isa = PBXFileReference; lastKnownFileType = sourcecode.swift; path = ausroadGuidelineCollection.swift; sourceTree = "<group>"; };
		82B95F5F2BF8482200EA706A /* 6.jpeg */ = {isa = PBXFileReference; lastKnownFileType = image.jpeg; path = 6.jpeg; sourceTree = "<group>"; };
		82B95F602BF8482200EA706A /* 5.jpeg */ = {isa = PBXFileReference; lastKnownFileType = image.jpeg; path = 5.jpeg; sourceTree = "<group>"; };
		82B95F612BF8482300EA706A /* 3.jpeg */ = {isa = PBXFileReference; lastKnownFileType = image.jpeg; path = 3.jpeg; sourceTree = "<group>"; };
		82B95F622BF8482300EA706A /* 7.jpeg */ = {isa = PBXFileReference; lastKnownFileType = image.jpeg; path = 7.jpeg; sourceTree = "<group>"; };
		82B95F632BF8482300EA706A /* 2.jpeg */ = {isa = PBXFileReference; lastKnownFileType = image.jpeg; path = 2.jpeg; sourceTree = "<group>"; };
		82B95F642BF8482300EA706A /* 4.jpeg */ = {isa = PBXFileReference; lastKnownFileType = image.jpeg; path = 4.jpeg; sourceTree = "<group>"; };
		82B95F652BF8482300EA706A /* 1.jpeg */ = {isa = PBXFileReference; lastKnownFileType = image.jpeg; path = 1.jpeg; sourceTree = "<group>"; };
		82B95F6D2BF8BF0800EA706A /* headerFiles.swift */ = {isa = PBXFileReference; lastKnownFileType = sourcecode.swift; path = headerFiles.swift; sourceTree = "<group>"; };
		82B95F6F2BF8E49F00EA706A /* viewGuidelinesPDF.swift */ = {isa = PBXFileReference; lastKnownFileType = sourcecode.swift; path = viewGuidelinesPDF.swift; sourceTree = "<group>"; };
		82B95F712C0AD5BD00EA706A /* buildReport.swift */ = {isa = PBXFileReference; lastKnownFileType = sourcecode.swift; path = buildReport.swift; sourceTree = "<group>"; };
		82B95F732C0DDCE300EA706A /* buildReportContentPage.swift */ = {isa = PBXFileReference; lastKnownFileType = sourcecode.swift; path = buildReportContentPage.swift; sourceTree = "<group>"; };
		82B95F752C0F278600EA706A /* reportContentsdataModel.swift */ = {isa = PBXFileReference; lastKnownFileType = sourcecode.swift; path = reportContentsdataModel.swift; sourceTree = "<group>"; };
		82BC45442B67BAA600FB2650 /* settingsPage.swift */ = {isa = PBXFileReference; lastKnownFileType = sourcecode.swift; path = settingsPage.swift; sourceTree = "<group>"; };
		82CC3A6D2C65AF1C00E346D2 /* crashTypes.swift */ = {isa = PBXFileReference; lastKnownFileType = sourcecode.swift; path = crashTypes.swift; sourceTree = "<group>"; };
		82D527F22B7654D000A9655D /* whiteBackdrop.png */ = {isa = PBXFileReference; lastKnownFileType = image.png; path = whiteBackdrop.png; sourceTree = "<group>"; };
		82D527F42B8ABB5C00A9655D /* versionControl.rtf */ = {isa = PBXFileReference; lastKnownFileType = text.rtf; path = versionControl.rtf; sourceTree = "<group>"; };
		82D9FB6E2C85650100A6513B /* previewDetailsViewController.swift */ = {isa = PBXFileReference; lastKnownFileType = sourcecode.swift; path = previewDetailsViewController.swift; sourceTree = "<group>"; };
		82E4A8292AFCE0A800BE1D8B /* RSAC.app */ = {isa = PBXFileReference; explicitFileType = wrapper.application; includeInIndex = 0; path = RSAC.app; sourceTree = BUILT_PRODUCTS_DIR; };
		82E4A82C2AFCE0A800BE1D8B /* AppDelegate.swift */ = {isa = PBXFileReference; lastKnownFileType = sourcecode.swift; path = AppDelegate.swift; sourceTree = "<group>"; };
		82E4A82E2AFCE0A800BE1D8B /* SceneDelegate.swift */ = {isa = PBXFileReference; lastKnownFileType = sourcecode.swift; path = SceneDelegate.swift; sourceTree = "<group>"; };
		82E4A8302AFCE0A800BE1D8B /* ViewController.swift */ = {isa = PBXFileReference; lastKnownFileType = sourcecode.swift; path = ViewController.swift; sourceTree = "<group>"; };
		82E4A8332AFCE0A800BE1D8B /* Base */ = {isa = PBXFileReference; lastKnownFileType = file.storyboard; name = Base; path = Base.lproj/Main.storyboard; sourceTree = "<group>"; };
		82E4A8352AFCE0AA00BE1D8B /* Assets.xcassets */ = {isa = PBXFileReference; lastKnownFileType = folder.assetcatalog; path = Assets.xcassets; sourceTree = "<group>"; };
		82E4A8382AFCE0AA00BE1D8B /* Base */ = {isa = PBXFileReference; lastKnownFileType = file.storyboard; name = Base; path = Base.lproj/LaunchScreen.storyboard; sourceTree = "<group>"; };
		82E4A83A2AFCE0AA00BE1D8B /* Info.plist */ = {isa = PBXFileReference; lastKnownFileType = text.plist.xml; path = Info.plist; sourceTree = "<group>"; };
		82E4A83F2AFCE0AA00BE1D8B /* RSACTests.xctest */ = {isa = PBXFileReference; explicitFileType = wrapper.cfbundle; includeInIndex = 0; path = RSACTests.xctest; sourceTree = BUILT_PRODUCTS_DIR; };
		82E4A8432AFCE0AA00BE1D8B /* RSACTests.swift */ = {isa = PBXFileReference; lastKnownFileType = sourcecode.swift; path = RSACTests.swift; sourceTree = "<group>"; };
		82E4A8492AFCE0AA00BE1D8B /* RSACUITests.xctest */ = {isa = PBXFileReference; explicitFileType = wrapper.cfbundle; includeInIndex = 0; path = RSACUITests.xctest; sourceTree = BUILT_PRODUCTS_DIR; };
		82E4A84D2AFCE0AA00BE1D8B /* RSACUITests.swift */ = {isa = PBXFileReference; lastKnownFileType = sourcecode.swift; path = RSACUITests.swift; sourceTree = "<group>"; };
		82E4A84F2AFCE0AA00BE1D8B /* RSACUITestsLaunchTests.swift */ = {isa = PBXFileReference; lastKnownFileType = sourcecode.swift; path = RSACUITestsLaunchTests.swift; sourceTree = "<group>"; };
		82E4A85F2AFCE54200BE1D8B /* Save.swift */ = {isa = PBXFileReference; fileEncoding = 4; lastKnownFileType = sourcecode.swift; path = Save.swift; sourceTree = "<group>"; };
		82E4A8602AFCE54200BE1D8B /* Load.swift */ = {isa = PBXFileReference; fileEncoding = 4; lastKnownFileType = sourcecode.swift; path = Load.swift; sourceTree = "<group>"; };
		82E4A8622AFCE54300BE1D8B /* auditCell.swift */ = {isa = PBXFileReference; fileEncoding = 4; lastKnownFileType = sourcecode.swift; path = auditCell.swift; sourceTree = "<group>"; };
		82E4A8632AFCE54300BE1D8B /* mainSearchView.swift */ = {isa = PBXFileReference; fileEncoding = 4; lastKnownFileType = sourcecode.swift; path = mainSearchView.swift; sourceTree = "<group>"; };
		82E4A8642AFCE54300BE1D8B /* searchList.swift */ = {isa = PBXFileReference; fileEncoding = 4; lastKnownFileType = sourcecode.swift; path = searchList.swift; sourceTree = "<group>"; };
		82E4A8652AFCE54300BE1D8B /* auditHeader.swift */ = {isa = PBXFileReference; fileEncoding = 4; lastKnownFileType = sourcecode.swift; path = auditHeader.swift; sourceTree = "<group>"; };
		82E4A8682AFCE54300BE1D8B /* SignUpControllerItems.swift */ = {isa = PBXFileReference; fileEncoding = 4; lastKnownFileType = sourcecode.swift; path = SignUpControllerItems.swift; sourceTree = "<group>"; };
		82E4A8692AFCE54300BE1D8B /* SignUpController.swift */ = {isa = PBXFileReference; fileEncoding = 4; lastKnownFileType = sourcecode.swift; path = SignUpController.swift; sourceTree = "<group>"; };
		82E4A86A2AFCE54300BE1D8B /* InitialSignUp.swift */ = {isa = PBXFileReference; fileEncoding = 4; lastKnownFileType = sourcecode.swift; path = InitialSignUp.swift; sourceTree = "<group>"; };
		82E4A86C2AFCE54300BE1D8B /* DP.swift */ = {isa = PBXFileReference; fileEncoding = 4; lastKnownFileType = sourcecode.swift; path = DP.swift; sourceTree = "<group>"; };
		82E4A86D2AFCE54300BE1D8B /* userData.swift */ = {isa = PBXFileReference; fileEncoding = 4; lastKnownFileType = sourcecode.swift; path = userData.swift; sourceTree = "<group>"; };
		82E4A86E2AFCE54300BE1D8B /* Alerts.swift */ = {isa = PBXFileReference; fileEncoding = 4; lastKnownFileType = sourcecode.swift; path = Alerts.swift; sourceTree = "<group>"; };
		82E4A8702AFCE54300BE1D8B /* newUser.swift */ = {isa = PBXFileReference; fileEncoding = 4; lastKnownFileType = sourcecode.swift; path = newUser.swift; sourceTree = "<group>"; };
		82E4A8712AFCE54300BE1D8B /* fundsAvaliable.swift */ = {isa = PBXFileReference; fileEncoding = 4; lastKnownFileType = sourcecode.swift; path = fundsAvaliable.swift; sourceTree = "<group>"; };
		82E4A8732AFCE54300BE1D8B /* LogIn.swift */ = {isa = PBXFileReference; fileEncoding = 4; lastKnownFileType = sourcecode.swift; path = LogIn.swift; sourceTree = "<group>"; };
		82E4A8752AFCE54400BE1D8B /* locationExtension.swift */ = {isa = PBXFileReference; fileEncoding = 4; lastKnownFileType = sourcecode.swift; path = locationExtension.swift; sourceTree = "<group>"; };
		82E4A8762AFCE54400BE1D8B /* locationView.swift */ = {isa = PBXFileReference; fileEncoding = 4; lastKnownFileType = sourcecode.swift; path = locationView.swift; sourceTree = "<group>"; };
		82E4A8772AFCE54400BE1D8B /* scopeDecription.swift */ = {isa = PBXFileReference; fileEncoding = 4; lastKnownFileType = sourcecode.swift; path = scopeDecription.swift; sourceTree = "<group>"; };
		82E4A8782AFCE54400BE1D8B /* createAudit.swift */ = {isa = PBXFileReference; fileEncoding = 4; lastKnownFileType = sourcecode.swift; path = createAudit.swift; sourceTree = "<group>"; };
		82E4A8792AFCE54400BE1D8B /* CategoryTableViewController.swift */ = {isa = PBXFileReference; fileEncoding = 4; lastKnownFileType = sourcecode.swift; path = CategoryTableViewController.swift; sourceTree = "<group>"; };
		82E4A87B2AFCE54400BE1D8B /* newAuditData.swift */ = {isa = PBXFileReference; fileEncoding = 4; lastKnownFileType = sourcecode.swift; path = newAuditData.swift; sourceTree = "<group>"; };
		82E4A87D2AFCE54400BE1D8B /* addAuditSites.swift */ = {isa = PBXFileReference; fileEncoding = 4; lastKnownFileType = sourcecode.swift; path = addAuditSites.swift; sourceTree = "<group>"; };
		82E4A87F2AFCE54400BE1D8B /* viewAuditHeaderMap.swift */ = {isa = PBXFileReference; fileEncoding = 4; lastKnownFileType = sourcecode.swift; path = viewAuditHeaderMap.swift; sourceTree = "<group>"; };
		82E4A8802AFCE54400BE1D8B /* viewAuditCell.swift */ = {isa = PBXFileReference; fileEncoding = 4; lastKnownFileType = sourcecode.swift; path = viewAuditCell.swift; sourceTree = "<group>"; };
		82E4A8812AFCE54400BE1D8B /* viewAuditList.swift */ = {isa = PBXFileReference; fileEncoding = 4; lastKnownFileType = sourcecode.swift; path = viewAuditList.swift; sourceTree = "<group>"; };
		82E4A8822AFCE54400BE1D8B /* addDescription.swift */ = {isa = PBXFileReference; fileEncoding = 4; lastKnownFileType = sourcecode.swift; path = addDescription.swift; sourceTree = "<group>"; };
		82E4A8832AFCE54400BE1D8B /* detailsCell.swift */ = {isa = PBXFileReference; fileEncoding = 4; lastKnownFileType = sourcecode.swift; path = detailsCell.swift; sourceTree = "<group>"; };
		82E4A8842AFCE54400BE1D8B /* addLocationExtension.swift */ = {isa = PBXFileReference; fileEncoding = 4; lastKnownFileType = sourcecode.swift; path = addLocationExtension.swift; sourceTree = "<group>"; };
		82E4A8862AFCE54400BE1D8B /* auditSiteData.swift */ = {isa = PBXFileReference; fileEncoding = 4; lastKnownFileType = sourcecode.swift; path = auditSiteData.swift; sourceTree = "<group>"; };
		82E4A8A42AFCE54D00BE1D8B /* extensionFiles.swift */ = {isa = PBXFileReference; fileEncoding = 4; lastKnownFileType = sourcecode.swift; path = extensionFiles.swift; sourceTree = "<group>"; };
		82E4A8A62AFCE55400BE1D8B /* firebase_logo_icon_168209.png */ = {isa = PBXFileReference; lastKnownFileType = image.png; path = firebase_logo_icon_168209.png; sourceTree = "<group>"; };
		82E4A8A72AFCE55500BE1D8B /* man.png */ = {isa = PBXFileReference; lastKnownFileType = image.png; path = man.png; sourceTree = "<group>"; };
		8A0CE8BAC64BC986E81712A2 /* Pods_RSACTests.framework */ = {isa = PBXFileReference; explicitFileType = wrapper.framework; includeInIndex = 0; path = Pods_RSACTests.framework; sourceTree = BUILT_PRODUCTS_DIR; };
		8F2239307DFE2A89784B0BE0 /* Pods-RSACTests.debug.xcconfig */ = {isa = PBXFileReference; includeInIndex = 1; lastKnownFileType = text.xcconfig; name = "Pods-RSACTests.debug.xcconfig"; path = "Target Support Files/Pods-RSACTests/Pods-RSACTests.debug.xcconfig"; sourceTree = "<group>"; };
		95D32C061B8913E82EC7104A /* Pods-RSAC.release.xcconfig */ = {isa = PBXFileReference; includeInIndex = 1; lastKnownFileType = text.xcconfig; name = "Pods-RSAC.release.xcconfig"; path = "Target Support Files/Pods-RSAC/Pods-RSAC.release.xcconfig"; sourceTree = "<group>"; };
		AB26AE6A025F1FAECD22B81D /* Pods_RSAC.framework */ = {isa = PBXFileReference; explicitFileType = wrapper.framework; includeInIndex = 0; path = Pods_RSAC.framework; sourceTree = BUILT_PRODUCTS_DIR; };
		E04ECA1B1A53B1EF921306D7 /* Pods-RSACTests.release.xcconfig */ = {isa = PBXFileReference; includeInIndex = 1; lastKnownFileType = text.xcconfig; name = "Pods-RSACTests.release.xcconfig"; path = "Target Support Files/Pods-RSACTests/Pods-RSACTests.release.xcconfig"; sourceTree = "<group>"; };
/* End PBXFileReference section */

/* Begin PBXFrameworksBuildPhase section */
		82E4A8262AFCE0A800BE1D8B /* Frameworks */ = {
			isa = PBXFrameworksBuildPhase;
			buildActionMask = 2147483647;
			files = (
				4E7E2B45B02535DAF5B6D7EB /* Pods_RSAC.framework in Frameworks */,
			);
			runOnlyForDeploymentPostprocessing = 0;
		};
		82E4A83C2AFCE0AA00BE1D8B /* Frameworks */ = {
			isa = PBXFrameworksBuildPhase;
			buildActionMask = 2147483647;
			files = (
				606ECF7B2210083BFF58FB4E /* Pods_RSACTests.framework in Frameworks */,
			);
			runOnlyForDeploymentPostprocessing = 0;
		};
		82E4A8462AFCE0AA00BE1D8B /* Frameworks */ = {
			isa = PBXFrameworksBuildPhase;
			buildActionMask = 2147483647;
			files = (
				AAABB02867C38E3E28A46E59 /* Pods_RSAC_RSACUITests.framework in Frameworks */,
			);
			runOnlyForDeploymentPostprocessing = 0;
		};
/* End PBXFrameworksBuildPhase section */

/* Begin PBXGroup section */
		71A566996DE2FD7BBBE95C14 /* Pods */ = {
			isa = PBXGroup;
			children = (
				2404DB0C6C558D9EFD3A2E85 /* Pods-RSAC.debug.xcconfig */,
				95D32C061B8913E82EC7104A /* Pods-RSAC.release.xcconfig */,
				32F2BD6ADC8A04D017CFF902 /* Pods-RSAC-RSACUITests.debug.xcconfig */,
				341624F7B473709BB6D19D7D /* Pods-RSAC-RSACUITests.release.xcconfig */,
				8F2239307DFE2A89784B0BE0 /* Pods-RSACTests.debug.xcconfig */,
				E04ECA1B1A53B1EF921306D7 /* Pods-RSACTests.release.xcconfig */,
			);
			path = Pods;
			sourceTree = "<group>";
		};
		82194AE72B5FA606009FEF7D /* ss - Observation as a Collection */ = {
			isa = PBXGroup;
			children = (
				8293110C2B0390CA006F4694 /* viewSiteSnaps.swift */,
				8293110F2B039128006F4694 /* viewSiteSnapsCell.swift */,
			);
			path = "ss - Observation as a Collection";
			sourceTree = "<group>";
		};
		82369D4D2BD4B55000B98749 /* dataModel */ = {
			isa = PBXGroup;
			children = (
				82369D4B2BD4B54D00B98749 /* reportConfigData.swift */,
			);
			path = dataModel;
			sourceTree = "<group>";
		};
		8236DD612B935EE600630F76 /* howToImages */ = {
			isa = PBXGroup;
			children = (
				8236DD622B935EFA00630F76 /* image1.png */,
				8236DD662B936F7300630F76 /* image2.png */,
				8236DD682B93704900630F76 /* image3.png */,
				8236DD6A2B93720E00630F76 /* image4.png */,
				8236DD6C2B93724700630F76 /* image5.png */,
			);
			path = howToImages;
			sourceTree = "<group>";
		};
		8236DD702BACED1A00630F76 /* listOfCollaborators */ = {
			isa = PBXGroup;
			children = (
				8236DD712BACED3500630F76 /* listOfUsers.swift */,
			);
			name = listOfCollaborators;
			sourceTree = "<group>";
		};
		82445D082B00FF6400319605 /* addSite */ = {
			isa = PBXGroup;
			children = (
				82445D0D2B0242D000319605 /* createSite Data Model */,
				829B945C2C8D70DF008207E5 /* addObservation.swift */,
				829B945E2C985712008207E5 /* editImage.swift */,
				82E4A87D2AFCE54400BE1D8B /* addAuditSites.swift */,
				82445D0B2B0100A000319605 /* createSite.swift */,
				82B023202B612AAE00DA87A3 /* addSiteDetails.swift */,
				82E4A8852AFCE54400BE1D8B /* addAuditSites Data Model */,
				82194AE52B5E8D68009FEF7D /* Observation.swift */,
				82CC3A6D2C65AF1C00E346D2 /* crashTypes.swift */,
				827DFF4E2B0E185600029EDE /* PDFkit.swift */,
				827DFF502B0E1BD300029EDE /* viewPDF.swift */,
				82B95F712C0AD5BD00EA706A /* buildReport.swift */,
				82B95F732C0DDCE300EA706A /* buildReportContentPage.swift */,
				82D9FB6E2C85650100A6513B /* previewDetailsViewController.swift */,
				82B95F772C0F282D00EA706A /* reportContentsDataModel */,
				82194AE72B5FA606009FEF7D /* ss - Observation as a Collection */,
				82445D0E2B0242E000319605 /* support */,
			);
			path = addSite;
			sourceTree = "<group>";
		};
		82445D0D2B0242D000319605 /* createSite Data Model */ = {
			isa = PBXGroup;
			children = (
				82445D092B00FF7D00319605 /* createSiteData.swift */,
			);
			path = "createSite Data Model";
			sourceTree = "<group>";
		};
		82445D0E2B0242E000319605 /* support */ = {
			isa = PBXGroup;
			children = (
				82E4A8822AFCE54400BE1D8B /* addDescription.swift */,
				82E4A8842AFCE54400BE1D8B /* addLocationExtension.swift */,
				82E4A8832AFCE54400BE1D8B /* detailsCell.swift */,
			);
			path = support;
			sourceTree = "<group>";
		};
		826577822B91A570000FB612 /* collaboration */ = {
			isa = PBXGroup;
			children = (
				826577852B91A85C000FB612 /* collaborationView.swift */,
				8236DD6E2B94684900630F76 /* QRReader.swift */,
				826577872B91AB54000FB612 /* dataModel */,
			);
			path = collaboration;
			sourceTree = "<group>";
		};
		826577872B91AB54000FB612 /* dataModel */ = {
			isa = PBXGroup;
			children = (
				826577882B91AB65000FB612 /* collaborationData.swift */,
				8265778A2B92A18A000FB612 /* collaborationAPI.swift */,
			);
			path = dataModel;
			sourceTree = "<group>";
		};
		829EBB3C2BF8463200783BB9 /* Ausroad guidelines */ = {
			isa = PBXGroup;
			children = (
				829EBB412BF8464B00783BB9 /* AGRS01-21_Guide_to_Road_Safety_Part_1_Introduction_Safe_System.pdf */,
				829EBB3F2BF8464A00783BB9 /* AGRS02-21_Guide_to_Road_Safety_Part_2_Safe_Roads.pdf */,
				829EBB3D2BF8464900783BB9 /* AGRS03-21_Guide_to_Road_Safety_Part_3_Safe_Speed.pdf */,
				829EBB422BF8464B00783BB9 /* AGRS04-21_Guide_to_Road_Safety_Part_4_Safe_People.pdf */,
				829EBB3E2BF8464900783BB9 /* AGRS05-21_Guide_to_Road_Safety_Part_5_Safe_Vehicles.pdf */,
				829EBB432BF8464B00783BB9 /* AGRS06-22_Guide_to_Road_Safety_Part-6_Road_Safety_Audit.pdf */,
				829EBB402BF8464A00783BB9 /* AGRS07-21_Guide_to_Road_Safety_Part_7_Road_Safety_Strategy_and_Management.pdf */,
				82B95F652BF8482300EA706A /* 1.jpeg */,
				82B95F632BF8482300EA706A /* 2.jpeg */,
				82B95F612BF8482300EA706A /* 3.jpeg */,
				82B95F642BF8482300EA706A /* 4.jpeg */,
				82B95F602BF8482200EA706A /* 5.jpeg */,
				82B95F5F2BF8482200EA706A /* 6.jpeg */,
				82B95F622BF8482300EA706A /* 7.jpeg */,
			);
			path = "Ausroad guidelines";
			sourceTree = "<group>";
		};
		82B95F5C2BF846E900EA706A /* Ausroad Files */ = {
			isa = PBXGroup;
			children = (
				82B95F5D2BF8471A00EA706A /* ausroadGuidelineCollection.swift */,
				82B95F6F2BF8E49F00EA706A /* viewGuidelinesPDF.swift */,
				82B95F6D2BF8BF0800EA706A /* headerFiles.swift */,
			);
			path = "Ausroad Files";
			sourceTree = "<group>";
		};
		82B95F772C0F282D00EA706A /* reportContentsDataModel */ = {
			isa = PBXGroup;
			children = (
				82B95F752C0F278600EA706A /* reportContentsdataModel.swift */,
			);
			name = reportContentsDataModel;
			sourceTree = "<group>";
		};
		82BC45432B67BA7300FB2650 /* settings */ = {
			isa = PBXGroup;
			children = (
				82B95F5C2BF846E900EA706A /* Ausroad Files */,
				82BC45442B67BAA600FB2650 /* settingsPage.swift */,
				82369D492BD4A90300B98749 /* reportConfig.swift */,
				8297D0052B74F41100450513 /* signatureViewController.swift */,
				82369D4D2BD4B55000B98749 /* dataModel */,
			);
			path = settings;
			sourceTree = "<group>";
		};
		82E4A8202AFCE0A800BE1D8B = {
			isa = PBXGroup;
			children = (
				829EBB3C2BF8463200783BB9 /* Ausroad guidelines */,
				82D527F42B8ABB5C00A9655D /* versionControl.rtf */,
				82E4A8A42AFCE54D00BE1D8B /* extensionFiles.swift */,
				82E4A82B2AFCE0A800BE1D8B /* RSAC */,
				82E4A8422AFCE0AA00BE1D8B /* RSACTests */,
				82E4A84C2AFCE0AA00BE1D8B /* RSACUITests */,
				82E4A82A2AFCE0A800BE1D8B /* Products */,
				71A566996DE2FD7BBBE95C14 /* Pods */,
				8F9091CB81CD27584CB72FC4 /* Frameworks */,
			);
			sourceTree = "<group>";
		};
		82E4A82A2AFCE0A800BE1D8B /* Products */ = {
			isa = PBXGroup;
			children = (
				82E4A8292AFCE0A800BE1D8B /* RSAC.app */,
				82E4A83F2AFCE0AA00BE1D8B /* RSACTests.xctest */,
				82E4A8492AFCE0AA00BE1D8B /* RSACUITests.xctest */,
			);
			name = Products;
			sourceTree = "<group>";
		};
		82E4A82B2AFCE0A800BE1D8B /* RSAC */ = {
			isa = PBXGroup;
			children = (
				82BC45432B67BA7300FB2650 /* settings */,
				82E4A85E2AFCE54200BE1D8B /* Firebase */,
				82E4A8662AFCE54300BE1D8B /* InitalView */,
				82E4A8612AFCE54300BE1D8B /* auditList */,
				82E4A8742AFCE54400BE1D8B /* createNewAudit */,
				82E4A87C2AFCE54400BE1D8B /* viewAudit */,
				826577822B91A570000FB612 /* collaboration */,
				82E4A82C2AFCE0A800BE1D8B /* AppDelegate.swift */,
				8236DD612B935EE600630F76 /* howToImages */,
				82E4A82E2AFCE0A800BE1D8B /* SceneDelegate.swift */,
				82E4A8302AFCE0A800BE1D8B /* ViewController.swift */,
				82E4A8322AFCE0A800BE1D8B /* Main.storyboard */,
				82E4A8352AFCE0AA00BE1D8B /* Assets.xcassets */,
				82E4A8372AFCE0AA00BE1D8B /* LaunchScreen.storyboard */,
				82E4A8A62AFCE55400BE1D8B /* firebase_logo_icon_168209.png */,
				82E4A8A72AFCE55500BE1D8B /* man.png */,
				82E4A83A2AFCE0AA00BE1D8B /* Info.plist */,
				824D559A2B8ACDC600197638 /* GoogleService-Info.plist */,
				82D527F22B7654D000A9655D /* whiteBackdrop.png */,
				826577802B8B1D0E000FB612 /* Road-auditIcon.jpg */,
				8297CFFC2B6F594100450513 /* Road-audit.png */,
				8297D0032B70F9B500450513 /* iPhone-14-_-15-Pro-Max---1-(19).jpg */,
				8297D0012B70F99700450513 /* iPhone 14 _ 15 Pro Max - 1 (19).png */,
			);
			path = RSAC;
			sourceTree = "<group>";
		};
		82E4A8422AFCE0AA00BE1D8B /* RSACTests */ = {
			isa = PBXGroup;
			children = (
				82E4A8432AFCE0AA00BE1D8B /* RSACTests.swift */,
			);
			path = RSACTests;
			sourceTree = "<group>";
		};
		82E4A84C2AFCE0AA00BE1D8B /* RSACUITests */ = {
			isa = PBXGroup;
			children = (
				82E4A84D2AFCE0AA00BE1D8B /* RSACUITests.swift */,
				82E4A84F2AFCE0AA00BE1D8B /* RSACUITestsLaunchTests.swift */,
			);
			path = RSACUITests;
			sourceTree = "<group>";
		};
		82E4A85E2AFCE54200BE1D8B /* Firebase */ = {
			isa = PBXGroup;
			children = (
				82E4A85F2AFCE54200BE1D8B /* Save.swift */,
				82E4A8602AFCE54200BE1D8B /* Load.swift */,
			);
			path = Firebase;
			sourceTree = "<group>";
		};
		82E4A8612AFCE54300BE1D8B /* auditList */ = {
			isa = PBXGroup;
			children = (
				82E4A8622AFCE54300BE1D8B /* auditCell.swift */,
				82E4A8632AFCE54300BE1D8B /* mainSearchView.swift */,
				82E4A8642AFCE54300BE1D8B /* searchList.swift */,
				82E4A8652AFCE54300BE1D8B /* auditHeader.swift */,
			);
			path = auditList;
			sourceTree = "<group>";
		};
		82E4A8662AFCE54300BE1D8B /* InitalView */ = {
			isa = PBXGroup;
			children = (
				82E4A8672AFCE54300BE1D8B /* SignUp */,
				82E4A8722AFCE54300BE1D8B /* LogIn */,
			);
			path = InitalView;
			sourceTree = "<group>";
		};
		82E4A8672AFCE54300BE1D8B /* SignUp */ = {
			isa = PBXGroup;
			children = (
				82E4A8682AFCE54300BE1D8B /* SignUpControllerItems.swift */,
				82E4A8692AFCE54300BE1D8B /* SignUpController.swift */,
				82E4A86A2AFCE54300BE1D8B /* InitialSignUp.swift */,
				82E4A86B2AFCE54300BE1D8B /* functions */,
				82E4A86F2AFCE54300BE1D8B /* dataModel */,
			);
			path = SignUp;
			sourceTree = "<group>";
		};
		82E4A86B2AFCE54300BE1D8B /* functions */ = {
			isa = PBXGroup;
			children = (
				82E4A86C2AFCE54300BE1D8B /* DP.swift */,
				82E4A86D2AFCE54300BE1D8B /* userData.swift */,
				82E4A86E2AFCE54300BE1D8B /* Alerts.swift */,
			);
			path = functions;
			sourceTree = "<group>";
		};
		82E4A86F2AFCE54300BE1D8B /* dataModel */ = {
			isa = PBXGroup;
			children = (
				82E4A8702AFCE54300BE1D8B /* newUser.swift */,
				82E4A8712AFCE54300BE1D8B /* fundsAvaliable.swift */,
			);
			path = dataModel;
			sourceTree = "<group>";
		};
		82E4A8722AFCE54300BE1D8B /* LogIn */ = {
			isa = PBXGroup;
			children = (
				82E4A8732AFCE54300BE1D8B /* LogIn.swift */,
			);
			path = LogIn;
			sourceTree = "<group>";
		};
		82E4A8742AFCE54400BE1D8B /* createNewAudit */ = {
			isa = PBXGroup;
			children = (
				82E4A8782AFCE54400BE1D8B /* createAudit.swift */,
				82E4A8752AFCE54400BE1D8B /* locationExtension.swift */,
				82E4A8762AFCE54400BE1D8B /* locationView.swift */,
				82E4A8772AFCE54400BE1D8B /* scopeDecription.swift */,
				82E4A8792AFCE54400BE1D8B /* CategoryTableViewController.swift */,
				82E4A87A2AFCE54400BE1D8B /* data model */,
			);
			path = createNewAudit;
			sourceTree = "<group>";
		};
		82E4A87A2AFCE54400BE1D8B /* data model */ = {
			isa = PBXGroup;
			children = (
				82E4A87B2AFCE54400BE1D8B /* newAuditData.swift */,
			);
			path = "data model";
			sourceTree = "<group>";
		};
		82E4A87C2AFCE54400BE1D8B /* viewAudit */ = {
			isa = PBXGroup;
			children = (
				82E4A87E2AFCE54400BE1D8B /* viewAudit */,
				82445D082B00FF6400319605 /* addSite */,
			);
			path = viewAudit;
			sourceTree = "<group>";
		};
		82E4A87E2AFCE54400BE1D8B /* viewAudit */ = {
			isa = PBXGroup;
			children = (
				8236DD702BACED1A00630F76 /* listOfCollaborators */,
				82E4A87F2AFCE54400BE1D8B /* viewAuditHeaderMap.swift */,
				82E4A8802AFCE54400BE1D8B /* viewAuditCell.swift */,
				8236DD732BAD02E400630F76 /* listOfUsersCell.swift */,
				822BF9032B4C0B75003A141C /* viewSiteStage.swift */,
				82E4A8812AFCE54400BE1D8B /* viewAuditList.swift */,
			);
			path = viewAudit;
			sourceTree = "<group>";
		};
		82E4A8852AFCE54400BE1D8B /* addAuditSites Data Model */ = {
			isa = PBXGroup;
			children = (
				82E4A8862AFCE54400BE1D8B /* auditSiteData.swift */,
			);
			path = "addAuditSites Data Model";
			sourceTree = "<group>";
		};
		8F9091CB81CD27584CB72FC4 /* Frameworks */ = {
			isa = PBXGroup;
			children = (
				AB26AE6A025F1FAECD22B81D /* Pods_RSAC.framework */,
				6A079439DF94C0F3899492E6 /* Pods_RSAC_RSACUITests.framework */,
				8A0CE8BAC64BC986E81712A2 /* Pods_RSACTests.framework */,
			);
			name = Frameworks;
			sourceTree = "<group>";
		};
/* End PBXGroup section */

/* Begin PBXNativeTarget section */
		82E4A8282AFCE0A800BE1D8B /* RSAC */ = {
			isa = PBXNativeTarget;
			buildConfigurationList = 82E4A8532AFCE0AA00BE1D8B /* Build configuration list for PBXNativeTarget "RSAC" */;
			buildPhases = (
				49C8A631A2CFA7AA1F88F590 /* [CP] Check Pods Manifest.lock */,
				82E4A8252AFCE0A800BE1D8B /* Sources */,
				82E4A8262AFCE0A800BE1D8B /* Frameworks */,
				82E4A8272AFCE0A800BE1D8B /* Resources */,
				910BCB07643ED92D140C9BA2 /* [CP] Embed Pods Frameworks */,
			);
			buildRules = (
			);
			dependencies = (
			);
			name = RSAC;
			productName = RSAC;
			productReference = 82E4A8292AFCE0A800BE1D8B /* RSAC.app */;
			productType = "com.apple.product-type.application";
		};
		82E4A83E2AFCE0AA00BE1D8B /* RSACTests */ = {
			isa = PBXNativeTarget;
			buildConfigurationList = 82E4A8562AFCE0AA00BE1D8B /* Build configuration list for PBXNativeTarget "RSACTests" */;
			buildPhases = (
				FB0FF5C6567113F3DA7569B9 /* [CP] Check Pods Manifest.lock */,
				82E4A83B2AFCE0AA00BE1D8B /* Sources */,
				82E4A83C2AFCE0AA00BE1D8B /* Frameworks */,
				82E4A83D2AFCE0AA00BE1D8B /* Resources */,
			);
			buildRules = (
			);
			dependencies = (
				82E4A8412AFCE0AA00BE1D8B /* PBXTargetDependency */,
			);
			name = RSACTests;
			productName = RSACTests;
			productReference = 82E4A83F2AFCE0AA00BE1D8B /* RSACTests.xctest */;
			productType = "com.apple.product-type.bundle.unit-test";
		};
		82E4A8482AFCE0AA00BE1D8B /* RSACUITests */ = {
			isa = PBXNativeTarget;
			buildConfigurationList = 82E4A8592AFCE0AA00BE1D8B /* Build configuration list for PBXNativeTarget "RSACUITests" */;
			buildPhases = (
				1B5BAF1F4F7A8ADF12875E18 /* [CP] Check Pods Manifest.lock */,
				82E4A8452AFCE0AA00BE1D8B /* Sources */,
				82E4A8462AFCE0AA00BE1D8B /* Frameworks */,
				82E4A8472AFCE0AA00BE1D8B /* Resources */,
				6157A9BBD995B093BC8A42C7 /* [CP] Embed Pods Frameworks */,
			);
			buildRules = (
			);
			dependencies = (
				82E4A84B2AFCE0AA00BE1D8B /* PBXTargetDependency */,
			);
			name = RSACUITests;
			productName = RSACUITests;
			productReference = 82E4A8492AFCE0AA00BE1D8B /* RSACUITests.xctest */;
			productType = "com.apple.product-type.bundle.ui-testing";
		};
/* End PBXNativeTarget section */

/* Begin PBXProject section */
		82E4A8212AFCE0A800BE1D8B /* Project object */ = {
			isa = PBXProject;
			attributes = {
				BuildIndependentTargetsInParallel = 1;
				LastSwiftUpdateCheck = 1430;
				LastUpgradeCheck = 1540;
				TargetAttributes = {
					82E4A8282AFCE0A800BE1D8B = {
						CreatedOnToolsVersion = 14.3.1;
					};
					82E4A83E2AFCE0AA00BE1D8B = {
						CreatedOnToolsVersion = 14.3.1;
						TestTargetID = 82E4A8282AFCE0A800BE1D8B;
					};
					82E4A8482AFCE0AA00BE1D8B = {
						CreatedOnToolsVersion = 14.3.1;
						TestTargetID = 82E4A8282AFCE0A800BE1D8B;
					};
				};
			};
			buildConfigurationList = 82E4A8242AFCE0A800BE1D8B /* Build configuration list for PBXProject "RSAC" */;
			compatibilityVersion = "Xcode 14.0";
			developmentRegion = en;
			hasScannedForEncodings = 0;
			knownRegions = (
				en,
				Base,
			);
			mainGroup = 82E4A8202AFCE0A800BE1D8B;
			productRefGroup = 82E4A82A2AFCE0A800BE1D8B /* Products */;
			projectDirPath = "";
			projectRoot = "";
			targets = (
				82E4A8282AFCE0A800BE1D8B /* RSAC */,
				82E4A83E2AFCE0AA00BE1D8B /* RSACTests */,
				82E4A8482AFCE0AA00BE1D8B /* RSACUITests */,
			);
		};
/* End PBXProject section */

/* Begin PBXResourcesBuildPhase section */
		82E4A8272AFCE0A800BE1D8B /* Resources */ = {
			isa = PBXResourcesBuildPhase;
			buildActionMask = 2147483647;
			files = (
				82B95F662BF8482400EA706A /* 6.jpeg in Resources */,
				82B95F692BF8482400EA706A /* 7.jpeg in Resources */,
				8236DD6D2B93724700630F76 /* image5.png in Resources */,
				82B95F6C2BF8482400EA706A /* 1.jpeg in Resources */,
				8236DD632B935EFA00630F76 /* image1.png in Resources */,
				829EBB452BF8464B00783BB9 /* AGRS05-21_Guide_to_Road_Safety_Part_5_Safe_Vehicles.pdf in Resources */,
				82D527F52B8ABB5C00A9655D /* versionControl.rtf in Resources */,
				829EBB482BF8464B00783BB9 /* AGRS01-21_Guide_to_Road_Safety_Part_1_Introduction_Safe_System.pdf in Resources */,
				829EBB4A2BF8464B00783BB9 /* AGRS06-22_Guide_to_Road_Safety_Part-6_Road_Safety_Audit.pdf in Resources */,
				8236DD6B2B93720E00630F76 /* image4.png in Resources */,
				82E4A8A92AFCE55500BE1D8B /* man.png in Resources */,
				82B95F6B2BF8482400EA706A /* 4.jpeg in Resources */,
				829EBB442BF8464B00783BB9 /* AGRS03-21_Guide_to_Road_Safety_Part_3_Safe_Speed.pdf in Resources */,
				829EBB462BF8464B00783BB9 /* AGRS02-21_Guide_to_Road_Safety_Part_2_Safe_Roads.pdf in Resources */,
				824D559B2B8ACDC700197638 /* GoogleService-Info.plist in Resources */,
				82B95F682BF8482400EA706A /* 3.jpeg in Resources */,
				82D527F32B7654D000A9655D /* whiteBackdrop.png in Resources */,
				82B95F672BF8482400EA706A /* 5.jpeg in Resources */,
				8236DD672B936F7300630F76 /* image2.png in Resources */,
				8297D0042B70F9B500450513 /* iPhone-14-_-15-Pro-Max---1-(19).jpg in Resources */,
				82B95F6A2BF8482400EA706A /* 2.jpeg in Resources */,
				829EBB472BF8464B00783BB9 /* AGRS07-21_Guide_to_Road_Safety_Part_7_Road_Safety_Strategy_and_Management.pdf in Resources */,
				8297CFFD2B6F594100450513 /* Road-audit.png in Resources */,
				82E4A8392AFCE0AA00BE1D8B /* LaunchScreen.storyboard in Resources */,
				82E4A8362AFCE0AA00BE1D8B /* Assets.xcassets in Resources */,
				829EBB492BF8464B00783BB9 /* AGRS04-21_Guide_to_Road_Safety_Part_4_Safe_People.pdf in Resources */,
				826577812B8B1D0E000FB612 /* Road-auditIcon.jpg in Resources */,
				8297D0022B70F99700450513 /* iPhone 14 _ 15 Pro Max - 1 (19).png in Resources */,
				82E4A8342AFCE0A800BE1D8B /* Main.storyboard in Resources */,
				8236DD692B93704900630F76 /* image3.png in Resources */,
				82E4A8A82AFCE55500BE1D8B /* firebase_logo_icon_168209.png in Resources */,
			);
			runOnlyForDeploymentPostprocessing = 0;
		};
		82E4A83D2AFCE0AA00BE1D8B /* Resources */ = {
			isa = PBXResourcesBuildPhase;
			buildActionMask = 2147483647;
			files = (
			);
			runOnlyForDeploymentPostprocessing = 0;
		};
		82E4A8472AFCE0AA00BE1D8B /* Resources */ = {
			isa = PBXResourcesBuildPhase;
			buildActionMask = 2147483647;
			files = (
			);
			runOnlyForDeploymentPostprocessing = 0;
		};
/* End PBXResourcesBuildPhase section */

/* Begin PBXShellScriptBuildPhase section */
		1B5BAF1F4F7A8ADF12875E18 /* [CP] Check Pods Manifest.lock */ = {
			isa = PBXShellScriptBuildPhase;
			buildActionMask = 2147483647;
			files = (
			);
			inputFileListPaths = (
			);
			inputPaths = (
				"${PODS_PODFILE_DIR_PATH}/Podfile.lock",
				"${PODS_ROOT}/Manifest.lock",
			);
			name = "[CP] Check Pods Manifest.lock";
			outputFileListPaths = (
			);
			outputPaths = (
				"$(DERIVED_FILE_DIR)/Pods-RSAC-RSACUITests-checkManifestLockResult.txt",
			);
			runOnlyForDeploymentPostprocessing = 0;
			shellPath = /bin/sh;
			shellScript = "diff \"${PODS_PODFILE_DIR_PATH}/Podfile.lock\" \"${PODS_ROOT}/Manifest.lock\" > /dev/null\nif [ $? != 0 ] ; then\n    # print error to STDERR\n    echo \"error: The sandbox is not in sync with the Podfile.lock. Run 'pod install' or update your CocoaPods installation.\" >&2\n    exit 1\nfi\n# This output is used by Xcode 'outputs' to avoid re-running this script phase.\necho \"SUCCESS\" > \"${SCRIPT_OUTPUT_FILE_0}\"\n";
			showEnvVarsInLog = 0;
		};
		49C8A631A2CFA7AA1F88F590 /* [CP] Check Pods Manifest.lock */ = {
			isa = PBXShellScriptBuildPhase;
			buildActionMask = 2147483647;
			files = (
			);
			inputFileListPaths = (
			);
			inputPaths = (
				"${PODS_PODFILE_DIR_PATH}/Podfile.lock",
				"${PODS_ROOT}/Manifest.lock",
			);
			name = "[CP] Check Pods Manifest.lock";
			outputFileListPaths = (
			);
			outputPaths = (
				"$(DERIVED_FILE_DIR)/Pods-RSAC-checkManifestLockResult.txt",
			);
			runOnlyForDeploymentPostprocessing = 0;
			shellPath = /bin/sh;
			shellScript = "diff \"${PODS_PODFILE_DIR_PATH}/Podfile.lock\" \"${PODS_ROOT}/Manifest.lock\" > /dev/null\nif [ $? != 0 ] ; then\n    # print error to STDERR\n    echo \"error: The sandbox is not in sync with the Podfile.lock. Run 'pod install' or update your CocoaPods installation.\" >&2\n    exit 1\nfi\n# This output is used by Xcode 'outputs' to avoid re-running this script phase.\necho \"SUCCESS\" > \"${SCRIPT_OUTPUT_FILE_0}\"\n";
			showEnvVarsInLog = 0;
		};
		6157A9BBD995B093BC8A42C7 /* [CP] Embed Pods Frameworks */ = {
			isa = PBXShellScriptBuildPhase;
			buildActionMask = 2147483647;
			files = (
			);
			inputFileListPaths = (
				"${PODS_ROOT}/Target Support Files/Pods-RSAC-RSACUITests/Pods-RSAC-RSACUITests-frameworks-${CONFIGURATION}-input-files.xcfilelist",
			);
			name = "[CP] Embed Pods Frameworks";
			outputFileListPaths = (
				"${PODS_ROOT}/Target Support Files/Pods-RSAC-RSACUITests/Pods-RSAC-RSACUITests-frameworks-${CONFIGURATION}-output-files.xcfilelist",
			);
			runOnlyForDeploymentPostprocessing = 0;
			shellPath = /bin/sh;
			shellScript = "\"${PODS_ROOT}/Target Support Files/Pods-RSAC-RSACUITests/Pods-RSAC-RSACUITests-frameworks.sh\"\n";
			showEnvVarsInLog = 0;
		};
		910BCB07643ED92D140C9BA2 /* [CP] Embed Pods Frameworks */ = {
			isa = PBXShellScriptBuildPhase;
			buildActionMask = 12;
			files = (
			);
			inputFileListPaths = (
				"${PODS_ROOT}/Target Support Files/Pods-RSAC/Pods-RSAC-frameworks-${CONFIGURATION}-input-files.xcfilelist",
			);
			name = "[CP] Embed Pods Frameworks";
			outputFileListPaths = (
				"${PODS_ROOT}/Target Support Files/Pods-RSAC/Pods-RSAC-frameworks-${CONFIGURATION}-output-files.xcfilelist",
			);
			runOnlyForDeploymentPostprocessing = 0;
			shellPath = /bin/sh;
			shellScript = "\"${PODS_ROOT}/Target Support Files/Pods-RSAC/Pods-RSAC-frameworks.sh\"\n";
			showEnvVarsInLog = 0;
		};
		FB0FF5C6567113F3DA7569B9 /* [CP] Check Pods Manifest.lock */ = {
			isa = PBXShellScriptBuildPhase;
			buildActionMask = 2147483647;
			files = (
			);
			inputFileListPaths = (
			);
			inputPaths = (
				"${PODS_PODFILE_DIR_PATH}/Podfile.lock",
				"${PODS_ROOT}/Manifest.lock",
			);
			name = "[CP] Check Pods Manifest.lock";
			outputFileListPaths = (
			);
			outputPaths = (
				"$(DERIVED_FILE_DIR)/Pods-RSACTests-checkManifestLockResult.txt",
			);
			runOnlyForDeploymentPostprocessing = 0;
			shellPath = /bin/sh;
			shellScript = "diff \"${PODS_PODFILE_DIR_PATH}/Podfile.lock\" \"${PODS_ROOT}/Manifest.lock\" > /dev/null\nif [ $? != 0 ] ; then\n    # print error to STDERR\n    echo \"error: The sandbox is not in sync with the Podfile.lock. Run 'pod install' or update your CocoaPods installation.\" >&2\n    exit 1\nfi\n# This output is used by Xcode 'outputs' to avoid re-running this script phase.\necho \"SUCCESS\" > \"${SCRIPT_OUTPUT_FILE_0}\"\n";
			showEnvVarsInLog = 0;
		};
/* End PBXShellScriptBuildPhase section */

/* Begin PBXSourcesBuildPhase section */
		82E4A8252AFCE0A800BE1D8B /* Sources */ = {
			isa = PBXSourcesBuildPhase;
			buildActionMask = 2147483647;
			files = (
				82CC3A6E2C65AF1C00E346D2 /* crashTypes.swift in Sources */,
				82B95F722C0AD5BD00EA706A /* buildReport.swift in Sources */,
				8236DD722BACED3500630F76 /* listOfUsers.swift in Sources */,
				82E4A8982AFCE54400BE1D8B /* scopeDecription.swift in Sources */,
				82E4A8872AFCE54400BE1D8B /* Save.swift in Sources */,
				822BF9042B4C0B75003A141C /* viewSiteStage.swift in Sources */,
				82E4A8932AFCE54400BE1D8B /* newUser.swift in Sources */,
				8293110D2B0390CA006F4694 /* viewSiteSnaps.swift in Sources */,
				82E4A8922AFCE54400BE1D8B /* Alerts.swift in Sources */,
				826577862B91A85C000FB612 /* collaborationView.swift in Sources */,
				82E4A8882AFCE54400BE1D8B /* Load.swift in Sources */,
				8265778B2B92A18B000FB612 /* collaborationAPI.swift in Sources */,
				82E4A88F2AFCE54400BE1D8B /* InitialSignUp.swift in Sources */,
				82B95F5E2BF8471A00EA706A /* ausroadGuidelineCollection.swift in Sources */,
				82E4A8A52AFCE54D00BE1D8B /* extensionFiles.swift in Sources */,
				82E4A8A02AFCE54400BE1D8B /* addDescription.swift in Sources */,
				827DFF4F2B0E185600029EDE /* PDFkit.swift in Sources */,
				82445D0A2B00FF7D00319605 /* createSiteData.swift in Sources */,
				82E4A8312AFCE0A800BE1D8B /* ViewController.swift in Sources */,
				82369D4A2BD4A90300B98749 /* reportConfig.swift in Sources */,
				82194AE62B5E8D68009FEF7D /* Observation.swift in Sources */,
				82E4A89C2AFCE54400BE1D8B /* addAuditSites.swift in Sources */,
				82E4A88A2AFCE54400BE1D8B /* mainSearchView.swift in Sources */,
				829B945F2C985712008207E5 /* editImage.swift in Sources */,
				82E4A89B2AFCE54400BE1D8B /* newAuditData.swift in Sources */,
				82D9FB6F2C85650100A6513B /* previewDetailsViewController.swift in Sources */,
				82E4A8952AFCE54400BE1D8B /* LogIn.swift in Sources */,
				82E4A82D2AFCE0A800BE1D8B /* AppDelegate.swift in Sources */,
				82E4A8902AFCE54400BE1D8B /* DP.swift in Sources */,
				82BC45452B67BAA600FB2650 /* settingsPage.swift in Sources */,
				82E4A8A22AFCE54400BE1D8B /* addLocationExtension.swift in Sources */,
				82E4A88B2AFCE54400BE1D8B /* searchList.swift in Sources */,
				82E4A82F2AFCE0A800BE1D8B /* SceneDelegate.swift in Sources */,
				82B023212B612AAE00DA87A3 /* addSiteDetails.swift in Sources */,
				82E4A8992AFCE54400BE1D8B /* createAudit.swift in Sources */,
				82B95F742C0DDCE300EA706A /* buildReportContentPage.swift in Sources */,
				827DFF512B0E1BD300029EDE /* viewPDF.swift in Sources */,
				82445D0C2B0100A000319605 /* createSite.swift in Sources */,
				82E4A8962AFCE54400BE1D8B /* locationExtension.swift in Sources */,
				82369D4C2BD4B54D00B98749 /* reportConfigData.swift in Sources */,
				8236DD6F2B94684900630F76 /* QRReader.swift in Sources */,
				8297D0062B74F41100450513 /* signatureViewController.swift in Sources */,
				82E4A89A2AFCE54400BE1D8B /* CategoryTableViewController.swift in Sources */,
				829311102B039128006F4694 /* viewSiteSnapsCell.swift in Sources */,
				82E4A89E2AFCE54400BE1D8B /* viewAuditCell.swift in Sources */,
				829B945D2C8D70DF008207E5 /* addObservation.swift in Sources */,
				8236DD742BAD02E400630F76 /* listOfUsersCell.swift in Sources */,
				82E4A8892AFCE54400BE1D8B /* auditCell.swift in Sources */,
				82E4A89F2AFCE54400BE1D8B /* viewAuditList.swift in Sources */,
				82B95F702BF8E4A000EA706A /* viewGuidelinesPDF.swift in Sources */,
				82E4A8A12AFCE54400BE1D8B /* detailsCell.swift in Sources */,
				826577892B91AB65000FB612 /* collaborationData.swift in Sources */,
				82E4A8942AFCE54400BE1D8B /* fundsAvaliable.swift in Sources */,
				82E4A89D2AFCE54400BE1D8B /* viewAuditHeaderMap.swift in Sources */,
				82E4A8912AFCE54400BE1D8B /* userData.swift in Sources */,
				82B95F762C0F278600EA706A /* reportContentsdataModel.swift in Sources */,
				82E4A8A32AFCE54400BE1D8B /* auditSiteData.swift in Sources */,
				82E4A88D2AFCE54400BE1D8B /* SignUpControllerItems.swift in Sources */,
				82B95F6E2BF8BF0800EA706A /* headerFiles.swift in Sources */,
				82E4A8972AFCE54400BE1D8B /* locationView.swift in Sources */,
				82E4A88E2AFCE54400BE1D8B /* SignUpController.swift in Sources */,
				82E4A88C2AFCE54400BE1D8B /* auditHeader.swift in Sources */,
			);
			runOnlyForDeploymentPostprocessing = 0;
		};
		82E4A83B2AFCE0AA00BE1D8B /* Sources */ = {
			isa = PBXSourcesBuildPhase;
			buildActionMask = 2147483647;
			files = (
				82E4A8442AFCE0AA00BE1D8B /* RSACTests.swift in Sources */,
			);
			runOnlyForDeploymentPostprocessing = 0;
		};
		82E4A8452AFCE0AA00BE1D8B /* Sources */ = {
			isa = PBXSourcesBuildPhase;
			buildActionMask = 2147483647;
			files = (
				82E4A84E2AFCE0AA00BE1D8B /* RSACUITests.swift in Sources */,
				82E4A8502AFCE0AA00BE1D8B /* RSACUITestsLaunchTests.swift in Sources */,
			);
			runOnlyForDeploymentPostprocessing = 0;
		};
/* End PBXSourcesBuildPhase section */

/* Begin PBXTargetDependency section */
		82E4A8412AFCE0AA00BE1D8B /* PBXTargetDependency */ = {
			isa = PBXTargetDependency;
			target = 82E4A8282AFCE0A800BE1D8B /* RSAC */;
			targetProxy = 82E4A8402AFCE0AA00BE1D8B /* PBXContainerItemProxy */;
		};
		82E4A84B2AFCE0AA00BE1D8B /* PBXTargetDependency */ = {
			isa = PBXTargetDependency;
			target = 82E4A8282AFCE0A800BE1D8B /* RSAC */;
			targetProxy = 82E4A84A2AFCE0AA00BE1D8B /* PBXContainerItemProxy */;
		};
/* End PBXTargetDependency section */

/* Begin PBXVariantGroup section */
		82E4A8322AFCE0A800BE1D8B /* Main.storyboard */ = {
			isa = PBXVariantGroup;
			children = (
				82E4A8332AFCE0A800BE1D8B /* Base */,
			);
			name = Main.storyboard;
			sourceTree = "<group>";
		};
		82E4A8372AFCE0AA00BE1D8B /* LaunchScreen.storyboard */ = {
			isa = PBXVariantGroup;
			children = (
				82E4A8382AFCE0AA00BE1D8B /* Base */,
			);
			name = LaunchScreen.storyboard;
			sourceTree = "<group>";
		};
/* End PBXVariantGroup section */

/* Begin XCBuildConfiguration section */
		82E4A8512AFCE0AA00BE1D8B /* Debug */ = {
			isa = XCBuildConfiguration;
			buildSettings = {
				ALWAYS_SEARCH_USER_PATHS = NO;
				CLANG_ANALYZER_NONNULL = YES;
				CLANG_ANALYZER_NUMBER_OBJECT_CONVERSION = YES_AGGRESSIVE;
				CLANG_CXX_LANGUAGE_STANDARD = "gnu++20";
				CLANG_ENABLE_MODULES = YES;
				CLANG_ENABLE_OBJC_ARC = YES;
				CLANG_ENABLE_OBJC_WEAK = YES;
				CLANG_WARN_BLOCK_CAPTURE_AUTORELEASING = YES;
				CLANG_WARN_BOOL_CONVERSION = YES;
				CLANG_WARN_COMMA = YES;
				CLANG_WARN_CONSTANT_CONVERSION = YES;
				CLANG_WARN_DEPRECATED_OBJC_IMPLEMENTATIONS = YES;
				CLANG_WARN_DIRECT_OBJC_ISA_USAGE = YES_ERROR;
				CLANG_WARN_DOCUMENTATION_COMMENTS = YES;
				CLANG_WARN_EMPTY_BODY = YES;
				CLANG_WARN_ENUM_CONVERSION = YES;
				CLANG_WARN_INFINITE_RECURSION = YES;
				CLANG_WARN_INT_CONVERSION = YES;
				CLANG_WARN_NON_LITERAL_NULL_CONVERSION = YES;
				CLANG_WARN_OBJC_IMPLICIT_RETAIN_SELF = YES;
				CLANG_WARN_OBJC_LITERAL_CONVERSION = YES;
				CLANG_WARN_OBJC_ROOT_CLASS = YES_ERROR;
				CLANG_WARN_QUOTED_INCLUDE_IN_FRAMEWORK_HEADER = YES;
				CLANG_WARN_RANGE_LOOP_ANALYSIS = YES;
				CLANG_WARN_STRICT_PROTOTYPES = YES;
				CLANG_WARN_SUSPICIOUS_MOVE = YES;
				CLANG_WARN_UNGUARDED_AVAILABILITY = YES_AGGRESSIVE;
				CLANG_WARN_UNREACHABLE_CODE = YES;
				CLANG_WARN__DUPLICATE_METHOD_MATCH = YES;
				COPY_PHASE_STRIP = NO;
				DEBUG_INFORMATION_FORMAT = dwarf;
				ENABLE_STRICT_OBJC_MSGSEND = YES;
				ENABLE_TESTABILITY = YES;
				GCC_C_LANGUAGE_STANDARD = gnu11;
				GCC_DYNAMIC_NO_PIC = NO;
				GCC_NO_COMMON_BLOCKS = YES;
				GCC_OPTIMIZATION_LEVEL = 0;
				GCC_PREPROCESSOR_DEFINITIONS = (
					"DEBUG=1",
					"$(inherited)",
				);
				GCC_WARN_64_TO_32_BIT_CONVERSION = YES;
				GCC_WARN_ABOUT_RETURN_TYPE = YES_ERROR;
				GCC_WARN_UNDECLARED_SELECTOR = YES;
				GCC_WARN_UNINITIALIZED_AUTOS = YES_AGGRESSIVE;
				GCC_WARN_UNUSED_FUNCTION = YES;
				GCC_WARN_UNUSED_VARIABLE = YES;
				IPHONEOS_DEPLOYMENT_TARGET = 15.0;
				MTL_ENABLE_DEBUG_INFO = INCLUDE_SOURCE;
				MTL_FAST_MATH = YES;
				ONLY_ACTIVE_ARCH = YES;
				SDKROOT = iphoneos;
				SWIFT_ACTIVE_COMPILATION_CONDITIONS = DEBUG;
				SWIFT_OPTIMIZATION_LEVEL = "-Onone";
			};
			name = Debug;
		};
		82E4A8522AFCE0AA00BE1D8B /* Release */ = {
			isa = XCBuildConfiguration;
			buildSettings = {
				ALWAYS_SEARCH_USER_PATHS = NO;
				CLANG_ANALYZER_NONNULL = YES;
				CLANG_ANALYZER_NUMBER_OBJECT_CONVERSION = YES_AGGRESSIVE;
				CLANG_CXX_LANGUAGE_STANDARD = "gnu++20";
				CLANG_ENABLE_MODULES = YES;
				CLANG_ENABLE_OBJC_ARC = YES;
				CLANG_ENABLE_OBJC_WEAK = YES;
				CLANG_WARN_BLOCK_CAPTURE_AUTORELEASING = YES;
				CLANG_WARN_BOOL_CONVERSION = YES;
				CLANG_WARN_COMMA = YES;
				CLANG_WARN_CONSTANT_CONVERSION = YES;
				CLANG_WARN_DEPRECATED_OBJC_IMPLEMENTATIONS = YES;
				CLANG_WARN_DIRECT_OBJC_ISA_USAGE = YES_ERROR;
				CLANG_WARN_DOCUMENTATION_COMMENTS = YES;
				CLANG_WARN_EMPTY_BODY = YES;
				CLANG_WARN_ENUM_CONVERSION = YES;
				CLANG_WARN_INFINITE_RECURSION = YES;
				CLANG_WARN_INT_CONVERSION = YES;
				CLANG_WARN_NON_LITERAL_NULL_CONVERSION = YES;
				CLANG_WARN_OBJC_IMPLICIT_RETAIN_SELF = YES;
				CLANG_WARN_OBJC_LITERAL_CONVERSION = YES;
				CLANG_WARN_OBJC_ROOT_CLASS = YES_ERROR;
				CLANG_WARN_QUOTED_INCLUDE_IN_FRAMEWORK_HEADER = YES;
				CLANG_WARN_RANGE_LOOP_ANALYSIS = YES;
				CLANG_WARN_STRICT_PROTOTYPES = YES;
				CLANG_WARN_SUSPICIOUS_MOVE = YES;
				CLANG_WARN_UNGUARDED_AVAILABILITY = YES_AGGRESSIVE;
				CLANG_WARN_UNREACHABLE_CODE = YES;
				CLANG_WARN__DUPLICATE_METHOD_MATCH = YES;
				COPY_PHASE_STRIP = NO;
				DEBUG_INFORMATION_FORMAT = "dwarf-with-dsym";
				ENABLE_NS_ASSERTIONS = NO;
				ENABLE_STRICT_OBJC_MSGSEND = YES;
				GCC_C_LANGUAGE_STANDARD = gnu11;
				GCC_NO_COMMON_BLOCKS = YES;
				GCC_WARN_64_TO_32_BIT_CONVERSION = YES;
				GCC_WARN_ABOUT_RETURN_TYPE = YES_ERROR;
				GCC_WARN_UNDECLARED_SELECTOR = YES;
				GCC_WARN_UNINITIALIZED_AUTOS = YES_AGGRESSIVE;
				GCC_WARN_UNUSED_FUNCTION = YES;
				GCC_WARN_UNUSED_VARIABLE = YES;
				IPHONEOS_DEPLOYMENT_TARGET = 15.0;
				MTL_ENABLE_DEBUG_INFO = NO;
				MTL_FAST_MATH = YES;
				SDKROOT = iphoneos;
				SWIFT_COMPILATION_MODE = wholemodule;
				SWIFT_OPTIMIZATION_LEVEL = "-O";
				VALIDATE_PRODUCT = YES;
			};
			name = Release;
		};
		82E4A8542AFCE0AA00BE1D8B /* Debug */ = {
			isa = XCBuildConfiguration;
			baseConfigurationReference = 2404DB0C6C558D9EFD3A2E85 /* Pods-RSAC.debug.xcconfig */;
			buildSettings = {
				ASSETCATALOG_COMPILER_APPICON_NAME = AppIcon;
				ASSETCATALOG_COMPILER_GLOBAL_ACCENT_COLOR_NAME = AccentColor;
				CODE_SIGN_IDENTITY = "Apple Development";
				CODE_SIGN_STYLE = Automatic;
				CURRENT_PROJECT_VERSION = 12;
				DEVELOPMENT_TEAM = CR3RP73V2H;
				GENERATE_INFOPLIST_FILE = YES;
				INFOPLIST_FILE = RSAC/Info.plist;
				INFOPLIST_KEY_CFBundleDisplayName = AllRoads;
				INFOPLIST_KEY_LSApplicationCategoryType = "public.app-category.utilities";
				INFOPLIST_KEY_NSCameraUsageDescription = "";
				INFOPLIST_KEY_NSLocationAlwaysAndWhenInUseUsageDescription = "";
				INFOPLIST_KEY_NSLocationWhenInUseUsageDescription = "";
				INFOPLIST_KEY_UIApplicationSupportsIndirectInputEvents = YES;
				INFOPLIST_KEY_UILaunchStoryboardName = LaunchScreen;
				INFOPLIST_KEY_UIMainStoryboardFile = Main;
				INFOPLIST_KEY_UISupportedInterfaceOrientations_iPad = "UIInterfaceOrientationPortrait UIInterfaceOrientationPortraitUpsideDown UIInterfaceOrientationLandscapeLeft UIInterfaceOrientationLandscapeRight";
				INFOPLIST_KEY_UISupportedInterfaceOrientations_iPhone = "UIInterfaceOrientationPortrait UIInterfaceOrientationLandscapeLeft UIInterfaceOrientationLandscapeRight";
				IPHONEOS_DEPLOYMENT_TARGET = 15.0;
				LD_RUNPATH_SEARCH_PATHS = (
					"$(inherited)",
					"@executable_path/Frameworks",
				);
				MARKETING_VERSION = 1.0.1;
				PRODUCT_BUNDLE_IDENTIFIER = Allroads.simpleaudits.app;
				PRODUCT_NAME = "$(TARGET_NAME)";
				PROVISIONING_PROFILE_SPECIFIER = "";
				SWIFT_EMIT_LOC_STRINGS = YES;
				SWIFT_VERSION = 5.0;
				TARGETED_DEVICE_FAMILY = "1,2";
			};
			name = Debug;
		};
		82E4A8552AFCE0AA00BE1D8B /* Release */ = {
			isa = XCBuildConfiguration;
			baseConfigurationReference = 95D32C061B8913E82EC7104A /* Pods-RSAC.release.xcconfig */;
			buildSettings = {
				ASSETCATALOG_COMPILER_APPICON_NAME = AppIcon;
				ASSETCATALOG_COMPILER_GLOBAL_ACCENT_COLOR_NAME = AccentColor;
				CODE_SIGN_IDENTITY = "Apple Development";
				CODE_SIGN_STYLE = Automatic;
				CURRENT_PROJECT_VERSION = 12;
				DEVELOPMENT_TEAM = CR3RP73V2H;
				GENERATE_INFOPLIST_FILE = YES;
				INFOPLIST_FILE = RSAC/Info.plist;
				INFOPLIST_KEY_CFBundleDisplayName = AllRoads;
				INFOPLIST_KEY_LSApplicationCategoryType = "public.app-category.utilities";
				INFOPLIST_KEY_NSCameraUsageDescription = "";
				INFOPLIST_KEY_NSLocationAlwaysAndWhenInUseUsageDescription = "";
				INFOPLIST_KEY_NSLocationWhenInUseUsageDescription = "";
				INFOPLIST_KEY_UIApplicationSupportsIndirectInputEvents = YES;
				INFOPLIST_KEY_UILaunchStoryboardName = LaunchScreen;
				INFOPLIST_KEY_UIMainStoryboardFile = Main;
				INFOPLIST_KEY_UISupportedInterfaceOrientations_iPad = "UIInterfaceOrientationPortrait UIInterfaceOrientationPortraitUpsideDown UIInterfaceOrientationLandscapeLeft UIInterfaceOrientationLandscapeRight";
				INFOPLIST_KEY_UISupportedInterfaceOrientations_iPhone = "UIInterfaceOrientationPortrait UIInterfaceOrientationLandscapeLeft UIInterfaceOrientationLandscapeRight";
				IPHONEOS_DEPLOYMENT_TARGET = 15.0;
				LD_RUNPATH_SEARCH_PATHS = (
					"$(inherited)",
					"@executable_path/Frameworks",
				);
				MARKETING_VERSION = 1.0.1;
				PRODUCT_BUNDLE_IDENTIFIER = Allroads.simpleaudits.app;
				PRODUCT_NAME = "$(TARGET_NAME)";
				PROVISIONING_PROFILE_SPECIFIER = "";
				SWIFT_EMIT_LOC_STRINGS = YES;
				SWIFT_VERSION = 5.0;
				TARGETED_DEVICE_FAMILY = "1,2";
			};
			name = Release;
		};
		82E4A8572AFCE0AA00BE1D8B /* Debug */ = {
			isa = XCBuildConfiguration;
			baseConfigurationReference = 8F2239307DFE2A89784B0BE0 /* Pods-RSACTests.debug.xcconfig */;
			buildSettings = {
				ALWAYS_EMBED_SWIFT_STANDARD_LIBRARIES = YES;
				BUNDLE_LOADER = "$(TEST_HOST)";
				CODE_SIGN_STYLE = Automatic;
				CURRENT_PROJECT_VERSION = 1;
				DEVELOPMENT_TEAM = 2NLMXJ7CVV;
				GENERATE_INFOPLIST_FILE = YES;
				IPHONEOS_DEPLOYMENT_TARGET = 16.4;
				MARKETING_VERSION = 1.0;
				PRODUCT_BUNDLE_IDENTIFIER = RSAC.RSACTests;
				PRODUCT_NAME = "$(TARGET_NAME)";
				SWIFT_EMIT_LOC_STRINGS = NO;
				SWIFT_VERSION = 5.0;
				TARGETED_DEVICE_FAMILY = "1,2";
				TEST_HOST = "$(BUILT_PRODUCTS_DIR)/RSAC.app/$(BUNDLE_EXECUTABLE_FOLDER_PATH)/RSAC";
			};
			name = Debug;
		};
		82E4A8582AFCE0AA00BE1D8B /* Release */ = {
			isa = XCBuildConfiguration;
			baseConfigurationReference = E04ECA1B1A53B1EF921306D7 /* Pods-RSACTests.release.xcconfig */;
			buildSettings = {
				ALWAYS_EMBED_SWIFT_STANDARD_LIBRARIES = YES;
				BUNDLE_LOADER = "$(TEST_HOST)";
				CODE_SIGN_STYLE = Automatic;
				CURRENT_PROJECT_VERSION = 1;
				DEVELOPMENT_TEAM = 2NLMXJ7CVV;
				GENERATE_INFOPLIST_FILE = YES;
				IPHONEOS_DEPLOYMENT_TARGET = 16.4;
				MARKETING_VERSION = 1.0;
				PRODUCT_BUNDLE_IDENTIFIER = RSAC.RSACTests;
				PRODUCT_NAME = "$(TARGET_NAME)";
				SWIFT_EMIT_LOC_STRINGS = NO;
				SWIFT_VERSION = 5.0;
				TARGETED_DEVICE_FAMILY = "1,2";
				TEST_HOST = "$(BUILT_PRODUCTS_DIR)/RSAC.app/$(BUNDLE_EXECUTABLE_FOLDER_PATH)/RSAC";
			};
			name = Release;
		};
		82E4A85A2AFCE0AA00BE1D8B /* Debug */ = {
			isa = XCBuildConfiguration;
			baseConfigurationReference = 32F2BD6ADC8A04D017CFF902 /* Pods-RSAC-RSACUITests.debug.xcconfig */;
			buildSettings = {
				ALWAYS_EMBED_SWIFT_STANDARD_LIBRARIES = YES;
				CODE_SIGN_STYLE = Automatic;
				CURRENT_PROJECT_VERSION = 1;
				DEVELOPMENT_TEAM = 2NLMXJ7CVV;
				GENERATE_INFOPLIST_FILE = YES;
				MARKETING_VERSION = 1.0;
				PRODUCT_BUNDLE_IDENTIFIER = RSAC.RSACUITests;
				PRODUCT_NAME = "$(TARGET_NAME)";
				SWIFT_EMIT_LOC_STRINGS = NO;
				SWIFT_VERSION = 5.0;
				TARGETED_DEVICE_FAMILY = "1,2";
				TEST_TARGET_NAME = RSAC;
			};
			name = Debug;
		};
		82E4A85B2AFCE0AA00BE1D8B /* Release */ = {
			isa = XCBuildConfiguration;
			baseConfigurationReference = 341624F7B473709BB6D19D7D /* Pods-RSAC-RSACUITests.release.xcconfig */;
			buildSettings = {
				ALWAYS_EMBED_SWIFT_STANDARD_LIBRARIES = YES;
				CODE_SIGN_STYLE = Automatic;
				CURRENT_PROJECT_VERSION = 1;
				DEVELOPMENT_TEAM = 2NLMXJ7CVV;
				GENERATE_INFOPLIST_FILE = YES;
				MARKETING_VERSION = 1.0;
				PRODUCT_BUNDLE_IDENTIFIER = RSAC.RSACUITests;
				PRODUCT_NAME = "$(TARGET_NAME)";
				SWIFT_EMIT_LOC_STRINGS = NO;
				SWIFT_VERSION = 5.0;
				TARGETED_DEVICE_FAMILY = "1,2";
				TEST_TARGET_NAME = RSAC;
			};
			name = Release;
		};
/* End XCBuildConfiguration section */

/* Begin XCConfigurationList section */
		82E4A8242AFCE0A800BE1D8B /* Build configuration list for PBXProject "RSAC" */ = {
			isa = XCConfigurationList;
			buildConfigurations = (
				82E4A8512AFCE0AA00BE1D8B /* Debug */,
				82E4A8522AFCE0AA00BE1D8B /* Release */,
			);
			defaultConfigurationIsVisible = 0;
			defaultConfigurationName = Release;
		};
		82E4A8532AFCE0AA00BE1D8B /* Build configuration list for PBXNativeTarget "RSAC" */ = {
			isa = XCConfigurationList;
			buildConfigurations = (
				82E4A8542AFCE0AA00BE1D8B /* Debug */,
				82E4A8552AFCE0AA00BE1D8B /* Release */,
			);
			defaultConfigurationIsVisible = 0;
			defaultConfigurationName = Release;
		};
		82E4A8562AFCE0AA00BE1D8B /* Build configuration list for PBXNativeTarget "RSACTests" */ = {
			isa = XCConfigurationList;
			buildConfigurations = (
				82E4A8572AFCE0AA00BE1D8B /* Debug */,
				82E4A8582AFCE0AA00BE1D8B /* Release */,
			);
			defaultConfigurationIsVisible = 0;
			defaultConfigurationName = Release;
		};
		82E4A8592AFCE0AA00BE1D8B /* Build configuration list for PBXNativeTarget "RSACUITests" */ = {
			isa = XCConfigurationList;
			buildConfigurations = (
				82E4A85A2AFCE0AA00BE1D8B /* Debug */,
				82E4A85B2AFCE0AA00BE1D8B /* Release */,
			);
			defaultConfigurationIsVisible = 0;
			defaultConfigurationName = Release;
		};
/* End XCConfigurationList section */
	};
	rootObject = 82E4A8212AFCE0A800BE1D8B /* Project object */;
}
